
Microsoft Visual Studio Solution File, Format Version 12.00
# Visual Studio 14
VisualStudioVersion = 14.0.24720.0
MinimumVisualStudioVersion = 10.0.40219.1
Project("{FAE04EC0-301F-11D3-BF4B-00C04F79EFBC}") = "Virgil.Mail", "Virgil.Mail\Virgil.Mail.csproj", "{5E3F5530-72D1-41B5-A0A9-43F5282BC17C}"
EndProject
Global
	GlobalSection(SolutionConfigurationPlatforms) = preSolution
		Debug|Any CPU = Debug|Any CPU
		Release|Any CPU = Release|Any CPU
	EndGlobalSection
	GlobalSection(ProjectConfigurationPlatforms) = postSolution
		{5E3F5530-72D1-41B5-A0A9-43F5282BC17C}.Debug|Any CPU.ActiveCfg = Debug|Any CPU
		{5E3F5530-72D1-41B5-A0A9-43F5282BC17C}.Debug|Any CPU.Build.0 = Debug|Any CPU
		{5E3F5530-72D1-41B5-A0A9-43F5282BC17C}.Release|Any CPU.ActiveCfg = Release|Any CPU
		{5E3F5530-72D1-41B5-A0A9-43F5282BC17C}.Release|Any CPU.Build.0 = Release|Any CPU
	EndGlobalSection
	GlobalSection(SolutionProperties) = preSolution
		HideSolutionNode = FALSE
	EndGlobalSection
EndGlobal
