PODS:
  - VirgilFoundation (1.4.3)
  - VirgilSDK (3.0.5):
    - VirgilFoundation (~> 1.4)

DEPENDENCIES:
  - VirgilFoundation
  - VirgilSDK (~> 3.0)

SPEC CHECKSUMS:
  VirgilFoundation: 30dbdc40eb42d3b7c7ed25efdf944e899aff0bb3
  VirgilSDK: 91811a1ee511c933715199019ed9453de6e137bd

COCOAPODS: 0.39.0
