PODS:
  - VirgilFoundation (1.4.4-rc1)
  - VirgilSDK (3.0.6-rc1):
    - VirgilFoundation (= 1.4.4-rc1)

DEPENDENCIES:
  - VirgilFoundation
  - VirgilSDK (= 3.0.6-rc1)

SPEC CHECKSUMS:
  VirgilFoundation: 870b352aeab73cb2946bdf5a9579ff75b36878a4
  VirgilSDK: 4222f19439a4582d8d48771dffe77d2cb43dd5a8

COCOAPODS: 0.39.0
