PODS:
  - VirgilFoundation (1.5.0)
  - VirgilSDK (3.1.3):
    - VirgilFoundation (~> 1.5)

DEPENDENCIES:
  - VirgilFoundation
  - VirgilSDK (~> 3.0)

SPEC CHECKSUMS:
  VirgilFoundation: c4e8e53a9e01b704e46dbf76d50906eb90abb0fa
  VirgilSDK: 22ca3f314913ed31e75bb281f9f9d14a133b7f74

COCOAPODS: 0.39.0
