
Microsoft Visual Studio Solution File, Format Version 12.00
# Visual Studio 14
VisualStudioVersion = 14.0.24720.0
MinimumVisualStudioVersion = 10.0.40219.1
Project("{FAE04EC0-301F-11D3-BF4B-00C04F79EFBC}") = "Virgil.Mail", "Virgil.Mail\Virgil.Mail.csproj", "{EC25DEED-3E40-40BB-9329-6AED27ABFE37}"
EndProject
Project("{840C416C-B8F3-42BC-B0DD-F6BB14C9F8CB}") = "Virgil.Mail.Installer", "Virgil.Mail.Installer\Virgil.Mail.Installer.aiproj", "{6DE1427E-3AA4-4AF2-B34D-F07E572692B0}"
	ProjectSection(ProjectDependencies) = postProject
		{EC25DEED-3E40-40BB-9329-6AED27ABFE37} = {EC25DEED-3E40-40BB-9329-6AED27ABFE37}
	EndProjectSection
EndProject
Global
	GlobalSection(SolutionConfigurationPlatforms) = preSolution
		Debug|Any CPU = Debug|Any CPU
		Debug|x64 = Debug|x64
		Debug|x86 = Debug|x86
		Release|Any CPU = Release|Any CPU
		Release|x64 = Release|x64
		Release|x86 = Release|x86
	EndGlobalSection
	GlobalSection(ProjectConfigurationPlatforms) = postSolution
		{EC25DEED-3E40-40BB-9329-6AED27ABFE37}.Debug|Any CPU.ActiveCfg = Debug|Any CPU
		{EC25DEED-3E40-40BB-9329-6AED27ABFE37}.Debug|Any CPU.Build.0 = Debug|Any CPU
		{EC25DEED-3E40-40BB-9329-6AED27ABFE37}.Debug|x64.ActiveCfg = Debug|Any CPU
		{EC25DEED-3E40-40BB-9329-6AED27ABFE37}.Debug|x64.Build.0 = Debug|Any CPU
		{EC25DEED-3E40-40BB-9329-6AED27ABFE37}.Debug|x86.ActiveCfg = Debug|Any CPU
		{EC25DEED-3E40-40BB-9329-6AED27ABFE37}.Debug|x86.Build.0 = Debug|Any CPU
		{EC25DEED-3E40-40BB-9329-6AED27ABFE37}.Release|Any CPU.ActiveCfg = Release|Any CPU
		{EC25DEED-3E40-40BB-9329-6AED27ABFE37}.Release|Any CPU.Build.0 = Release|Any CPU
		{EC25DEED-3E40-40BB-9329-6AED27ABFE37}.Release|x64.ActiveCfg = Release|Any CPU
		{EC25DEED-3E40-40BB-9329-6AED27ABFE37}.Release|x64.Build.0 = Release|Any CPU
		{EC25DEED-3E40-40BB-9329-6AED27ABFE37}.Release|x86.ActiveCfg = Release|Any CPU
		{EC25DEED-3E40-40BB-9329-6AED27ABFE37}.Release|x86.Build.0 = Release|Any CPU
		{6DE1427E-3AA4-4AF2-B34D-F07E572692B0}.Debug|Any CPU.ActiveCfg = All
		{6DE1427E-3AA4-4AF2-B34D-F07E572692B0}.Debug|Any CPU.Build.0 = All
		{6DE1427E-3AA4-4AF2-B34D-F07E572692B0}.Debug|x64.ActiveCfg = All
		{6DE1427E-3AA4-4AF2-B34D-F07E572692B0}.Debug|x64.Build.0 = All
		{6DE1427E-3AA4-4AF2-B34D-F07E572692B0}.Debug|x86.ActiveCfg = All
		{6DE1427E-3AA4-4AF2-B34D-F07E572692B0}.Debug|x86.Build.0 = All
		{6DE1427E-3AA4-4AF2-B34D-F07E572692B0}.Release|Any CPU.ActiveCfg = All
		{6DE1427E-3AA4-4AF2-B34D-F07E572692B0}.Release|Any CPU.Build.0 = All
		{6DE1427E-3AA4-4AF2-B34D-F07E572692B0}.Release|x64.ActiveCfg = All
		{6DE1427E-3AA4-4AF2-B34D-F07E572692B0}.Release|x64.Build.0 = All
		{6DE1427E-3AA4-4AF2-B34D-F07E572692B0}.Release|x86.ActiveCfg = All
		{6DE1427E-3AA4-4AF2-B34D-F07E572692B0}.Release|x86.Build.0 = All
	EndGlobalSection
	GlobalSection(SolutionProperties) = preSolution
		HideSolutionNode = FALSE
	EndGlobalSection
EndGlobal
