// !$*UTF8*$!
{
	archiveVersion = 1;
	classes = {
	};
	objectVersion = 46;
	objects = {

/* Begin PBXBuildFile section */
		406F80CDC8FB8507E75CA722 /* Pods.framework in Frameworks */ = {isa = PBXBuildFile; fileRef = C380A1941DE75E4EB3861AA6 /* Pods.framework */; };
		490435301BC53E3E00083D16 /* VirgilAccountItem.m in Sources */ = {isa = PBXBuildFile; fileRef = 4904352F1BC53E3E00083D16 /* VirgilAccountItem.m */; };
		490435381BC5652100083D16 /* account.png in Resources */ = {isa = PBXBuildFile; fileRef = 490435371BC5652100083D16 /* account.png */; };
		4904353D1BC56BFB00083D16 /* attention.png in Resources */ = {isa = PBXBuildFile; fileRef = 490435391BC56BFB00083D16 /* attention.png */; };
		4904353E1BC56BFB00083D16 /* in_progress.png in Resources */ = {isa = PBXBuildFile; fileRef = 4904353A1BC56BFB00083D16 /* in_progress.png */; };
		4904353F1BC56BFB00083D16 /* ok.png in Resources */ = {isa = PBXBuildFile; fileRef = 4904353B1BC56BFB00083D16 /* ok.png */; };
		490435401BC56BFB00083D16 /* problem.png in Resources */ = {isa = PBXBuildFile; fileRef = 4904353C1BC56BFB00083D16 /* problem.png */; };
		490435431BC56D5400083D16 /* VirgilAccountInfo.m in Sources */ = {isa = PBXBuildFile; fileRef = 490435421BC56D5400083D16 /* VirgilAccountInfo.m */; };
		490435461BC60F1E00083D16 /* VirgilWellcomeViewController.m in Sources */ = {isa = PBXBuildFile; fileRef = 490435451BC60F1E00083D16 /* VirgilWellcomeViewController.m */; };
		4904354C1BC67D2B00083D16 /* Main.storyboard in Resources */ = {isa = PBXBuildFile; fileRef = 4904354A1BC67D2B00083D16 /* Main.storyboard */; };
		4904354F1BC6BD1700083D16 /* VirgilActionsViewController.m in Sources */ = {isa = PBXBuildFile; fileRef = 4904354E1BC6BD1700083D16 /* VirgilActionsViewController.m */; };
		4907EC591BCE77170008A7E8 /* VirgilComposeWindowController.m in Sources */ = {isa = PBXBuildFile; fileRef = 4907EC571BCE77170008A7E8 /* VirgilComposeWindowController.m */; };
		4907EC621BCE78060008A7E8 /* VirgilMailToolbar.m in Sources */ = {isa = PBXBuildFile; fileRef = 4907EC601BCE78060008A7E8 /* VirgilMailToolbar.m */; };
		49330E5E1BF3D92700D5CF26 /* update-uuid.sh in Resources */ = {isa = PBXBuildFile; fileRef = 49330E5D1BF3D92700D5CF26 /* update-uuid.sh */; };
		49330E601BF3DBDC00D5CF26 /* org.virgilsecurity.mail.update.uuid.plist in Resources */ = {isa = PBXBuildFile; fileRef = 49330E5F1BF3DBDC00D5CF26 /* org.virgilsecurity.mail.update.uuid.plist */; };
		493F96571BD57F0200EF1930 /* rect.png in Resources */ = {isa = PBXBuildFile; fileRef = 493F96531BD57F0200EF1930 /* rect.png */; };
		493F96581BD57F0200EF1930 /* rect@2x.png in Resources */ = {isa = PBXBuildFile; fileRef = 493F96541BD57F0200EF1930 /* rect@2x.png */; };
		493F96591BD57F0200EF1930 /* square.png in Resources */ = {isa = PBXBuildFile; fileRef = 493F96551BD57F0200EF1930 /* square.png */; };
		493F965A1BD57F0200EF1930 /* square@2x.png in Resources */ = {isa = PBXBuildFile; fileRef = 493F96561BD57F0200EF1930 /* square@2x.png */; };
		4948BC321BCFB7F300D30AB7 /* VirgilHelpViewController.m in Sources */ = {isa = PBXBuildFile; fileRef = 4948BC311BCFB7F300D30AB7 /* VirgilHelpViewController.m */; };
		4948BC351BCFD4D600D30AB7 /* VirgilComposeViewController.m in Sources */ = {isa = PBXBuildFile; fileRef = 4948BC341BCFD4D600D30AB7 /* VirgilComposeViewController.m */; };
		494EE26A1C7615D400AE6EF5 /* VirgilSDK.framework in Frameworks */ = {isa = PBXBuildFile; fileRef = 494EE2681C76152E00AE6EF5 /* VirgilSDK.framework */; };
		494EE26C1C7615D500AE6EF5 /* VirgilFoundation.framework in Frameworks */ = {isa = PBXBuildFile; fileRef = 494EE26B1C7615D500AE6EF5 /* VirgilFoundation.framework */; };
		494EE26F1C7615F900AE6EF5 /* VirgilFoundation.framework in CopyFiles */ = {isa = PBXBuildFile; fileRef = 494EE26D1C7615F900AE6EF5 /* VirgilFoundation.framework */; settings = {ATTRIBUTES = (CodeSignOnCopy, RemoveHeadersOnCopy, ); }; };
		494EE2701C7615F900AE6EF5 /* VirgilSDK.framework in CopyFiles */ = {isa = PBXBuildFile; fileRef = 494EE26E1C7615F900AE6EF5 /* VirgilSDK.framework */; settings = {ATTRIBUTES = (CodeSignOnCopy, RemoveHeadersOnCopy, ); }; };
		49740B621BC5000800000D5E /* VirgilAccountsViewController.m in Sources */ = {isa = PBXBuildFile; fileRef = 49740B611BC5000800000D5E /* VirgilAccountsViewController.m */; };
		499D24E11BCEC67500AFA42B /* VirgilEmailSendConfigureViewContainer.m in Sources */ = {isa = PBXBuildFile; fileRef = 499D24DF1BCEC67500AFA42B /* VirgilEmailSendConfigureViewContainer.m */; };
		49C821DE1BBAA6A70031ED7F /* encrypt_mail.png in Resources */ = {isa = PBXBuildFile; fileRef = 49C821DB1BBAA6A70031ED7F /* encrypt_mail.png */; };
		49C821DF1BBAA6A70031ED7F /* menu.png in Resources */ = {isa = PBXBuildFile; fileRef = 49C821DC1BBAA6A70031ED7F /* menu.png */; };
		49C821E01BBAA6A70031ED7F /* menu@2x.png in Resources */ = {isa = PBXBuildFile; fileRef = 49C821DD1BBAA6A70031ED7F /* menu@2x.png */; };
		49C821E41BBAC8C70031ED7F /* encrypt_ok_small.png in Resources */ = {isa = PBXBuildFile; fileRef = 49C821E11BBAC8C70031ED7F /* encrypt_ok_small.png */; };
		49C821E51BBAC8C70031ED7F /* encrypt_unknown_small.png in Resources */ = {isa = PBXBuildFile; fileRef = 49C821E21BBAC8C70031ED7F /* encrypt_unknown_small.png */; };
		49C821E61BBAC8C70031ED7F /* encrypt_wrong_small.png in Resources */ = {isa = PBXBuildFile; fileRef = 49C821E31BBAC8C70031ED7F /* encrypt_wrong_small.png */; };
		49C821EC1BBC5AB20031ED7F /* VirgilImageProcessing.m in Sources */ = {isa = PBXBuildFile; fileRef = 49C821EB1BBC5AB20031ED7F /* VirgilImageProcessing.m */; };
		49C821F61BBC830A0031ED7F /* VirgilHeadersEditor.m in Sources */ = {isa = PBXBuildFile; fileRef = 49C821F51BBC830A0031ED7F /* VirgilHeadersEditor.m */; };
		49C821F91BBD524D0031ED7F /* VirgilMessageViewController.m in Sources */ = {isa = PBXBuildFile; fileRef = 49C821F81BBD524D0031ED7F /* VirgilMessageViewController.m */; };
		49C821FC1BBD70620031ED7F /* VirgilBannerContainerViewController.m in Sources */ = {isa = PBXBuildFile; fileRef = 49C821FB1BBD70620031ED7F /* VirgilBannerContainerViewController.m */; };
		49C821FF1BBDD1680031ED7F /* VirgilDynamicVariables.m in Sources */ = {isa = PBXBuildFile; fileRef = 49C821FE1BBDD1680031ED7F /* VirgilDynamicVariables.m */; };
		49C9B2761BB568DB001B86F0 /* VirgilLog.m in Sources */ = {isa = PBXBuildFile; fileRef = 49C9B2751BB568DB001B86F0 /* VirgilLog.m */; };
		49CD501D1BB3DD89007B0E23 /* NSString+QuotedPrintable.m in Sources */ = {isa = PBXBuildFile; fileRef = 49CD501C1BB3DD89007B0E23 /* NSString+QuotedPrintable.m */; };
		49CD50201BB40436007B0E23 /* HTMLConverter.m in Sources */ = {isa = PBXBuildFile; fileRef = 49CD501F1BB40436007B0E23 /* HTMLConverter.m */; };
		49D0C2D81BB923BB00131ACB /* virgil-feedback.sh in Resources */ = {isa = PBXBuildFile; fileRef = 49D0C2D71BB923BB00131ACB /* virgil-feedback.sh */; };
		49D0C2DE1BB99F2B00131ACB /* VirgilMessageView.m in Sources */ = {isa = PBXBuildFile; fileRef = 49D0C2DD1BB99F2B00131ACB /* VirgilMessageView.m */; };
		49D0C2ED1BB9B8ED00131ACB /* VirgilHeaderViewController.m in Sources */ = {isa = PBXBuildFile; fileRef = 49D0C2EC1BB9B8ED00131ACB /* VirgilHeaderViewController.m */; };
		49DB7FCD1BB1B65C00640350 /* VirgilToolbarWorker.m in Sources */ = {isa = PBXBuildFile; fileRef = 49DB7FCC1BB1B65C00640350 /* VirgilToolbarWorker.m */; };
		49DBE3FB1BCBF22D002B4A0D /* VirgilGetPassword.m in Sources */ = {isa = PBXBuildFile; fileRef = 49DBE3FA1BCBF22D002B4A0D /* VirgilGetPassword.m */; };
		49DBE3FE1BCD60CD002B4A0D /* NSString+Base64.m in Sources */ = {isa = PBXBuildFile; fileRef = 49DBE3FD1BCD60CD002B4A0D /* NSString+Base64.m */; };
		49E32F9A1BC24D6600A37F42 /* VirgilDecryptedMailContainer.m in Sources */ = {isa = PBXBuildFile; fileRef = 49E32F991BC24D6500A37F42 /* VirgilDecryptedMailContainer.m */; };
		49E32FA31BC29DB600A37F42 /* VirgilUserMessageViewController.m in Sources */ = {isa = PBXBuildFile; fileRef = 49E32FA21BC29DB600A37F42 /* VirgilUserMessageViewController.m */; };
		49FBE6AB1BBA86C5001EC529 /* VirgilMessageListObjectProxy.m in Sources */ = {isa = PBXBuildFile; fileRef = 49FBE6AA1BBA86C5001EC529 /* VirgilMessageListObjectProxy.m */; };
		49FBE6AD1BBA9C8F001EC529 /* QuartzCore.framework in Frameworks */ = {isa = PBXBuildFile; fileRef = 49FBE6AC1BBA9C8F001EC529 /* QuartzCore.framework */; };
		D10400AD1BA84DB3003FC484 /* VirgilMail.icns in Resources */ = {isa = PBXBuildFile; fileRef = D10400AC1BA84DB3003FC484 /* VirgilMail.icns */; };
		D11174371B67FBEE00DD9A39 /* CoreFoundation.framework in Frameworks */ = {isa = PBXBuildFile; fileRef = D11174361B67FBEE00DD9A39 /* CoreFoundation.framework */; };
		D11174461B6805D400DD9A39 /* VirgilMain.m in Sources */ = {isa = PBXBuildFile; fileRef = D11174451B6805D400DD9A39 /* VirgilMain.m */; };
		D12263451BA6DF820053B132 /* MainMenu.xib in Resources */ = {isa = PBXBuildFile; fileRef = D14D647F1BA3A41000B47D22 /* MainMenu.xib */; };
		D122634C1BA6E85D0053B132 /* VirgilPreferences.xib in Resources */ = {isa = PBXBuildFile; fileRef = D122634E1BA6E85D0053B132 /* VirgilPreferences.xib */; };
		D122635A1BA6EEAB0053B132 /* VirgilUpdate.app in Resources */ = {isa = PBXBuildFile; fileRef = D14D64741BA3A41000B47D22 /* VirgilUpdate.app */; };
		D122635D1BA7061A0053B132 /* org.virgilsecurity.mail.update.plist in Resources */ = {isa = PBXBuildFile; fileRef = D122635C1BA7061A0053B132 /* org.virgilsecurity.mail.update.plist */; };
		D13F602F1B6A1A9600508C79 /* JRLPSwizzle.m in Sources */ = {isa = PBXBuildFile; fileRef = D13F602C1B6A1A9600508C79 /* JRLPSwizzle.m */; };
		D13F60431B6A1D1300508C79 /* VirgilHandlersInstaller.m in Sources */ = {isa = PBXBuildFile; fileRef = D13F60421B6A1D1300508C79 /* VirgilHandlersInstaller.m */; };
		D13F60481B6A3ADD00508C79 /* AppKit.framework in Frameworks */ = {isa = PBXBuildFile; fileRef = D13F60471B6A3ADD00508C79 /* AppKit.framework */; };
		D13F60521B6B50F300508C79 /* VirgilMimePart.m in Sources */ = {isa = PBXBuildFile; fileRef = D13F60511B6B50F300508C79 /* VirgilMimePart.m */; };
		D13F605C1B6B6D6200508C79 /* VirgilProcessingManager.m in Sources */ = {isa = PBXBuildFile; fileRef = D13F605B1B6B6D6200508C79 /* VirgilProcessingManager.m */; };
		D14ACD931B974AE700A8E164 /* VirgilPreferencesHelper.m in Sources */ = {isa = PBXBuildFile; fileRef = D14ACD921B974AE700A8E164 /* VirgilPreferencesHelper.m */; };
		D14ACD9E1B976BA100A8E164 /* VirgilPreferences.m in Sources */ = {isa = PBXBuildFile; fileRef = D14ACD9D1B976BA100A8E164 /* VirgilPreferences.m */; };
		D14D647A1BA3A41000B47D22 /* AppDelegate.m in Sources */ = {isa = PBXBuildFile; fileRef = D14D64791BA3A41000B47D22 /* AppDelegate.m */; };
		D14D647C1BA3A41000B47D22 /* main.m in Sources */ = {isa = PBXBuildFile; fileRef = D14D647B1BA3A41000B47D22 /* main.m */; };
		D14D647E1BA3A41000B47D22 /* Images.xcassets in Resources */ = {isa = PBXBuildFile; fileRef = D14D647D1BA3A41000B47D22 /* Images.xcassets */; };
		D14D649A1BA3A71C00B47D22 /* Sparkle.framework in Frameworks */ = {isa = PBXBuildFile; fileRef = D14D64991BA3A71C00B47D22 /* Sparkle.framework */; };
		D14D64A01BA3A89A00B47D22 /* dsa_pub.pem in Resources */ = {isa = PBXBuildFile; fileRef = D14D649F1BA3A89A00B47D22 /* dsa_pub.pem */; };
		D15362B41B6C0335000215F9 /* HTMLNode.m in Sources */ = {isa = PBXBuildFile; fileRef = D15362B11B6C0335000215F9 /* HTMLNode.m */; };
		D15362B51B6C0335000215F9 /* HTMLParser.m in Sources */ = {isa = PBXBuildFile; fileRef = D15362B31B6C0335000215F9 /* HTMLParser.m */; };
		D15362BA1B6C48EB000215F9 /* VirgilEncryptedContent.m in Sources */ = {isa = PBXBuildFile; fileRef = D15362B91B6C48EB000215F9 /* VirgilEncryptedContent.m */; };
		D15362C51B6F62E4000215F9 /* NSData+Base64.m in Sources */ = {isa = PBXBuildFile; fileRef = D15362C41B6F62E4000215F9 /* NSData+Base64.m */; };
		D194C9791BA6595B00483413 /* Sparkle.framework in Copy Files */ = {isa = PBXBuildFile; fileRef = D14D64991BA3A71C00B47D22 /* Sparkle.framework */; settings = {ATTRIBUTES = (RemoveHeadersOnCopy, ); }; };
		D1CBA84C1B7BC43900217919 /* VirgilDocumentEditor.m in Sources */ = {isa = PBXBuildFile; fileRef = D1CBA84B1B7BC43900217919 /* VirgilDocumentEditor.m */; };
		D1CBA84F1B7BC55300217919 /* VirgilMenu.m in Sources */ = {isa = PBXBuildFile; fileRef = D1CBA84E1B7BC55300217919 /* VirgilMenu.m */; };
		D1CBA8521B7BD8B900217919 /* VirgilNSWindow.m in Sources */ = {isa = PBXBuildFile; fileRef = D1CBA8511B7BD8B900217919 /* VirgilNSWindow.m */; };
		D1CBA85F1B7D45C200217919 /* VirgilComposeBackEnd.m in Sources */ = {isa = PBXBuildFile; fileRef = D1CBA85E1B7D45C200217919 /* VirgilComposeBackEnd.m */; };
		D1DDA9011B91A34100002A2F /* VirgilKeyManager.m in Sources */ = {isa = PBXBuildFile; fileRef = D1DDA8F71B91A34100002A2F /* VirgilKeyManager.m */; };
		D1DDA9021B91A34100002A2F /* VirgilPrivateKey.m in Sources */ = {isa = PBXBuildFile; fileRef = D1DDA8F91B91A34100002A2F /* VirgilPrivateKey.m */; };
		D1DDA9051B91A34100002A2F /* VirgilPublicKey.m in Sources */ = {isa = PBXBuildFile; fileRef = D1DDA8FF1B91A34100002A2F /* VirgilPublicKey.m */; };
		D1DDA9081B91B05300002A2F /* VirgilErrorCodesParser.m in Sources */ = {isa = PBXBuildFile; fileRef = D1DDA9071B91B05300002A2F /* VirgilErrorCodesParser.m */; };
		D1DDA90B1B91B1EA00002A2F /* VirgilValidator.m in Sources */ = {isa = PBXBuildFile; fileRef = D1DDA90A1B91B1EA00002A2F /* VirgilValidator.m */; };
		D1DDA9151B91B21700002A2F /* VirgilEmailConfirmViewController.m in Sources */ = {isa = PBXBuildFile; fileRef = D1DDA90E1B91B21700002A2F /* VirgilEmailConfirmViewController.m */; };
		D1DDA9161B91B21700002A2F /* VirgilErrorViewController.m in Sources */ = {isa = PBXBuildFile; fileRef = D1DDA9101B91B21700002A2F /* VirgilErrorViewController.m */; };
		D1DDA9241B91B22F00002A2F /* NSBezierPath_KBAdditions.m in Sources */ = {isa = PBXBuildFile; fileRef = D1DDA91C1B91B22F00002A2F /* NSBezierPath_KBAdditions.m */; };
		D1DDA9251B91B22F00002A2F /* NSBezierPath+StrokeExtensions.m in Sources */ = {isa = PBXBuildFile; fileRef = D1DDA91E1B91B22F00002A2F /* NSBezierPath+StrokeExtensions.m */; };
		D1DDA9261B91B22F00002A2F /* VirgilReplaceAnimator.m in Sources */ = {isa = PBXBuildFile; fileRef = D1DDA9201B91B22F00002A2F /* VirgilReplaceAnimator.m */; };
		D1DDA9271B91B22F00002A2F /* VirgilReplaceSegue.m in Sources */ = {isa = PBXBuildFile; fileRef = D1DDA9221B91B22F00002A2F /* VirgilReplaceSegue.m */; };
		D1DDA92A1B91B2B000002A2F /* NSViewController+VirgilView.m in Sources */ = {isa = PBXBuildFile; fileRef = D1DDA9291B91B2B000002A2F /* NSViewController+VirgilView.m */; };
		D1DDA9391B91BAF600002A2F /* VirgilGui.m in Sources */ = {isa = PBXBuildFile; fileRef = D1DDA9381B91BAF600002A2F /* VirgilGui.m */; };
		D1E7CAC11B73FC9E00F4EC4F /* VirgilClassNameResolver.m in Sources */ = {isa = PBXBuildFile; fileRef = D1E7CAC01B73FC9E00F4EC4F /* VirgilClassNameResolver.m */; };
		D1E7CAC71B7688D400F4EC4F /* VirgilDecryptedContent.m in Sources */ = {isa = PBXBuildFile; fileRef = D1E7CAC61B7688D400F4EC4F /* VirgilDecryptedContent.m */; };
		D1ECEE851B98221100711F55 /* VirgilPreferencesWorker.m in Sources */ = {isa = PBXBuildFile; fileRef = D1ECEE841B98221100711F55 /* VirgilPreferencesWorker.m */; };
		D1F720811B73E892007C8955 /* VirgilDecryptedMail.m in Sources */ = {isa = PBXBuildFile; fileRef = D1F720801B73E892007C8955 /* VirgilDecryptedMail.m */; };
		D1F8982D1B985B630062633B /* VirgilPreferencesContainer.m in Sources */ = {isa = PBXBuildFile; fileRef = D1F8982C1B985B630062633B /* VirgilPreferencesContainer.m */; };
		D1FA26261B98E6E2003335BB /* VirgilKeychainWrapper.m in Sources */ = {isa = PBXBuildFile; fileRef = D1FA26251B98E6E2003335BB /* VirgilKeychainWrapper.m */; };
		D1FA26281B9993BE003335BB /* Security.framework in Frameworks */ = {isa = PBXBuildFile; fileRef = D1FA26271B9993BE003335BB /* Security.framework */; };
		D1FA262B1B999B0F003335BB /* VirgilKeyChain.m in Sources */ = {isa = PBXBuildFile; fileRef = D1FA262A1B999B0F003335BB /* VirgilKeyChain.m */; };
		D1FA262E1B999D33003335BB /* VirgilKeyChainContainer.m in Sources */ = {isa = PBXBuildFile; fileRef = D1FA262D1B999D33003335BB /* VirgilKeyChainContainer.m */; };
		D1FAE6DF1B9EF4C100B530A3 /* MailHeaders in Resources */ = {isa = PBXBuildFile; fileRef = D13F60451B6A33AC00508C79 /* MailHeaders */; };
/* End PBXBuildFile section */

/* Begin PBXContainerItemProxy section */
		D14D64941BA3A42700B47D22 /* PBXContainerItemProxy */ = {
			isa = PBXContainerItemProxy;
			containerPortal = D111742B1B67FBEE00DD9A39 /* Project object */;
			proxyType = 1;
			remoteGlobalIDString = D14D64731BA3A41000B47D22;
			remoteInfo = VirgilUpdate;
		};
/* End PBXContainerItemProxy section */

/* Begin PBXCopyFilesBuildPhase section */
		D14D649C1BA3A74E00B47D22 /* Copy Files */ = {
			isa = PBXCopyFilesBuildPhase;
			buildActionMask = 2147483647;
			dstPath = "";
			dstSubfolderSpec = 10;
			files = (
				D194C9791BA6595B00483413 /* Sparkle.framework in Copy Files */,
			);
			name = "Copy Files";
			runOnlyForDeploymentPostprocessing = 0;
		};
		D194C9731BA6558A00483413 /* CopyFiles */ = {
			isa = PBXCopyFilesBuildPhase;
			buildActionMask = 2147483647;
			dstPath = "";
			dstSubfolderSpec = 10;
			files = (
				494EE26F1C7615F900AE6EF5 /* VirgilFoundation.framework in CopyFiles */,
				494EE2701C7615F900AE6EF5 /* VirgilSDK.framework in CopyFiles */,
			);
			runOnlyForDeploymentPostprocessing = 0;
		};
/* End PBXCopyFilesBuildPhase section */

/* Begin PBXFileReference section */
		4904352E1BC53E3E00083D16 /* VirgilAccountItem.h */ = {isa = PBXFileReference; fileEncoding = 4; lastKnownFileType = sourcecode.c.h; name = VirgilAccountItem.h; path = VirgilSecurityMail/src/Gui/VirgilAccountItem.h; sourceTree = "<group>"; };
		4904352F1BC53E3E00083D16 /* VirgilAccountItem.m */ = {isa = PBXFileReference; fileEncoding = 4; lastKnownFileType = sourcecode.c.objc; name = VirgilAccountItem.m; path = VirgilSecurityMail/src/Gui/VirgilAccountItem.m; sourceTree = "<group>"; };
		490435371BC5652100083D16 /* account.png */ = {isa = PBXFileReference; lastKnownFileType = image.png; name = account.png; path = Resources/account.png; sourceTree = "<group>"; };
		490435391BC56BFB00083D16 /* attention.png */ = {isa = PBXFileReference; lastKnownFileType = image.png; name = attention.png; path = Resources/attention.png; sourceTree = "<group>"; };
		4904353A1BC56BFB00083D16 /* in_progress.png */ = {isa = PBXFileReference; lastKnownFileType = image.png; name = in_progress.png; path = Resources/in_progress.png; sourceTree = "<group>"; };
		4904353B1BC56BFB00083D16 /* ok.png */ = {isa = PBXFileReference; lastKnownFileType = image.png; name = ok.png; path = Resources/ok.png; sourceTree = "<group>"; };
		4904353C1BC56BFB00083D16 /* problem.png */ = {isa = PBXFileReference; lastKnownFileType = image.png; name = problem.png; path = Resources/problem.png; sourceTree = "<group>"; };
		490435411BC56D5400083D16 /* VirgilAccountInfo.h */ = {isa = PBXFileReference; fileEncoding = 4; lastKnownFileType = sourcecode.c.h; name = VirgilAccountInfo.h; path = VirgilSecurityMail/src/Helpers/VirgilAccountInfo.h; sourceTree = "<group>"; };
		490435421BC56D5400083D16 /* VirgilAccountInfo.m */ = {isa = PBXFileReference; fileEncoding = 4; lastKnownFileType = sourcecode.c.objc; name = VirgilAccountInfo.m; path = VirgilSecurityMail/src/Helpers/VirgilAccountInfo.m; sourceTree = "<group>"; };
		490435441BC60F1E00083D16 /* VirgilWellcomeViewController.h */ = {isa = PBXFileReference; fileEncoding = 4; lastKnownFileType = sourcecode.c.h; name = VirgilWellcomeViewController.h; path = VirgilSecurityMail/src/Gui/VirgilWellcomeViewController.h; sourceTree = "<group>"; };
		490435451BC60F1E00083D16 /* VirgilWellcomeViewController.m */ = {isa = PBXFileReference; fileEncoding = 4; lastKnownFileType = sourcecode.c.objc; name = VirgilWellcomeViewController.m; path = VirgilSecurityMail/src/Gui/VirgilWellcomeViewController.m; sourceTree = "<group>"; };
		4904354B1BC67D2B00083D16 /* en */ = {isa = PBXFileReference; lastKnownFileType = file.storyboard; name = en; path = VirgilSecurityMail/src/Gui/en.lproj/Main.storyboard; sourceTree = "<group>"; };
		4904354D1BC6BD1700083D16 /* VirgilActionsViewController.h */ = {isa = PBXFileReference; fileEncoding = 4; lastKnownFileType = sourcecode.c.h; name = VirgilActionsViewController.h; path = VirgilSecurityMail/src/Gui/VirgilActionsViewController.h; sourceTree = "<group>"; };
		4904354E1BC6BD1700083D16 /* VirgilActionsViewController.m */ = {isa = PBXFileReference; fileEncoding = 4; lastKnownFileType = sourcecode.c.objc; name = VirgilActionsViewController.m; path = VirgilSecurityMail/src/Gui/VirgilActionsViewController.m; sourceTree = "<group>"; };
		490435501BC6C30F00083D16 /* VirgilAccountsProtocol.h */ = {isa = PBXFileReference; lastKnownFileType = sourcecode.c.h; name = VirgilAccountsProtocol.h; path = VirgilSecurityMail/src/Gui/VirgilAccountsProtocol.h; sourceTree = "<group>"; };
		4907EC571BCE77170008A7E8 /* VirgilComposeWindowController.m */ = {isa = PBXFileReference; fileEncoding = 4; lastKnownFileType = sourcecode.c.objc; name = VirgilComposeWindowController.m; path = VirgilSecurityMail/src/OutgoingMes/VirgilComposeWindowController.m; sourceTree = "<group>"; };
		4907EC581BCE77170008A7E8 /* VirgilComposeWindowController.h */ = {isa = PBXFileReference; fileEncoding = 4; lastKnownFileType = sourcecode.c.h; name = VirgilComposeWindowController.h; path = VirgilSecurityMail/src/OutgoingMes/VirgilComposeWindowController.h; sourceTree = "<group>"; };
		4907EC601BCE78060008A7E8 /* VirgilMailToolbar.m */ = {isa = PBXFileReference; fileEncoding = 4; lastKnownFileType = sourcecode.c.objc; name = VirgilMailToolbar.m; path = VirgilSecurityMail/src/OutgoingMes/VirgilMailToolbar.m; sourceTree = "<group>"; };
		4907EC611BCE78060008A7E8 /* VirgilMailToolbar.h */ = {isa = PBXFileReference; fileEncoding = 4; lastKnownFileType = sourcecode.c.h; name = VirgilMailToolbar.h; path = VirgilSecurityMail/src/OutgoingMes/VirgilMailToolbar.h; sourceTree = "<group>"; };
		49330E5D1BF3D92700D5CF26 /* update-uuid.sh */ = {isa = PBXFileReference; fileEncoding = 4; lastKnownFileType = text.script.sh; name = "update-uuid.sh"; path = "Resources/update-uuid.sh"; sourceTree = "<group>"; };
		49330E5F1BF3DBDC00D5CF26 /* org.virgilsecurity.mail.update.uuid.plist */ = {isa = PBXFileReference; fileEncoding = 4; lastKnownFileType = text.plist.xml; name = org.virgilsecurity.mail.update.uuid.plist; path = Resources/org.virgilsecurity.mail.update.uuid.plist; sourceTree = "<group>"; };
		493F96531BD57F0200EF1930 /* rect.png */ = {isa = PBXFileReference; lastKnownFileType = image.png; name = rect.png; path = Resources/rect.png; sourceTree = "<group>"; };
		493F96541BD57F0200EF1930 /* rect@2x.png */ = {isa = PBXFileReference; lastKnownFileType = image.png; name = "rect@2x.png"; path = "Resources/rect@2x.png"; sourceTree = "<group>"; };
		493F96551BD57F0200EF1930 /* square.png */ = {isa = PBXFileReference; lastKnownFileType = image.png; name = square.png; path = Resources/square.png; sourceTree = "<group>"; };
		493F96561BD57F0200EF1930 /* square@2x.png */ = {isa = PBXFileReference; lastKnownFileType = image.png; name = "square@2x.png"; path = "Resources/square@2x.png"; sourceTree = "<group>"; };
		4948BC301BCFB7F300D30AB7 /* VirgilHelpViewController.h */ = {isa = PBXFileReference; fileEncoding = 4; lastKnownFileType = sourcecode.c.h; name = VirgilHelpViewController.h; path = VirgilSecurityMail/src/Gui/VirgilHelpViewController.h; sourceTree = "<group>"; };
		4948BC311BCFB7F300D30AB7 /* VirgilHelpViewController.m */ = {isa = PBXFileReference; fileEncoding = 4; lastKnownFileType = sourcecode.c.objc; name = VirgilHelpViewController.m; path = VirgilSecurityMail/src/Gui/VirgilHelpViewController.m; sourceTree = "<group>"; };
		4948BC331BCFD4D600D30AB7 /* VirgilComposeViewController.h */ = {isa = PBXFileReference; fileEncoding = 4; lastKnownFileType = sourcecode.c.h; name = VirgilComposeViewController.h; path = VirgilSecurityMail/src/OutgoingMes/VirgilComposeViewController.h; sourceTree = "<group>"; };
		4948BC341BCFD4D600D30AB7 /* VirgilComposeViewController.m */ = {isa = PBXFileReference; fileEncoding = 4; lastKnownFileType = sourcecode.c.objc; name = VirgilComposeViewController.m; path = VirgilSecurityMail/src/OutgoingMes/VirgilComposeViewController.m; sourceTree = "<group>"; };
		494EE2681C76152E00AE6EF5 /* VirgilSDK.framework */ = {isa = PBXFileReference; lastKnownFileType = wrapper.framework; name = VirgilSDK.framework; path = "../../../Library/Developer/Xcode/DerivedData/VirgilSecurityMail-bzsnpoziwlkpzafdyijrkskvxhtg/Build/Products/Debug/VirgilSDK.framework"; sourceTree = "<group>"; };
		494EE26B1C7615D500AE6EF5 /* VirgilFoundation.framework */ = {isa = PBXFileReference; lastKnownFileType = wrapper.framework; name = VirgilFoundation.framework; path = "../../../Library/Developer/Xcode/DerivedData/VirgilSecurityMail-bzsnpoziwlkpzafdyijrkskvxhtg/Build/Products/Debug/VirgilFoundation.framework"; sourceTree = "<group>"; };
		494EE26D1C7615F900AE6EF5 /* VirgilFoundation.framework */ = {isa = PBXFileReference; explicitFileType = wrapper.framework; name = VirgilFoundation.framework; path = "/Users/kutashenko/Library/Developer/Xcode/DerivedData/VirgilSecurityMail-bzsnpoziwlkpzafdyijrkskvxhtg/Build/Products/Debug/VirgilFoundation.framework"; sourceTree = "<absolute>"; };
		494EE26E1C7615F900AE6EF5 /* VirgilSDK.framework */ = {isa = PBXFileReference; explicitFileType = wrapper.framework; name = VirgilSDK.framework; path = "/Users/kutashenko/Library/Developer/Xcode/DerivedData/VirgilSecurityMail-bzsnpoziwlkpzafdyijrkskvxhtg/Build/Products/Debug/VirgilSDK.framework"; sourceTree = "<absolute>"; };
		49740B601BC5000800000D5E /* VirgilAccountsViewController.h */ = {isa = PBXFileReference; fileEncoding = 4; lastKnownFileType = sourcecode.c.h; name = VirgilAccountsViewController.h; path = VirgilSecurityMail/src/Gui/VirgilAccountsViewController.h; sourceTree = "<group>"; };
		49740B611BC5000800000D5E /* VirgilAccountsViewController.m */ = {isa = PBXFileReference; fileEncoding = 4; lastKnownFileType = sourcecode.c.objc; name = VirgilAccountsViewController.m; path = VirgilSecurityMail/src/Gui/VirgilAccountsViewController.m; sourceTree = "<group>"; };
		499D24DF1BCEC67500AFA42B /* VirgilEmailSendConfigureViewContainer.m */ = {isa = PBXFileReference; fileEncoding = 4; lastKnownFileType = sourcecode.c.objc; name = VirgilEmailSendConfigureViewContainer.m; path = VirgilSecurityMail/src/Gui/VirgilEmailSendConfigureViewContainer.m; sourceTree = "<group>"; };
		499D24E01BCEC67500AFA42B /* VirgilEmailSendConfigureViewContainer.h */ = {isa = PBXFileReference; fileEncoding = 4; lastKnownFileType = sourcecode.c.h; name = VirgilEmailSendConfigureViewContainer.h; path = VirgilSecurityMail/src/Gui/VirgilEmailSendConfigureViewContainer.h; sourceTree = "<group>"; };
		49C821DB1BBAA6A70031ED7F /* encrypt_mail.png */ = {isa = PBXFileReference; lastKnownFileType = image.png; name = encrypt_mail.png; path = Resources/encrypt_mail.png; sourceTree = "<group>"; };
		49C821DC1BBAA6A70031ED7F /* menu.png */ = {isa = PBXFileReference; lastKnownFileType = image.png; name = menu.png; path = Resources/menu.png; sourceTree = "<group>"; };
		49C821DD1BBAA6A70031ED7F /* menu@2x.png */ = {isa = PBXFileReference; lastKnownFileType = image.png; name = "menu@2x.png"; path = "Resources/menu@2x.png"; sourceTree = "<group>"; };
		49C821E11BBAC8C70031ED7F /* encrypt_ok_small.png */ = {isa = PBXFileReference; lastKnownFileType = image.png; name = encrypt_ok_small.png; path = Resources/encrypt_ok_small.png; sourceTree = "<group>"; };
		49C821E21BBAC8C70031ED7F /* encrypt_unknown_small.png */ = {isa = PBXFileReference; lastKnownFileType = image.png; name = encrypt_unknown_small.png; path = Resources/encrypt_unknown_small.png; sourceTree = "<group>"; };
		49C821E31BBAC8C70031ED7F /* encrypt_wrong_small.png */ = {isa = PBXFileReference; lastKnownFileType = image.png; name = encrypt_wrong_small.png; path = Resources/encrypt_wrong_small.png; sourceTree = "<group>"; };
		49C821EA1BBC5AB20031ED7F /* VirgilImageProcessing.h */ = {isa = PBXFileReference; fileEncoding = 4; lastKnownFileType = sourcecode.c.h; name = VirgilImageProcessing.h; path = VirgilSecurityMail/src/Helpers/VirgilImageProcessing.h; sourceTree = "<group>"; };
		49C821EB1BBC5AB20031ED7F /* VirgilImageProcessing.m */ = {isa = PBXFileReference; fileEncoding = 4; lastKnownFileType = sourcecode.c.objc; name = VirgilImageProcessing.m; path = VirgilSecurityMail/src/Helpers/VirgilImageProcessing.m; sourceTree = "<group>"; };
		49C821F01BBC6F2A0031ED7F /* en */ = {isa = PBXFileReference; lastKnownFileType = file.xib; name = en; path = en.lproj/VirgilPreferences.xib; sourceTree = "<group>"; };
		49C821F41BBC830A0031ED7F /* VirgilHeadersEditor.h */ = {isa = PBXFileReference; fileEncoding = 4; lastKnownFileType = sourcecode.c.h; name = VirgilHeadersEditor.h; path = VirgilSecurityMail/src/OutgoingMes/VirgilHeadersEditor.h; sourceTree = "<group>"; };
		49C821F51BBC830A0031ED7F /* VirgilHeadersEditor.m */ = {isa = PBXFileReference; fileEncoding = 4; lastKnownFileType = sourcecode.c.objc; name = VirgilHeadersEditor.m; path = VirgilSecurityMail/src/OutgoingMes/VirgilHeadersEditor.m; sourceTree = "<group>"; };
		49C821F71BBD524D0031ED7F /* VirgilMessageViewController.h */ = {isa = PBXFileReference; fileEncoding = 4; lastKnownFileType = sourcecode.c.h; name = VirgilMessageViewController.h; path = VirgilSecurityMail/src/IncommingMes/VirgilMessageViewController.h; sourceTree = "<group>"; };
		49C821F81BBD524D0031ED7F /* VirgilMessageViewController.m */ = {isa = PBXFileReference; fileEncoding = 4; lastKnownFileType = sourcecode.c.objc; name = VirgilMessageViewController.m; path = VirgilSecurityMail/src/IncommingMes/VirgilMessageViewController.m; sourceTree = "<group>"; };
		49C821FA1BBD70620031ED7F /* VirgilBannerContainerViewController.h */ = {isa = PBXFileReference; fileEncoding = 4; lastKnownFileType = sourcecode.c.h; name = VirgilBannerContainerViewController.h; path = VirgilSecurityMail/src/IncommingMes/VirgilBannerContainerViewController.h; sourceTree = "<group>"; };
		49C821FB1BBD70620031ED7F /* VirgilBannerContainerViewController.m */ = {isa = PBXFileReference; fileEncoding = 4; lastKnownFileType = sourcecode.c.objc; name = VirgilBannerContainerViewController.m; path = VirgilSecurityMail/src/IncommingMes/VirgilBannerContainerViewController.m; sourceTree = "<group>"; };
		49C821FD1BBDD1680031ED7F /* VirgilDynamicVariables.h */ = {isa = PBXFileReference; fileEncoding = 4; lastKnownFileType = sourcecode.c.h; name = VirgilDynamicVariables.h; path = VirgilSecurityMail/src/Helpers/VirgilDynamicVariables.h; sourceTree = "<group>"; };
		49C821FE1BBDD1680031ED7F /* VirgilDynamicVariables.m */ = {isa = PBXFileReference; fileEncoding = 4; lastKnownFileType = sourcecode.c.objc; name = VirgilDynamicVariables.m; path = VirgilSecurityMail/src/Helpers/VirgilDynamicVariables.m; sourceTree = "<group>"; };
		49C9B2741BB568DB001B86F0 /* VirgilLog.h */ = {isa = PBXFileReference; fileEncoding = 4; lastKnownFileType = sourcecode.c.h; name = VirgilLog.h; path = VirgilSecurityMail/src/Helpers/Logger/VirgilLog.h; sourceTree = "<group>"; };
		49C9B2751BB568DB001B86F0 /* VirgilLog.m */ = {isa = PBXFileReference; fileEncoding = 4; lastKnownFileType = sourcecode.c.objc; name = VirgilLog.m; path = VirgilSecurityMail/src/Helpers/Logger/VirgilLog.m; sourceTree = "<group>"; };
		49CD501B1BB3DD89007B0E23 /* NSString+QuotedPrintable.h */ = {isa = PBXFileReference; fileEncoding = 4; lastKnownFileType = sourcecode.c.h; name = "NSString+QuotedPrintable.h"; path = "VirgilSecurityMail/src/Helpers/NSString+QuotedPrintable.h"; sourceTree = "<group>"; };
		49CD501C1BB3DD89007B0E23 /* NSString+QuotedPrintable.m */ = {isa = PBXFileReference; fileEncoding = 4; lastKnownFileType = sourcecode.c.objc; name = "NSString+QuotedPrintable.m"; path = "VirgilSecurityMail/src/Helpers/NSString+QuotedPrintable.m"; sourceTree = "<group>"; };
		49CD501E1BB40436007B0E23 /* HTMLConverter.h */ = {isa = PBXFileReference; fileEncoding = 4; lastKnownFileType = sourcecode.c.h; name = HTMLConverter.h; path = VirgilSecurityMail/src/Helpers/HTMLConverter.h; sourceTree = "<group>"; };
		49CD501F1BB40436007B0E23 /* HTMLConverter.m */ = {isa = PBXFileReference; fileEncoding = 4; lastKnownFileType = sourcecode.c.objc; name = HTMLConverter.m; path = VirgilSecurityMail/src/Helpers/HTMLConverter.m; sourceTree = "<group>"; };
		49D0C2D71BB923BB00131ACB /* virgil-feedback.sh */ = {isa = PBXFileReference; fileEncoding = 4; lastKnownFileType = text.script.sh; name = "virgil-feedback.sh"; path = "Resources/virgil-feedback.sh"; sourceTree = "<group>"; };
		49D0C2DC1BB99F2B00131ACB /* VirgilMessageView.h */ = {isa = PBXFileReference; fileEncoding = 4; lastKnownFileType = sourcecode.c.h; name = VirgilMessageView.h; path = VirgilSecurityMail/src/CommonMes/VirgilMessageView.h; sourceTree = "<group>"; };
		49D0C2DD1BB99F2B00131ACB /* VirgilMessageView.m */ = {isa = PBXFileReference; fileEncoding = 4; lastKnownFileType = sourcecode.c.objc; name = VirgilMessageView.m; path = VirgilSecurityMail/src/CommonMes/VirgilMessageView.m; sourceTree = "<group>"; };
		49D0C2EB1BB9B8ED00131ACB /* VirgilHeaderViewController.h */ = {isa = PBXFileReference; fileEncoding = 4; lastKnownFileType = sourcecode.c.h; name = VirgilHeaderViewController.h; path = VirgilSecurityMail/src/CommonMes/VirgilHeaderViewController.h; sourceTree = "<group>"; };
		49D0C2EC1BB9B8ED00131ACB /* VirgilHeaderViewController.m */ = {isa = PBXFileReference; fileEncoding = 4; lastKnownFileType = sourcecode.c.objc; name = VirgilHeaderViewController.m; path = VirgilSecurityMail/src/CommonMes/VirgilHeaderViewController.m; sourceTree = "<group>"; };
		49DB7FCB1BB1B65C00640350 /* VirgilToolbarWorker.h */ = {isa = PBXFileReference; fileEncoding = 4; lastKnownFileType = sourcecode.c.h; name = VirgilToolbarWorker.h; path = VirgilSecurityMail/src/Gui/Helpers/VirgilToolbarWorker.h; sourceTree = "<group>"; };
		49DB7FCC1BB1B65C00640350 /* VirgilToolbarWorker.m */ = {isa = PBXFileReference; fileEncoding = 4; lastKnownFileType = sourcecode.c.objc; name = VirgilToolbarWorker.m; path = VirgilSecurityMail/src/Gui/Helpers/VirgilToolbarWorker.m; sourceTree = "<group>"; };
		49DBE3F91BCBF22D002B4A0D /* VirgilGetPassword.h */ = {isa = PBXFileReference; fileEncoding = 4; lastKnownFileType = sourcecode.c.h; name = VirgilGetPassword.h; path = VirgilSecurityMail/src/Gui/VirgilGetPassword.h; sourceTree = "<group>"; };
		49DBE3FA1BCBF22D002B4A0D /* VirgilGetPassword.m */ = {isa = PBXFileReference; fileEncoding = 4; lastKnownFileType = sourcecode.c.objc; name = VirgilGetPassword.m; path = VirgilSecurityMail/src/Gui/VirgilGetPassword.m; sourceTree = "<group>"; };
		49DBE3FC1BCD60CD002B4A0D /* NSString+Base64.h */ = {isa = PBXFileReference; fileEncoding = 4; lastKnownFileType = sourcecode.c.h; name = "NSString+Base64.h"; path = "VirgilSecurityMail/src/Helpers/Base64/NSString+Base64.h"; sourceTree = "<group>"; };
		49DBE3FD1BCD60CD002B4A0D /* NSString+Base64.m */ = {isa = PBXFileReference; fileEncoding = 4; lastKnownFileType = sourcecode.c.objc; name = "NSString+Base64.m"; path = "VirgilSecurityMail/src/Helpers/Base64/NSString+Base64.m"; sourceTree = "<group>"; };
		49E32F981BC24D6500A37F42 /* VirgilDecryptedMailContainer.h */ = {isa = PBXFileReference; fileEncoding = 4; lastKnownFileType = sourcecode.c.h; name = VirgilDecryptedMailContainer.h; path = VirgilSecurityMail/src/VirgilProcessing/VirgilDecryptedMailContainer.h; sourceTree = "<group>"; };
		49E32F991BC24D6500A37F42 /* VirgilDecryptedMailContainer.m */ = {isa = PBXFileReference; fileEncoding = 4; lastKnownFileType = sourcecode.c.objc; name = VirgilDecryptedMailContainer.m; path = VirgilSecurityMail/src/VirgilProcessing/VirgilDecryptedMailContainer.m; sourceTree = "<group>"; };
		49E32FA11BC29DB600A37F42 /* VirgilUserMessageViewController.h */ = {isa = PBXFileReference; fileEncoding = 4; lastKnownFileType = sourcecode.c.h; name = VirgilUserMessageViewController.h; path = VirgilSecurityMail/src/Gui/VirgilUserMessageViewController.h; sourceTree = "<group>"; };
		49E32FA21BC29DB600A37F42 /* VirgilUserMessageViewController.m */ = {isa = PBXFileReference; fileEncoding = 4; lastKnownFileType = sourcecode.c.objc; name = VirgilUserMessageViewController.m; path = VirgilSecurityMail/src/Gui/VirgilUserMessageViewController.m; sourceTree = "<group>"; };
		49FBE6A91BBA86C5001EC529 /* VirgilMessageListObjectProxy.h */ = {isa = PBXFileReference; fileEncoding = 4; lastKnownFileType = sourcecode.c.h; name = VirgilMessageListObjectProxy.h; path = VirgilSecurityMail/src/CommonMes/VirgilMessageListObjectProxy.h; sourceTree = "<group>"; };
		49FBE6AA1BBA86C5001EC529 /* VirgilMessageListObjectProxy.m */ = {isa = PBXFileReference; fileEncoding = 4; lastKnownFileType = sourcecode.c.objc; name = VirgilMessageListObjectProxy.m; path = VirgilSecurityMail/src/CommonMes/VirgilMessageListObjectProxy.m; sourceTree = "<group>"; };
		49FBE6AC1BBA9C8F001EC529 /* QuartzCore.framework */ = {isa = PBXFileReference; lastKnownFileType = wrapper.framework; name = QuartzCore.framework; path = System/Library/Frameworks/QuartzCore.framework; sourceTree = SDKROOT; };
		980CF8AA6C5FFEEEEA692550 /* Pods.debug.xcconfig */ = {isa = PBXFileReference; includeInIndex = 1; lastKnownFileType = text.xcconfig; name = Pods.debug.xcconfig; path = "Pods/Target Support Files/Pods/Pods.debug.xcconfig"; sourceTree = "<group>"; };
		C380A1941DE75E4EB3861AA6 /* Pods.framework */ = {isa = PBXFileReference; explicitFileType = wrapper.framework; includeInIndex = 0; path = Pods.framework; sourceTree = BUILT_PRODUCTS_DIR; };
		D10400AC1BA84DB3003FC484 /* VirgilMail.icns */ = {isa = PBXFileReference; lastKnownFileType = image.icns; name = VirgilMail.icns; path = Resources/VirgilMail.icns; sourceTree = "<group>"; };
		D10400B11BA85578003FC484 /* Base */ = {isa = PBXFileReference; lastKnownFileType = file.xib; name = Base; path = Base.lproj/MainMenu.xib; sourceTree = "<group>"; };
		D11174331B67FBEE00DD9A39 /* VirgilSecurityMail.mailbundle */ = {isa = PBXFileReference; explicitFileType = wrapper.cfbundle; includeInIndex = 0; path = VirgilSecurityMail.mailbundle; sourceTree = BUILT_PRODUCTS_DIR; };
		D11174361B67FBEE00DD9A39 /* CoreFoundation.framework */ = {isa = PBXFileReference; lastKnownFileType = wrapper.framework; name = CoreFoundation.framework; path = System/Library/Frameworks/CoreFoundation.framework; sourceTree = SDKROOT; };
		D111743A1B67FBEE00DD9A39 /* VirgilSecurityMail-Info.plist */ = {isa = PBXFileReference; lastKnownFileType = text.plist.xml; path = "VirgilSecurityMail-Info.plist"; sourceTree = "<group>"; };
		D111743C1B67FBEE00DD9A39 /* en */ = {isa = PBXFileReference; lastKnownFileType = text.plist.strings; name = en; path = en.lproj/InfoPlist.strings; sourceTree = "<group>"; };
		D111743E1B67FBEE00DD9A39 /* VirgilSecurityMail-Prefix.pch */ = {isa = PBXFileReference; lastKnownFileType = sourcecode.c.h; path = "VirgilSecurityMail-Prefix.pch"; sourceTree = "<group>"; };
		D11174441B6805D400DD9A39 /* VirgilMain.h */ = {isa = PBXFileReference; fileEncoding = 4; lastKnownFileType = sourcecode.c.h; name = VirgilMain.h; path = VirgilSecurityMail/src/VirgilMain.h; sourceTree = "<group>"; };
		D11174451B6805D400DD9A39 /* VirgilMain.m */ = {isa = PBXFileReference; fileEncoding = 4; lastKnownFileType = sourcecode.c.objc; name = VirgilMain.m; path = VirgilSecurityMail/src/VirgilMain.m; sourceTree = "<group>"; };
		D122635C1BA7061A0053B132 /* org.virgilsecurity.mail.update.plist */ = {isa = PBXFileReference; fileEncoding = 4; lastKnownFileType = text.plist.xml; name = org.virgilsecurity.mail.update.plist; path = Resources/org.virgilsecurity.mail.update.plist; sourceTree = "<group>"; };
		D13F602B1B6A1A9600508C79 /* JRLPSwizzle.h */ = {isa = PBXFileReference; fileEncoding = 4; lastKnownFileType = sourcecode.c.h; name = JRLPSwizzle.h; path = VirgilSecurityMail/src/Helpers/JRLPSwizzle.h; sourceTree = "<group>"; };
		D13F602C1B6A1A9600508C79 /* JRLPSwizzle.m */ = {isa = PBXFileReference; fileEncoding = 4; lastKnownFileType = sourcecode.c.objc; name = JRLPSwizzle.m; path = VirgilSecurityMail/src/Helpers/JRLPSwizzle.m; sourceTree = "<group>"; };
		D13F60411B6A1D1300508C79 /* VirgilHandlersInstaller.h */ = {isa = PBXFileReference; fileEncoding = 4; lastKnownFileType = sourcecode.c.h; name = VirgilHandlersInstaller.h; path = VirgilSecurityMail/src/VirgilHandlersInstaller.h; sourceTree = "<group>"; };
		D13F60421B6A1D1300508C79 /* VirgilHandlersInstaller.m */ = {isa = PBXFileReference; fileEncoding = 4; lastKnownFileType = sourcecode.c.objc; name = VirgilHandlersInstaller.m; path = VirgilSecurityMail/src/VirgilHandlersInstaller.m; sourceTree = "<group>"; };
		D13F60451B6A33AC00508C79 /* MailHeaders */ = {isa = PBXFileReference; lastKnownFileType = folder; name = MailHeaders; path = VirgilSecurityMail/src/MailHeaders; sourceTree = "<group>"; };
		D13F60471B6A3ADD00508C79 /* AppKit.framework */ = {isa = PBXFileReference; lastKnownFileType = wrapper.framework; name = AppKit.framework; path = System/Library/Frameworks/AppKit.framework; sourceTree = SDKROOT; };
		D13F60501B6B50F300508C79 /* VirgilMimePart.h */ = {isa = PBXFileReference; fileEncoding = 4; lastKnownFileType = sourcecode.c.h; name = VirgilMimePart.h; path = VirgilSecurityMail/src/CommonMes/VirgilMimePart.h; sourceTree = "<group>"; };
		D13F60511B6B50F300508C79 /* VirgilMimePart.m */ = {isa = PBXFileReference; fileEncoding = 4; lastKnownFileType = sourcecode.c.objc; name = VirgilMimePart.m; path = VirgilSecurityMail/src/CommonMes/VirgilMimePart.m; sourceTree = "<group>"; };
		D13F605A1B6B6D6200508C79 /* VirgilProcessingManager.h */ = {isa = PBXFileReference; fileEncoding = 4; lastKnownFileType = sourcecode.c.h; name = VirgilProcessingManager.h; path = VirgilSecurityMail/src/VirgilProcessing/VirgilProcessingManager.h; sourceTree = "<group>"; };
		D13F605B1B6B6D6200508C79 /* VirgilProcessingManager.m */ = {isa = PBXFileReference; fileEncoding = 4; lastKnownFileType = sourcecode.c.objc; name = VirgilProcessingManager.m; path = VirgilSecurityMail/src/VirgilProcessing/VirgilProcessingManager.m; sourceTree = "<group>"; };
		D14ACD911B974AE700A8E164 /* VirgilPreferencesHelper.h */ = {isa = PBXFileReference; fileEncoding = 4; lastKnownFileType = sourcecode.c.h; name = VirgilPreferencesHelper.h; path = VirgilSecurityMail/src/Helpers/VirgilPreferencesHelper.h; sourceTree = "<group>"; };
		D14ACD921B974AE700A8E164 /* VirgilPreferencesHelper.m */ = {isa = PBXFileReference; fileEncoding = 4; lastKnownFileType = sourcecode.c.objc; name = VirgilPreferencesHelper.m; path = VirgilSecurityMail/src/Helpers/VirgilPreferencesHelper.m; sourceTree = "<group>"; };
		D14ACD9C1B976BA100A8E164 /* VirgilPreferences.h */ = {isa = PBXFileReference; fileEncoding = 4; lastKnownFileType = sourcecode.c.h; name = VirgilPreferences.h; path = VirgilSecurityMail/src/Gui/VirgilPreferences.h; sourceTree = "<group>"; };
		D14ACD9D1B976BA100A8E164 /* VirgilPreferences.m */ = {isa = PBXFileReference; fileEncoding = 4; lastKnownFileType = sourcecode.c.objc; name = VirgilPreferences.m; path = VirgilSecurityMail/src/Gui/VirgilPreferences.m; sourceTree = "<group>"; };
		D14ACD9F1B97702500A8E164 /* WebKit.framework */ = {isa = PBXFileReference; lastKnownFileType = wrapper.framework; name = WebKit.framework; path = System/Library/Frameworks/WebKit.framework; sourceTree = SDKROOT; };
		D14D64741BA3A41000B47D22 /* VirgilUpdate.app */ = {isa = PBXFileReference; explicitFileType = wrapper.application; includeInIndex = 0; path = VirgilUpdate.app; sourceTree = BUILT_PRODUCTS_DIR; };
		D14D64771BA3A41000B47D22 /* Info.plist */ = {isa = PBXFileReference; lastKnownFileType = text.plist.xml; path = Info.plist; sourceTree = "<group>"; };
		D14D64781BA3A41000B47D22 /* AppDelegate.h */ = {isa = PBXFileReference; lastKnownFileType = sourcecode.c.h; path = AppDelegate.h; sourceTree = "<group>"; };
		D14D64791BA3A41000B47D22 /* AppDelegate.m */ = {isa = PBXFileReference; lastKnownFileType = sourcecode.c.objc; path = AppDelegate.m; sourceTree = "<group>"; };
		D14D647B1BA3A41000B47D22 /* main.m */ = {isa = PBXFileReference; lastKnownFileType = sourcecode.c.objc; path = main.m; sourceTree = "<group>"; };
		D14D647D1BA3A41000B47D22 /* Images.xcassets */ = {isa = PBXFileReference; lastKnownFileType = folder.assetcatalog; path = Images.xcassets; sourceTree = "<group>"; };
		D14D64991BA3A71C00B47D22 /* Sparkle.framework */ = {isa = PBXFileReference; lastKnownFileType = wrapper.framework; name = Sparkle.framework; path = VirgilUpdate/Sparkle.framework; sourceTree = "<group>"; };
		D14D649F1BA3A89A00B47D22 /* dsa_pub.pem */ = {isa = PBXFileReference; fileEncoding = 4; lastKnownFileType = text; name = dsa_pub.pem; path = Resources/dsa_pub.pem; sourceTree = "<group>"; };
		D14D64A31BA3B34500B47D22 /* VirgilUpdate.entitlements */ = {isa = PBXFileReference; lastKnownFileType = text.xml; path = VirgilUpdate.entitlements; sourceTree = "<group>"; };
		D15362B01B6C0335000215F9 /* HTMLNode.h */ = {isa = PBXFileReference; fileEncoding = 4; lastKnownFileType = sourcecode.c.h; name = HTMLNode.h; path = VirgilSecurityMail/src/Helpers/HTMLParser/HTMLNode.h; sourceTree = "<group>"; };
		D15362B11B6C0335000215F9 /* HTMLNode.m */ = {isa = PBXFileReference; fileEncoding = 4; lastKnownFileType = sourcecode.c.objc; name = HTMLNode.m; path = VirgilSecurityMail/src/Helpers/HTMLParser/HTMLNode.m; sourceTree = "<group>"; };
		D15362B21B6C0335000215F9 /* HTMLParser.h */ = {isa = PBXFileReference; fileEncoding = 4; lastKnownFileType = sourcecode.c.h; name = HTMLParser.h; path = VirgilSecurityMail/src/Helpers/HTMLParser/HTMLParser.h; sourceTree = "<group>"; };
		D15362B31B6C0335000215F9 /* HTMLParser.m */ = {isa = PBXFileReference; fileEncoding = 4; lastKnownFileType = sourcecode.c.objc; name = HTMLParser.m; path = VirgilSecurityMail/src/Helpers/HTMLParser/HTMLParser.m; sourceTree = "<group>"; };
		D15362B61B6C43AD000215F9 /* VirgilEncryptedContent.h */ = {isa = PBXFileReference; fileEncoding = 4; lastKnownFileType = sourcecode.c.h; name = VirgilEncryptedContent.h; path = VirgilSecurityMail/src/VirgilProcessing/VirgilEncryptedContent.h; sourceTree = "<group>"; };
		D15362B91B6C48EB000215F9 /* VirgilEncryptedContent.m */ = {isa = PBXFileReference; fileEncoding = 4; lastKnownFileType = sourcecode.c.objc; name = VirgilEncryptedContent.m; path = VirgilSecurityMail/src/VirgilProcessing/VirgilEncryptedContent.m; sourceTree = "<group>"; };
		D15362C31B6F62E4000215F9 /* NSData+Base64.h */ = {isa = PBXFileReference; fileEncoding = 4; lastKnownFileType = sourcecode.c.h; name = "NSData+Base64.h"; path = "VirgilSecurityMail/src/Helpers/Base64/NSData+Base64.h"; sourceTree = "<group>"; };
		D15362C41B6F62E4000215F9 /* NSData+Base64.m */ = {isa = PBXFileReference; fileEncoding = 4; lastKnownFileType = sourcecode.c.objc; name = "NSData+Base64.m"; path = "VirgilSecurityMail/src/Helpers/Base64/NSData+Base64.m"; sourceTree = "<group>"; };
		D1CBA84A1B7BC43900217919 /* VirgilDocumentEditor.h */ = {isa = PBXFileReference; fileEncoding = 4; lastKnownFileType = sourcecode.c.h; name = VirgilDocumentEditor.h; path = VirgilSecurityMail/src/OutgoingMes/VirgilDocumentEditor.h; sourceTree = "<group>"; };
		D1CBA84B1B7BC43900217919 /* VirgilDocumentEditor.m */ = {isa = PBXFileReference; fileEncoding = 4; lastKnownFileType = sourcecode.c.objc; name = VirgilDocumentEditor.m; path = VirgilSecurityMail/src/OutgoingMes/VirgilDocumentEditor.m; sourceTree = "<group>"; };
		D1CBA84D1B7BC55300217919 /* VirgilMenu.h */ = {isa = PBXFileReference; fileEncoding = 4; lastKnownFileType = sourcecode.c.h; name = VirgilMenu.h; path = VirgilSecurityMail/src/OutgoingMes/VirgilMenu.h; sourceTree = "<group>"; };
		D1CBA84E1B7BC55300217919 /* VirgilMenu.m */ = {isa = PBXFileReference; fileEncoding = 4; lastKnownFileType = sourcecode.c.objc; name = VirgilMenu.m; path = VirgilSecurityMail/src/OutgoingMes/VirgilMenu.m; sourceTree = "<group>"; };
		D1CBA8501B7BD8B900217919 /* VirgilNSWindow.h */ = {isa = PBXFileReference; fileEncoding = 4; lastKnownFileType = sourcecode.c.h; name = VirgilNSWindow.h; path = VirgilSecurityMail/src/OutgoingMes/VirgilNSWindow.h; sourceTree = "<group>"; };
		D1CBA8511B7BD8B900217919 /* VirgilNSWindow.m */ = {isa = PBXFileReference; fileEncoding = 4; lastKnownFileType = sourcecode.c.objc; name = VirgilNSWindow.m; path = VirgilSecurityMail/src/OutgoingMes/VirgilNSWindow.m; sourceTree = "<group>"; };
		D1CBA85D1B7D45C200217919 /* VirgilComposeBackEnd.h */ = {isa = PBXFileReference; fileEncoding = 4; lastKnownFileType = sourcecode.c.h; name = VirgilComposeBackEnd.h; path = VirgilSecurityMail/src/OutgoingMes/VirgilComposeBackEnd.h; sourceTree = "<group>"; };
		D1CBA85E1B7D45C200217919 /* VirgilComposeBackEnd.m */ = {isa = PBXFileReference; fileEncoding = 4; lastKnownFileType = sourcecode.c.objc; name = VirgilComposeBackEnd.m; path = VirgilSecurityMail/src/OutgoingMes/VirgilComposeBackEnd.m; sourceTree = "<group>"; };
		D1DDA8F61B91A34100002A2F /* VirgilKeyManager.h */ = {isa = PBXFileReference; fileEncoding = 4; lastKnownFileType = sourcecode.c.h; name = VirgilKeyManager.h; path = VirgilSecurityMail/src/VirgilProcessing/Keys/VirgilKeyManager.h; sourceTree = "<group>"; };
		D1DDA8F71B91A34100002A2F /* VirgilKeyManager.m */ = {isa = PBXFileReference; fileEncoding = 4; lastKnownFileType = sourcecode.c.objc; name = VirgilKeyManager.m; path = VirgilSecurityMail/src/VirgilProcessing/Keys/VirgilKeyManager.m; sourceTree = "<group>"; };
		D1DDA8F81B91A34100002A2F /* VirgilPrivateKey.h */ = {isa = PBXFileReference; fileEncoding = 4; lastKnownFileType = sourcecode.c.h; name = VirgilPrivateKey.h; path = VirgilSecurityMail/src/VirgilProcessing/Keys/VirgilPrivateKey.h; sourceTree = "<group>"; };
		D1DDA8F91B91A34100002A2F /* VirgilPrivateKey.m */ = {isa = PBXFileReference; fileEncoding = 4; lastKnownFileType = sourcecode.c.objc; name = VirgilPrivateKey.m; path = VirgilSecurityMail/src/VirgilProcessing/Keys/VirgilPrivateKey.m; sourceTree = "<group>"; };
		D1DDA8FE1B91A34100002A2F /* VirgilPublicKey.h */ = {isa = PBXFileReference; fileEncoding = 4; lastKnownFileType = sourcecode.c.h; name = VirgilPublicKey.h; path = VirgilSecurityMail/src/VirgilProcessing/Keys/VirgilPublicKey.h; sourceTree = "<group>"; };
		D1DDA8FF1B91A34100002A2F /* VirgilPublicKey.m */ = {isa = PBXFileReference; fileEncoding = 4; lastKnownFileType = sourcecode.c.objc; name = VirgilPublicKey.m; path = VirgilSecurityMail/src/VirgilProcessing/Keys/VirgilPublicKey.m; sourceTree = "<group>"; };
		D1DDA9061B91B05300002A2F /* VirgilErrorCodesParser.h */ = {isa = PBXFileReference; fileEncoding = 4; lastKnownFileType = sourcecode.c.h; name = VirgilErrorCodesParser.h; path = VirgilSecurityMail/src/VirgilProcessing/Keys/VirgilErrorCodesParser.h; sourceTree = "<group>"; };
		D1DDA9071B91B05300002A2F /* VirgilErrorCodesParser.m */ = {isa = PBXFileReference; fileEncoding = 4; lastKnownFileType = sourcecode.c.objc; name = VirgilErrorCodesParser.m; path = VirgilSecurityMail/src/VirgilProcessing/Keys/VirgilErrorCodesParser.m; sourceTree = "<group>"; };
		D1DDA9091B91B1EA00002A2F /* VirgilValidator.h */ = {isa = PBXFileReference; fileEncoding = 4; lastKnownFileType = sourcecode.c.h; name = VirgilValidator.h; path = VirgilSecurityMail/src/Helpers/VirgilValidator.h; sourceTree = "<group>"; };
		D1DDA90A1B91B1EA00002A2F /* VirgilValidator.m */ = {isa = PBXFileReference; fileEncoding = 4; lastKnownFileType = sourcecode.c.objc; name = VirgilValidator.m; path = VirgilSecurityMail/src/Helpers/VirgilValidator.m; sourceTree = "<group>"; };
		D1DDA90D1B91B21700002A2F /* VirgilEmailConfirmViewController.h */ = {isa = PBXFileReference; fileEncoding = 4; lastKnownFileType = sourcecode.c.h; name = VirgilEmailConfirmViewController.h; path = VirgilSecurityMail/src/Gui/VirgilEmailConfirmViewController.h; sourceTree = "<group>"; };
		D1DDA90E1B91B21700002A2F /* VirgilEmailConfirmViewController.m */ = {isa = PBXFileReference; fileEncoding = 4; lastKnownFileType = sourcecode.c.objc; name = VirgilEmailConfirmViewController.m; path = VirgilSecurityMail/src/Gui/VirgilEmailConfirmViewController.m; sourceTree = "<group>"; };
		D1DDA90F1B91B21700002A2F /* VirgilErrorViewController.h */ = {isa = PBXFileReference; fileEncoding = 4; lastKnownFileType = sourcecode.c.h; name = VirgilErrorViewController.h; path = VirgilSecurityMail/src/Gui/VirgilErrorViewController.h; sourceTree = "<group>"; };
		D1DDA9101B91B21700002A2F /* VirgilErrorViewController.m */ = {isa = PBXFileReference; fileEncoding = 4; lastKnownFileType = sourcecode.c.objc; name = VirgilErrorViewController.m; path = VirgilSecurityMail/src/Gui/VirgilErrorViewController.m; sourceTree = "<group>"; };
		D1DDA91B1B91B22F00002A2F /* NSBezierPath_KBAdditions.h */ = {isa = PBXFileReference; fileEncoding = 4; lastKnownFileType = sourcecode.c.h; name = NSBezierPath_KBAdditions.h; path = VirgilSecurityMail/src/Gui/Helpers/NSBezierPath_KBAdditions.h; sourceTree = "<group>"; };
		D1DDA91C1B91B22F00002A2F /* NSBezierPath_KBAdditions.m */ = {isa = PBXFileReference; fileEncoding = 4; lastKnownFileType = sourcecode.c.objc; name = NSBezierPath_KBAdditions.m; path = VirgilSecurityMail/src/Gui/Helpers/NSBezierPath_KBAdditions.m; sourceTree = "<group>"; };
		D1DDA91D1B91B22F00002A2F /* NSBezierPath+StrokeExtensions.h */ = {isa = PBXFileReference; fileEncoding = 4; lastKnownFileType = sourcecode.c.h; name = "NSBezierPath+StrokeExtensions.h"; path = "VirgilSecurityMail/src/Gui/Helpers/NSBezierPath+StrokeExtensions.h"; sourceTree = "<group>"; };
		D1DDA91E1B91B22F00002A2F /* NSBezierPath+StrokeExtensions.m */ = {isa = PBXFileReference; fileEncoding = 4; lastKnownFileType = sourcecode.c.objc; name = "NSBezierPath+StrokeExtensions.m"; path = "VirgilSecurityMail/src/Gui/Helpers/NSBezierPath+StrokeExtensions.m"; sourceTree = "<group>"; };
		D1DDA91F1B91B22F00002A2F /* VirgilReplaceAnimator.h */ = {isa = PBXFileReference; fileEncoding = 4; lastKnownFileType = sourcecode.c.h; name = VirgilReplaceAnimator.h; path = VirgilSecurityMail/src/Gui/Helpers/VirgilReplaceAnimator.h; sourceTree = "<group>"; };
		D1DDA9201B91B22F00002A2F /* VirgilReplaceAnimator.m */ = {isa = PBXFileReference; fileEncoding = 4; lastKnownFileType = sourcecode.c.objc; name = VirgilReplaceAnimator.m; path = VirgilSecurityMail/src/Gui/Helpers/VirgilReplaceAnimator.m; sourceTree = "<group>"; };
		D1DDA9211B91B22F00002A2F /* VirgilReplaceSegue.h */ = {isa = PBXFileReference; fileEncoding = 4; lastKnownFileType = sourcecode.c.h; name = VirgilReplaceSegue.h; path = VirgilSecurityMail/src/Gui/Helpers/VirgilReplaceSegue.h; sourceTree = "<group>"; };
		D1DDA9221B91B22F00002A2F /* VirgilReplaceSegue.m */ = {isa = PBXFileReference; fileEncoding = 4; lastKnownFileType = sourcecode.c.objc; name = VirgilReplaceSegue.m; path = VirgilSecurityMail/src/Gui/Helpers/VirgilReplaceSegue.m; sourceTree = "<group>"; };
		D1DDA9281B91B2B000002A2F /* NSViewController+VirgilView.h */ = {isa = PBXFileReference; fileEncoding = 4; lastKnownFileType = sourcecode.c.h; name = "NSViewController+VirgilView.h"; path = "VirgilSecurityMail/src/Gui/Helpers/NSViewController+VirgilView.h"; sourceTree = "<group>"; };
		D1DDA9291B91B2B000002A2F /* NSViewController+VirgilView.m */ = {isa = PBXFileReference; fileEncoding = 4; lastKnownFileType = sourcecode.c.objc; name = "NSViewController+VirgilView.m"; path = "VirgilSecurityMail/src/Gui/Helpers/NSViewController+VirgilView.m"; sourceTree = "<group>"; };
		D1DDA9371B91BAF600002A2F /* VirgilGui.h */ = {isa = PBXFileReference; fileEncoding = 4; lastKnownFileType = sourcecode.c.h; name = VirgilGui.h; path = VirgilSecurityMail/src/Gui/VirgilGui.h; sourceTree = "<group>"; };
		D1DDA9381B91BAF600002A2F /* VirgilGui.m */ = {isa = PBXFileReference; fileEncoding = 4; lastKnownFileType = sourcecode.c.objc; name = VirgilGui.m; path = VirgilSecurityMail/src/Gui/VirgilGui.m; sourceTree = "<group>"; };
		D1E7CABF1B73FC9E00F4EC4F /* VirgilClassNameResolver.h */ = {isa = PBXFileReference; fileEncoding = 4; lastKnownFileType = sourcecode.c.h; name = VirgilClassNameResolver.h; path = VirgilSecurityMail/src/Helpers/VirgilClassNameResolver.h; sourceTree = "<group>"; };
		D1E7CAC01B73FC9E00F4EC4F /* VirgilClassNameResolver.m */ = {isa = PBXFileReference; fileEncoding = 4; lastKnownFileType = sourcecode.c.objc; name = VirgilClassNameResolver.m; path = VirgilSecurityMail/src/Helpers/VirgilClassNameResolver.m; sourceTree = "<group>"; };
		D1E7CAC51B7688D400F4EC4F /* VirgilDecryptedContent.h */ = {isa = PBXFileReference; fileEncoding = 4; lastKnownFileType = sourcecode.c.h; name = VirgilDecryptedContent.h; path = VirgilSecurityMail/src/VirgilProcessing/VirgilDecryptedContent.h; sourceTree = "<group>"; };
		D1E7CAC61B7688D400F4EC4F /* VirgilDecryptedContent.m */ = {isa = PBXFileReference; fileEncoding = 4; lastKnownFileType = sourcecode.c.objc; name = VirgilDecryptedContent.m; path = VirgilSecurityMail/src/VirgilProcessing/VirgilDecryptedContent.m; sourceTree = "<group>"; };
		D1ECEE831B98221100711F55 /* VirgilPreferencesWorker.h */ = {isa = PBXFileReference; fileEncoding = 4; lastKnownFileType = sourcecode.c.h; name = VirgilPreferencesWorker.h; path = VirgilSecurityMail/src/Gui/Helpers/VirgilPreferencesWorker.h; sourceTree = "<group>"; };
		D1ECEE841B98221100711F55 /* VirgilPreferencesWorker.m */ = {isa = PBXFileReference; fileEncoding = 4; lastKnownFileType = sourcecode.c.objc; name = VirgilPreferencesWorker.m; path = VirgilSecurityMail/src/Gui/Helpers/VirgilPreferencesWorker.m; sourceTree = "<group>"; };
		D1F7207F1B73E892007C8955 /* VirgilDecryptedMail.h */ = {isa = PBXFileReference; fileEncoding = 4; lastKnownFileType = sourcecode.c.h; name = VirgilDecryptedMail.h; path = VirgilSecurityMail/src/VirgilProcessing/VirgilDecryptedMail.h; sourceTree = "<group>"; };
		D1F720801B73E892007C8955 /* VirgilDecryptedMail.m */ = {isa = PBXFileReference; fileEncoding = 4; lastKnownFileType = sourcecode.c.objc; name = VirgilDecryptedMail.m; path = VirgilSecurityMail/src/VirgilProcessing/VirgilDecryptedMail.m; sourceTree = "<group>"; };
		D1F8982B1B985B630062633B /* VirgilPreferencesContainer.h */ = {isa = PBXFileReference; fileEncoding = 4; lastKnownFileType = sourcecode.c.h; name = VirgilPreferencesContainer.h; path = VirgilSecurityMail/src/VirgilProcessing/VirgilPreferencesContainer.h; sourceTree = "<group>"; };
		D1F8982C1B985B630062633B /* VirgilPreferencesContainer.m */ = {isa = PBXFileReference; fileEncoding = 4; lastKnownFileType = sourcecode.c.objc; name = VirgilPreferencesContainer.m; path = VirgilSecurityMail/src/VirgilProcessing/VirgilPreferencesContainer.m; sourceTree = "<group>"; };
		D1FA26241B98E6E2003335BB /* VirgilKeychainWrapper.h */ = {isa = PBXFileReference; fileEncoding = 4; lastKnownFileType = sourcecode.c.h; name = VirgilKeychainWrapper.h; path = VirgilSecurityMail/src/Helpers/VirgilKeychainWrapper.h; sourceTree = "<group>"; };
		D1FA26251B98E6E2003335BB /* VirgilKeychainWrapper.m */ = {isa = PBXFileReference; fileEncoding = 4; lastKnownFileType = sourcecode.c.objc; name = VirgilKeychainWrapper.m; path = VirgilSecurityMail/src/Helpers/VirgilKeychainWrapper.m; sourceTree = "<group>"; };
		D1FA26271B9993BE003335BB /* Security.framework */ = {isa = PBXFileReference; lastKnownFileType = wrapper.framework; name = Security.framework; path = System/Library/Frameworks/Security.framework; sourceTree = SDKROOT; };
		D1FA26291B999B0F003335BB /* VirgilKeyChain.h */ = {isa = PBXFileReference; fileEncoding = 4; lastKnownFileType = sourcecode.c.h; name = VirgilKeyChain.h; path = VirgilSecurityMail/src/VirgilProcessing/Keys/VirgilKeyChain.h; sourceTree = "<group>"; };
		D1FA262A1B999B0F003335BB /* VirgilKeyChain.m */ = {isa = PBXFileReference; fileEncoding = 4; lastKnownFileType = sourcecode.c.objc; name = VirgilKeyChain.m; path = VirgilSecurityMail/src/VirgilProcessing/Keys/VirgilKeyChain.m; sourceTree = "<group>"; };
		D1FA262C1B999D33003335BB /* VirgilKeyChainContainer.h */ = {isa = PBXFileReference; fileEncoding = 4; lastKnownFileType = sourcecode.c.h; name = VirgilKeyChainContainer.h; path = VirgilSecurityMail/src/VirgilProcessing/Keys/VirgilKeyChainContainer.h; sourceTree = "<group>"; };
		D1FA262D1B999D33003335BB /* VirgilKeyChainContainer.m */ = {isa = PBXFileReference; fileEncoding = 4; lastKnownFileType = sourcecode.c.objc; name = VirgilKeyChainContainer.m; path = VirgilSecurityMail/src/VirgilProcessing/Keys/VirgilKeyChainContainer.m; sourceTree = "<group>"; };
		EB7897BBA56D055A5DD81BF4 /* Pods.release.xcconfig */ = {isa = PBXFileReference; includeInIndex = 1; lastKnownFileType = text.xcconfig; name = Pods.release.xcconfig; path = "Pods/Target Support Files/Pods/Pods.release.xcconfig"; sourceTree = "<group>"; };
/* End PBXFileReference section */

/* Begin PBXFrameworksBuildPhase section */
		D11174301B67FBEE00DD9A39 /* Frameworks */ = {
			isa = PBXFrameworksBuildPhase;
			buildActionMask = 2147483647;
			files = (
				49FBE6AD1BBA9C8F001EC529 /* QuartzCore.framework in Frameworks */,
				D1FA26281B9993BE003335BB /* Security.framework in Frameworks */,
				D13F60481B6A3ADD00508C79 /* AppKit.framework in Frameworks */,
				D11174371B67FBEE00DD9A39 /* CoreFoundation.framework in Frameworks */,
				406F80CDC8FB8507E75CA722 /* Pods.framework in Frameworks */,
				494EE26C1C7615D500AE6EF5 /* VirgilFoundation.framework in Frameworks */,
				494EE26A1C7615D400AE6EF5 /* VirgilSDK.framework in Frameworks */,
			);
			runOnlyForDeploymentPostprocessing = 0;
		};
		D14D64711BA3A41000B47D22 /* Frameworks */ = {
			isa = PBXFrameworksBuildPhase;
			buildActionMask = 2147483647;
			files = (
				D14D649A1BA3A71C00B47D22 /* Sparkle.framework in Frameworks */,
			);
			runOnlyForDeploymentPostprocessing = 0;
		};
/* End PBXFrameworksBuildPhase section */

/* Begin PBXGroup section */
		49C821DA1BBAA68D0031ED7F /* Images */ = {
			isa = PBXGroup;
			children = (
				493F96531BD57F0200EF1930 /* rect.png */,
				493F96541BD57F0200EF1930 /* rect@2x.png */,
				493F96551BD57F0200EF1930 /* square.png */,
				493F96561BD57F0200EF1930 /* square@2x.png */,
				490435391BC56BFB00083D16 /* attention.png */,
				4904353A1BC56BFB00083D16 /* in_progress.png */,
				4904353B1BC56BFB00083D16 /* ok.png */,
				4904353C1BC56BFB00083D16 /* problem.png */,
				490435371BC5652100083D16 /* account.png */,
				49C821E11BBAC8C70031ED7F /* encrypt_ok_small.png */,
				49C821E21BBAC8C70031ED7F /* encrypt_unknown_small.png */,
				49C821E31BBAC8C70031ED7F /* encrypt_wrong_small.png */,
				49C821DB1BBAA6A70031ED7F /* encrypt_mail.png */,
				49C821DC1BBAA6A70031ED7F /* menu.png */,
				49C821DD1BBAA6A70031ED7F /* menu@2x.png */,
			);
			name = Images;
			sourceTree = "<group>";
		};
		49C9B2731BB568B1001B86F0 /* Logger */ = {
			isa = PBXGroup;
			children = (
				49C9B2741BB568DB001B86F0 /* VirgilLog.h */,
				49C9B2751BB568DB001B86F0 /* VirgilLog.m */,
			);
			name = Logger;
			sourceTree = "<group>";
		};
		D111742A1B67FBEE00DD9A39 = {
			isa = PBXGroup;
			children = (
				D11174381B67FBEE00DD9A39 /* VirgilSecurityMail */,
				D14D64751BA3A41000B47D22 /* VirgilUpdate */,
				D11174351B67FBEE00DD9A39 /* Frameworks */,
				D11174341B67FBEE00DD9A39 /* Products */,
				ED796B1CEBE3DB95DD4F1E4D /* Pods */,
			);
			sourceTree = "<group>";
		};
		D11174341B67FBEE00DD9A39 /* Products */ = {
			isa = PBXGroup;
			children = (
				D11174331B67FBEE00DD9A39 /* VirgilSecurityMail.mailbundle */,
				D14D64741BA3A41000B47D22 /* VirgilUpdate.app */,
			);
			name = Products;
			sourceTree = "<group>";
		};
		D11174351B67FBEE00DD9A39 /* Frameworks */ = {
			isa = PBXGroup;
			children = (
				494EE26D1C7615F900AE6EF5 /* VirgilFoundation.framework */,
				494EE26E1C7615F900AE6EF5 /* VirgilSDK.framework */,
				494EE26B1C7615D500AE6EF5 /* VirgilFoundation.framework */,
				494EE2681C76152E00AE6EF5 /* VirgilSDK.framework */,
				49FBE6AC1BBA9C8F001EC529 /* QuartzCore.framework */,
				D14D64991BA3A71C00B47D22 /* Sparkle.framework */,
				D1FA26271B9993BE003335BB /* Security.framework */,
				D14ACD9F1B97702500A8E164 /* WebKit.framework */,
				D13F60471B6A3ADD00508C79 /* AppKit.framework */,
				D11174361B67FBEE00DD9A39 /* CoreFoundation.framework */,
				C380A1941DE75E4EB3861AA6 /* Pods.framework */,
			);
			name = Frameworks;
			sourceTree = "<group>";
		};
		D11174381B67FBEE00DD9A39 /* VirgilSecurityMail */ = {
			isa = PBXGroup;
			children = (
				49C821DA1BBAA68D0031ED7F /* Images */,
				D11174471B6805DD00DD9A39 /* src */,
				D11174391B67FBEE00DD9A39 /* Supporting Files */,
			);
			path = VirgilSecurityMail;
			sourceTree = "<group>";
		};
		D11174391B67FBEE00DD9A39 /* Supporting Files */ = {
			isa = PBXGroup;
			children = (
				49330E5F1BF3DBDC00D5CF26 /* org.virgilsecurity.mail.update.uuid.plist */,
				49330E5D1BF3D92700D5CF26 /* update-uuid.sh */,
				49D0C2D71BB923BB00131ACB /* virgil-feedback.sh */,
				D122635C1BA7061A0053B132 /* org.virgilsecurity.mail.update.plist */,
				D111743A1B67FBEE00DD9A39 /* VirgilSecurityMail-Info.plist */,
				D111743B1B67FBEE00DD9A39 /* InfoPlist.strings */,
				D111743E1B67FBEE00DD9A39 /* VirgilSecurityMail-Prefix.pch */,
			);
			name = "Supporting Files";
			sourceTree = "<group>";
		};
		D11174471B6805DD00DD9A39 /* src */ = {
			isa = PBXGroup;
			children = (
				D13F60531B6B6CB600508C79 /* VirgilProcessing */,
				D1DDA90C1B91B1FF00002A2F /* Gui */,
				D1CBA8491B7BC3F300217919 /* OutgoingMes */,
				D13F60491B6AB36400508C79 /* CommonMes */,
				D13F60451B6A33AC00508C79 /* MailHeaders */,
				D13F60311B6A1AD700508C79 /* IncommingMes */,
				D13F602A1B6A1A5E00508C79 /* Helpers */,
				D11174441B6805D400DD9A39 /* VirgilMain.h */,
				D11174451B6805D400DD9A39 /* VirgilMain.m */,
				D13F60411B6A1D1300508C79 /* VirgilHandlersInstaller.h */,
				D13F60421B6A1D1300508C79 /* VirgilHandlersInstaller.m */,
			);
			name = src;
			path = ..;
			sourceTree = "<group>";
		};
		D13F602A1B6A1A5E00508C79 /* Helpers */ = {
			isa = PBXGroup;
			children = (
				49C9B2731BB568B1001B86F0 /* Logger */,
				D15362C21B6F62CC000215F9 /* Base64 */,
				D15362AF1B6C02D2000215F9 /* HTMLParser */,
				D13F602B1B6A1A9600508C79 /* JRLPSwizzle.h */,
				D13F602C1B6A1A9600508C79 /* JRLPSwizzle.m */,
				49CD501E1BB40436007B0E23 /* HTMLConverter.h */,
				49CD501F1BB40436007B0E23 /* HTMLConverter.m */,
				D1E7CABF1B73FC9E00F4EC4F /* VirgilClassNameResolver.h */,
				D1E7CAC01B73FC9E00F4EC4F /* VirgilClassNameResolver.m */,
				D1DDA9091B91B1EA00002A2F /* VirgilValidator.h */,
				D1DDA90A1B91B1EA00002A2F /* VirgilValidator.m */,
				D14ACD911B974AE700A8E164 /* VirgilPreferencesHelper.h */,
				D14ACD921B974AE700A8E164 /* VirgilPreferencesHelper.m */,
				D1FA26241B98E6E2003335BB /* VirgilKeychainWrapper.h */,
				D1FA26251B98E6E2003335BB /* VirgilKeychainWrapper.m */,
				49CD501B1BB3DD89007B0E23 /* NSString+QuotedPrintable.h */,
				49CD501C1BB3DD89007B0E23 /* NSString+QuotedPrintable.m */,
				49C821EA1BBC5AB20031ED7F /* VirgilImageProcessing.h */,
				49C821EB1BBC5AB20031ED7F /* VirgilImageProcessing.m */,
				49C821FD1BBDD1680031ED7F /* VirgilDynamicVariables.h */,
				49C821FE1BBDD1680031ED7F /* VirgilDynamicVariables.m */,
				490435411BC56D5400083D16 /* VirgilAccountInfo.h */,
				490435421BC56D5400083D16 /* VirgilAccountInfo.m */,
			);
			name = Helpers;
			sourceTree = "<group>";
		};
		D13F60311B6A1AD700508C79 /* IncommingMes */ = {
			isa = PBXGroup;
			children = (
				49C821F71BBD524D0031ED7F /* VirgilMessageViewController.h */,
				49C821F81BBD524D0031ED7F /* VirgilMessageViewController.m */,
				49C821FA1BBD70620031ED7F /* VirgilBannerContainerViewController.h */,
				49C821FB1BBD70620031ED7F /* VirgilBannerContainerViewController.m */,
			);
			name = IncommingMes;
			sourceTree = "<group>";
		};
		D13F60491B6AB36400508C79 /* CommonMes */ = {
			isa = PBXGroup;
			children = (
				D13F60501B6B50F300508C79 /* VirgilMimePart.h */,
				D13F60511B6B50F300508C79 /* VirgilMimePart.m */,
				49D0C2DC1BB99F2B00131ACB /* VirgilMessageView.h */,
				49D0C2DD1BB99F2B00131ACB /* VirgilMessageView.m */,
				49D0C2EB1BB9B8ED00131ACB /* VirgilHeaderViewController.h */,
				49D0C2EC1BB9B8ED00131ACB /* VirgilHeaderViewController.m */,
				49FBE6A91BBA86C5001EC529 /* VirgilMessageListObjectProxy.h */,
				49FBE6AA1BBA86C5001EC529 /* VirgilMessageListObjectProxy.m */,
			);
			name = CommonMes;
			sourceTree = "<group>";
		};
		D13F60531B6B6CB600508C79 /* VirgilProcessing */ = {
			isa = PBXGroup;
			children = (
				D15362BB1B6C52BE000215F9 /* Keys */,
				D13F605A1B6B6D6200508C79 /* VirgilProcessingManager.h */,
				D13F605B1B6B6D6200508C79 /* VirgilProcessingManager.m */,
				D15362B61B6C43AD000215F9 /* VirgilEncryptedContent.h */,
				D15362B91B6C48EB000215F9 /* VirgilEncryptedContent.m */,
				D1F7207F1B73E892007C8955 /* VirgilDecryptedMail.h */,
				D1F720801B73E892007C8955 /* VirgilDecryptedMail.m */,
				49E32F981BC24D6500A37F42 /* VirgilDecryptedMailContainer.h */,
				49E32F991BC24D6500A37F42 /* VirgilDecryptedMailContainer.m */,
				D1E7CAC51B7688D400F4EC4F /* VirgilDecryptedContent.h */,
				D1E7CAC61B7688D400F4EC4F /* VirgilDecryptedContent.m */,
				D1F8982B1B985B630062633B /* VirgilPreferencesContainer.h */,
				D1F8982C1B985B630062633B /* VirgilPreferencesContainer.m */,
			);
			name = VirgilProcessing;
			sourceTree = "<group>";
		};
		D14D64751BA3A41000B47D22 /* VirgilUpdate */ = {
			isa = PBXGroup;
			children = (
				D14D64A31BA3B34500B47D22 /* VirgilUpdate.entitlements */,
				D14D64781BA3A41000B47D22 /* AppDelegate.h */,
				D14D64791BA3A41000B47D22 /* AppDelegate.m */,
				D14D647D1BA3A41000B47D22 /* Images.xcassets */,
				D14D647F1BA3A41000B47D22 /* MainMenu.xib */,
				D14D649E1BA3A88700B47D22 /* Resources */,
				D14D64761BA3A41000B47D22 /* Supporting Files */,
			);
			path = VirgilUpdate;
			sourceTree = "<group>";
		};
		D14D64761BA3A41000B47D22 /* Supporting Files */ = {
			isa = PBXGroup;
			children = (
				D14D64771BA3A41000B47D22 /* Info.plist */,
				D14D647B1BA3A41000B47D22 /* main.m */,
			);
			name = "Supporting Files";
			sourceTree = "<group>";
		};
		D14D649E1BA3A88700B47D22 /* Resources */ = {
			isa = PBXGroup;
			children = (
				D10400AC1BA84DB3003FC484 /* VirgilMail.icns */,
				D14D649F1BA3A89A00B47D22 /* dsa_pub.pem */,
			);
			name = Resources;
			sourceTree = "<group>";
		};
		D15362AF1B6C02D2000215F9 /* HTMLParser */ = {
			isa = PBXGroup;
			children = (
				D15362B01B6C0335000215F9 /* HTMLNode.h */,
				D15362B11B6C0335000215F9 /* HTMLNode.m */,
				D15362B21B6C0335000215F9 /* HTMLParser.h */,
				D15362B31B6C0335000215F9 /* HTMLParser.m */,
			);
			name = HTMLParser;
			sourceTree = "<group>";
		};
		D15362BB1B6C52BE000215F9 /* Keys */ = {
			isa = PBXGroup;
			children = (
				D1DDA9061B91B05300002A2F /* VirgilErrorCodesParser.h */,
				D1DDA9071B91B05300002A2F /* VirgilErrorCodesParser.m */,
				D1DDA8F61B91A34100002A2F /* VirgilKeyManager.h */,
				D1DDA8F71B91A34100002A2F /* VirgilKeyManager.m */,
				D1DDA8F81B91A34100002A2F /* VirgilPrivateKey.h */,
				D1DDA8F91B91A34100002A2F /* VirgilPrivateKey.m */,
				D1DDA8FE1B91A34100002A2F /* VirgilPublicKey.h */,
				D1DDA8FF1B91A34100002A2F /* VirgilPublicKey.m */,
				D1FA26291B999B0F003335BB /* VirgilKeyChain.h */,
				D1FA262A1B999B0F003335BB /* VirgilKeyChain.m */,
				D1FA262C1B999D33003335BB /* VirgilKeyChainContainer.h */,
				D1FA262D1B999D33003335BB /* VirgilKeyChainContainer.m */,
			);
			name = Keys;
			sourceTree = "<group>";
		};
		D15362C21B6F62CC000215F9 /* Base64 */ = {
			isa = PBXGroup;
			children = (
				D15362C31B6F62E4000215F9 /* NSData+Base64.h */,
				D15362C41B6F62E4000215F9 /* NSData+Base64.m */,
				49DBE3FC1BCD60CD002B4A0D /* NSString+Base64.h */,
				49DBE3FD1BCD60CD002B4A0D /* NSString+Base64.m */,
			);
			name = Base64;
			sourceTree = "<group>";
		};
		D1CBA8491B7BC3F300217919 /* OutgoingMes */ = {
			isa = PBXGroup;
			children = (
				4907EC611BCE78060008A7E8 /* VirgilMailToolbar.h */,
				4907EC601BCE78060008A7E8 /* VirgilMailToolbar.m */,
				4907EC581BCE77170008A7E8 /* VirgilComposeWindowController.h */,
				4907EC571BCE77170008A7E8 /* VirgilComposeWindowController.m */,
				D1CBA84A1B7BC43900217919 /* VirgilDocumentEditor.h */,
				D1CBA84B1B7BC43900217919 /* VirgilDocumentEditor.m */,
				D1CBA84D1B7BC55300217919 /* VirgilMenu.h */,
				D1CBA84E1B7BC55300217919 /* VirgilMenu.m */,
				D1CBA8501B7BD8B900217919 /* VirgilNSWindow.h */,
				D1CBA8511B7BD8B900217919 /* VirgilNSWindow.m */,
				D1CBA85D1B7D45C200217919 /* VirgilComposeBackEnd.h */,
				D1CBA85E1B7D45C200217919 /* VirgilComposeBackEnd.m */,
				49C821F41BBC830A0031ED7F /* VirgilHeadersEditor.h */,
				49C821F51BBC830A0031ED7F /* VirgilHeadersEditor.m */,
				4948BC331BCFD4D600D30AB7 /* VirgilComposeViewController.h */,
				4948BC341BCFD4D600D30AB7 /* VirgilComposeViewController.m */,
			);
			name = OutgoingMes;
			sourceTree = "<group>";
		};
		D1DDA90C1B91B1FF00002A2F /* Gui */ = {
			isa = PBXGroup;
			children = (
				4904354A1BC67D2B00083D16 /* Main.storyboard */,
				D122634E1BA6E85D0053B132 /* VirgilPreferences.xib */,
				D1DDA9191B91B21E00002A2F /* Helpers */,
				D1DDA9371B91BAF600002A2F /* VirgilGui.h */,
				D1DDA9381B91BAF600002A2F /* VirgilGui.m */,
				D14ACD9C1B976BA100A8E164 /* VirgilPreferences.h */,
				D14ACD9D1B976BA100A8E164 /* VirgilPreferences.m */,
				490435441BC60F1E00083D16 /* VirgilWellcomeViewController.h */,
				490435451BC60F1E00083D16 /* VirgilWellcomeViewController.m */,
				D1DDA90D1B91B21700002A2F /* VirgilEmailConfirmViewController.h */,
				D1DDA90E1B91B21700002A2F /* VirgilEmailConfirmViewController.m */,
				D1DDA90F1B91B21700002A2F /* VirgilErrorViewController.h */,
				D1DDA9101B91B21700002A2F /* VirgilErrorViewController.m */,
				49E32FA11BC29DB600A37F42 /* VirgilUserMessageViewController.h */,
				49E32FA21BC29DB600A37F42 /* VirgilUserMessageViewController.m */,
				49740B601BC5000800000D5E /* VirgilAccountsViewController.h */,
				49740B611BC5000800000D5E /* VirgilAccountsViewController.m */,
				499D24E01BCEC67500AFA42B /* VirgilEmailSendConfigureViewContainer.h */,
				499D24DF1BCEC67500AFA42B /* VirgilEmailSendConfigureViewContainer.m */,
				4904352E1BC53E3E00083D16 /* VirgilAccountItem.h */,
				4904352F1BC53E3E00083D16 /* VirgilAccountItem.m */,
				4904354D1BC6BD1700083D16 /* VirgilActionsViewController.h */,
				4904354E1BC6BD1700083D16 /* VirgilActionsViewController.m */,
				490435501BC6C30F00083D16 /* VirgilAccountsProtocol.h */,
				49DBE3F91BCBF22D002B4A0D /* VirgilGetPassword.h */,
				49DBE3FA1BCBF22D002B4A0D /* VirgilGetPassword.m */,
				4948BC301BCFB7F300D30AB7 /* VirgilHelpViewController.h */,
				4948BC311BCFB7F300D30AB7 /* VirgilHelpViewController.m */,
			);
			name = Gui;
			sourceTree = "<group>";
		};
		D1DDA9191B91B21E00002A2F /* Helpers */ = {
			isa = PBXGroup;
			children = (
				D1ECEE831B98221100711F55 /* VirgilPreferencesWorker.h */,
				D1ECEE841B98221100711F55 /* VirgilPreferencesWorker.m */,
				49DB7FCB1BB1B65C00640350 /* VirgilToolbarWorker.h */,
				49DB7FCC1BB1B65C00640350 /* VirgilToolbarWorker.m */,
				D1DDA9281B91B2B000002A2F /* NSViewController+VirgilView.h */,
				D1DDA9291B91B2B000002A2F /* NSViewController+VirgilView.m */,
				D1DDA91B1B91B22F00002A2F /* NSBezierPath_KBAdditions.h */,
				D1DDA91C1B91B22F00002A2F /* NSBezierPath_KBAdditions.m */,
				D1DDA91D1B91B22F00002A2F /* NSBezierPath+StrokeExtensions.h */,
				D1DDA91E1B91B22F00002A2F /* NSBezierPath+StrokeExtensions.m */,
				D1DDA91F1B91B22F00002A2F /* VirgilReplaceAnimator.h */,
				D1DDA9201B91B22F00002A2F /* VirgilReplaceAnimator.m */,
				D1DDA9211B91B22F00002A2F /* VirgilReplaceSegue.h */,
				D1DDA9221B91B22F00002A2F /* VirgilReplaceSegue.m */,
			);
			name = Helpers;
			sourceTree = "<group>";
		};
		ED796B1CEBE3DB95DD4F1E4D /* Pods */ = {
			isa = PBXGroup;
			children = (
				980CF8AA6C5FFEEEEA692550 /* Pods.debug.xcconfig */,
				EB7897BBA56D055A5DD81BF4 /* Pods.release.xcconfig */,
			);
			name = Pods;
			sourceTree = "<group>";
		};
/* End PBXGroup section */

/* Begin PBXNativeTarget section */
		D11174321B67FBEE00DD9A39 /* VirgilSecurityMail */ = {
			isa = PBXNativeTarget;
			buildConfigurationList = D11174411B67FBEE00DD9A39 /* Build configuration list for PBXNativeTarget "VirgilSecurityMail" */;
			buildPhases = (
				9171A9332F91D540E6B93F1B /* Check Pods Manifest.lock */,
				D111742F1B67FBEE00DD9A39 /* Sources */,
				D11174301B67FBEE00DD9A39 /* Frameworks */,
				D11174311B67FBEE00DD9A39 /* Resources */,
				D194C9731BA6558A00483413 /* CopyFiles */,
				D13F60441B6A2C9E00508C79 /* ShellScript */,
				D10400B21BA855FB003FC484 /* Fix version info */,
				4558FF68351E395DDC13BD43 /* Copy Pods Resources */,
			);
			buildRules = (
			);
			dependencies = (
				D14D64951BA3A42700B47D22 /* PBXTargetDependency */,
			);
			name = VirgilSecurityMail;
			productName = VirgilSecurityMail;
			productReference = D11174331B67FBEE00DD9A39 /* VirgilSecurityMail.mailbundle */;
			productType = "com.apple.product-type.bundle";
		};
		D14D64731BA3A41000B47D22 /* VirgilUpdate */ = {
			isa = PBXNativeTarget;
			buildConfigurationList = D14D648E1BA3A41100B47D22 /* Build configuration list for PBXNativeTarget "VirgilUpdate" */;
			buildPhases = (
				D14D64701BA3A41000B47D22 /* Sources */,
				D14D64711BA3A41000B47D22 /* Frameworks */,
				D14D64721BA3A41000B47D22 /* Resources */,
				D14D649C1BA3A74E00B47D22 /* Copy Files */,
				D10400AF1BA85309003FC484 /* Fix version info */,
			);
			buildRules = (
			);
			dependencies = (
			);
			name = VirgilUpdate;
			productName = VirgilUpdate;
			productReference = D14D64741BA3A41000B47D22 /* VirgilUpdate.app */;
			productType = "com.apple.product-type.application";
		};
/* End PBXNativeTarget section */

/* Begin PBXProject section */
		D111742B1B67FBEE00DD9A39 /* Project object */ = {
			isa = PBXProject;
			attributes = {
				CLASSPREFIX = Virgil;
				LastUpgradeCheck = 0640;
				ORGANIZATIONNAME = "Virgil Security";
				TargetAttributes = {
					D14D64731BA3A41000B47D22 = {
						CreatedOnToolsVersion = 6.4;
						SystemCapabilities = {
							com.apple.Sandbox = {
								enabled = 0;
							};
						};
					};
				};
			};
			buildConfigurationList = D111742E1B67FBEE00DD9A39 /* Build configuration list for PBXProject "VirgilSecurityMail" */;
			compatibilityVersion = "Xcode 3.2";
			developmentRegion = English;
			hasScannedForEncodings = 0;
			knownRegions = (
				en,
				Base,
			);
			mainGroup = D111742A1B67FBEE00DD9A39;
			productRefGroup = D11174341B67FBEE00DD9A39 /* Products */;
			projectDirPath = "";
			projectRoot = "";
			targets = (
				D11174321B67FBEE00DD9A39 /* VirgilSecurityMail */,
				D14D64731BA3A41000B47D22 /* VirgilUpdate */,
			);
		};
/* End PBXProject section */

/* Begin PBXResourcesBuildPhase section */
		D11174311B67FBEE00DD9A39 /* Resources */ = {
			isa = PBXResourcesBuildPhase;
			buildActionMask = 2147483647;
			files = (
				49C821DF1BBAA6A70031ED7F /* menu.png in Resources */,
				D1FAE6DF1B9EF4C100B530A3 /* MailHeaders in Resources */,
				493F96591BD57F0200EF1930 /* square.png in Resources */,
				D122634C1BA6E85D0053B132 /* VirgilPreferences.xib in Resources */,
				493F965A1BD57F0200EF1930 /* square@2x.png in Resources */,
				4904353F1BC56BFB00083D16 /* ok.png in Resources */,
				4904353D1BC56BFB00083D16 /* attention.png in Resources */,
				490435401BC56BFB00083D16 /* problem.png in Resources */,
				4904354C1BC67D2B00083D16 /* Main.storyboard in Resources */,
				49C821E01BBAA6A70031ED7F /* menu@2x.png in Resources */,
				D122635A1BA6EEAB0053B132 /* VirgilUpdate.app in Resources */,
				49D0C2D81BB923BB00131ACB /* virgil-feedback.sh in Resources */,
				49330E5E1BF3D92700D5CF26 /* update-uuid.sh in Resources */,
				493F96581BD57F0200EF1930 /* rect@2x.png in Resources */,
				49C821DE1BBAA6A70031ED7F /* encrypt_mail.png in Resources */,
				493F96571BD57F0200EF1930 /* rect.png in Resources */,
				D122635D1BA7061A0053B132 /* org.virgilsecurity.mail.update.plist in Resources */,
				49330E601BF3DBDC00D5CF26 /* org.virgilsecurity.mail.update.uuid.plist in Resources */,
				49C821E51BBAC8C70031ED7F /* encrypt_unknown_small.png in Resources */,
				49C821E41BBAC8C70031ED7F /* encrypt_ok_small.png in Resources */,
				4904353E1BC56BFB00083D16 /* in_progress.png in Resources */,
				49C821E61BBAC8C70031ED7F /* encrypt_wrong_small.png in Resources */,
				490435381BC5652100083D16 /* account.png in Resources */,
			);
			runOnlyForDeploymentPostprocessing = 0;
		};
		D14D64721BA3A41000B47D22 /* Resources */ = {
			isa = PBXResourcesBuildPhase;
			buildActionMask = 2147483647;
			files = (
				D14D647E1BA3A41000B47D22 /* Images.xcassets in Resources */,
				D14D64A01BA3A89A00B47D22 /* dsa_pub.pem in Resources */,
				D10400AD1BA84DB3003FC484 /* VirgilMail.icns in Resources */,
				D12263451BA6DF820053B132 /* MainMenu.xib in Resources */,
			);
			runOnlyForDeploymentPostprocessing = 0;
		};
/* End PBXResourcesBuildPhase section */

/* Begin PBXShellScriptBuildPhase section */
		4558FF68351E395DDC13BD43 /* Copy Pods Resources */ = {
			isa = PBXShellScriptBuildPhase;
			buildActionMask = 2147483647;
			files = (
			);
			inputPaths = (
			);
			name = "Copy Pods Resources";
			outputPaths = (
			);
			runOnlyForDeploymentPostprocessing = 0;
			shellPath = /bin/sh;
			shellScript = "\"${SRCROOT}/Pods/Target Support Files/Pods/Pods-resources.sh\"\n";
			showEnvVarsInLog = 0;
		};
		9171A9332F91D540E6B93F1B /* Check Pods Manifest.lock */ = {
			isa = PBXShellScriptBuildPhase;
			buildActionMask = 2147483647;
			files = (
			);
			inputPaths = (
			);
			name = "Check Pods Manifest.lock";
			outputPaths = (
			);
			runOnlyForDeploymentPostprocessing = 0;
			shellPath = /bin/sh;
			shellScript = "diff \"${PODS_ROOT}/../Podfile.lock\" \"${PODS_ROOT}/Manifest.lock\" > /dev/null\nif [[ $? != 0 ]] ; then\n    cat << EOM\nerror: The sandbox is not in sync with the Podfile.lock. Run 'pod install' or update your CocoaPods installation.\nEOM\n    exit 1\nfi\n";
			showEnvVarsInLog = 0;
		};
		D10400AF1BA85309003FC484 /* Fix version info */ = {
			isa = PBXShellScriptBuildPhase;
			buildActionMask = 2147483647;
			files = (
			);
			inputPaths = (
			);
			name = "Fix version info";
			outputPaths = (
			);
			runOnlyForDeploymentPostprocessing = 0;
			shellPath = /bin/sh;
			shellScript = "if [[ \"$CONFIGURATION\" == \"Release\" ]]; then\n/usr/libexec/PlistBuddy\t\t\t\t\t\t\t\t\t\\\n-c \"Set CFBundleVersion '${BUNDLE_VERSION}'\"\t\t\t\t\\\n-c \"Set CFBundleShortVersionString '${BUNDLE_SHORT_VERSION}'\"\t\\\n\"$BUILT_PRODUCTS_DIR/$INFOPLIST_PATH\"\nfi";
		};
		D10400B21BA855FB003FC484 /* Fix version info */ = {
			isa = PBXShellScriptBuildPhase;
			buildActionMask = 2147483647;
			files = (
			);
			inputPaths = (
			);
			name = "Fix version info";
			outputPaths = (
			);
			runOnlyForDeploymentPostprocessing = 0;
			shellPath = /bin/sh;
			shellScript = "if [[ \"$CONFIGURATION\" == \"Release\" ]]; then\n/usr/libexec/PlistBuddy\t\t\t\t\t\t\t\t\t\\\n-c \"Set CFBundleVersion '${BUNDLE_VERSION}'\"\t\t\t\t\\\n-c \"Set CFBundleShortVersionString '${BUNDLE_SHORT_VERSION}'\"\t\\\n\"$BUILT_PRODUCTS_DIR/$INFOPLIST_PATH\"\nfi";
		};
		D13F60441B6A2C9E00508C79 /* ShellScript */ = {
			isa = PBXShellScriptBuildPhase;
			buildActionMask = 2147483647;
			files = (
			);
			inputPaths = (
			);
			outputPaths = (
			);
			runOnlyForDeploymentPostprocessing = 0;
			shellPath = /bin/sh;
			shellScript = "################################################\n# Install the bundle in ~/Library/Mail/bundles #\n################################################\n\nrm -fr \"$HOME/Library/Mail/Bundles/$FULL_PRODUCT_NAME\"\n\n# Copy the Bundle\nmkdir -p ~/Library/Mail/Bundles/\ncp -RH \"$TARGET_BUILD_DIR/$FULL_PRODUCT_NAME\" \"$HOME/Library/Mail/Bundles/\"";
		};
/* End PBXShellScriptBuildPhase section */

/* Begin PBXSourcesBuildPhase section */
		D111742F1B67FBEE00DD9A39 /* Sources */ = {
			isa = PBXSourcesBuildPhase;
			buildActionMask = 2147483647;
			files = (
				D11174461B6805D400DD9A39 /* VirgilMain.m in Sources */,
				D1DDA90B1B91B1EA00002A2F /* VirgilValidator.m in Sources */,
				D1FA262E1B999D33003335BB /* VirgilKeyChainContainer.m in Sources */,
				490435301BC53E3E00083D16 /* VirgilAccountItem.m in Sources */,
				49C821FC1BBD70620031ED7F /* VirgilBannerContainerViewController.m in Sources */,
				49C821FF1BBDD1680031ED7F /* VirgilDynamicVariables.m in Sources */,
				D14ACD9E1B976BA100A8E164 /* VirgilPreferences.m in Sources */,
				D1E7CAC11B73FC9E00F4EC4F /* VirgilClassNameResolver.m in Sources */,
				D1DDA9241B91B22F00002A2F /* NSBezierPath_KBAdditions.m in Sources */,
				4948BC321BCFB7F300D30AB7 /* VirgilHelpViewController.m in Sources */,
				49DB7FCD1BB1B65C00640350 /* VirgilToolbarWorker.m in Sources */,
				D13F60431B6A1D1300508C79 /* VirgilHandlersInstaller.m in Sources */,
				4904354F1BC6BD1700083D16 /* VirgilActionsViewController.m in Sources */,
				49C821F61BBC830A0031ED7F /* VirgilHeadersEditor.m in Sources */,
				49CD50201BB40436007B0E23 /* HTMLConverter.m in Sources */,
				D15362C51B6F62E4000215F9 /* NSData+Base64.m in Sources */,
				49C9B2761BB568DB001B86F0 /* VirgilLog.m in Sources */,
				D13F605C1B6B6D6200508C79 /* VirgilProcessingManager.m in Sources */,
				D1DDA9261B91B22F00002A2F /* VirgilReplaceAnimator.m in Sources */,
				49C821F91BBD524D0031ED7F /* VirgilMessageViewController.m in Sources */,
				D1DDA9021B91A34100002A2F /* VirgilPrivateKey.m in Sources */,
				49CD501D1BB3DD89007B0E23 /* NSString+QuotedPrintable.m in Sources */,
				D15362BA1B6C48EB000215F9 /* VirgilEncryptedContent.m in Sources */,
				49DBE3FB1BCBF22D002B4A0D /* VirgilGetPassword.m in Sources */,
				D15362B51B6C0335000215F9 /* HTMLParser.m in Sources */,
				490435461BC60F1E00083D16 /* VirgilWellcomeViewController.m in Sources */,
				49E32FA31BC29DB600A37F42 /* VirgilUserMessageViewController.m in Sources */,
				D1ECEE851B98221100711F55 /* VirgilPreferencesWorker.m in Sources */,
				D1DDA9271B91B22F00002A2F /* VirgilReplaceSegue.m in Sources */,
				D1DDA9251B91B22F00002A2F /* NSBezierPath+StrokeExtensions.m in Sources */,
				49740B621BC5000800000D5E /* VirgilAccountsViewController.m in Sources */,
				D1DDA9081B91B05300002A2F /* VirgilErrorCodesParser.m in Sources */,
				D1DDA92A1B91B2B000002A2F /* NSViewController+VirgilView.m in Sources */,
				49C821EC1BBC5AB20031ED7F /* VirgilImageProcessing.m in Sources */,
				D1DDA9161B91B21700002A2F /* VirgilErrorViewController.m in Sources */,
				D13F60521B6B50F300508C79 /* VirgilMimePart.m in Sources */,
				4948BC351BCFD4D600D30AB7 /* VirgilComposeViewController.m in Sources */,
				D14ACD931B974AE700A8E164 /* VirgilPreferencesHelper.m in Sources */,
				49D0C2DE1BB99F2B00131ACB /* VirgilMessageView.m in Sources */,
				D1CBA8521B7BD8B900217919 /* VirgilNSWindow.m in Sources */,
				D1CBA85F1B7D45C200217919 /* VirgilComposeBackEnd.m in Sources */,
				D1E7CAC71B7688D400F4EC4F /* VirgilDecryptedContent.m in Sources */,
				49DBE3FE1BCD60CD002B4A0D /* NSString+Base64.m in Sources */,
				D1F8982D1B985B630062633B /* VirgilPreferencesContainer.m in Sources */,
				D1FA262B1B999B0F003335BB /* VirgilKeyChain.m in Sources */,
				D1CBA84C1B7BC43900217919 /* VirgilDocumentEditor.m in Sources */,
				D15362B41B6C0335000215F9 /* HTMLNode.m in Sources */,
				4907EC621BCE78060008A7E8 /* VirgilMailToolbar.m in Sources */,
				D1DDA9051B91A34100002A2F /* VirgilPublicKey.m in Sources */,
				49FBE6AB1BBA86C5001EC529 /* VirgilMessageListObjectProxy.m in Sources */,
				4907EC591BCE77170008A7E8 /* VirgilComposeWindowController.m in Sources */,
				490435431BC56D5400083D16 /* VirgilAccountInfo.m in Sources */,
				D1F720811B73E892007C8955 /* VirgilDecryptedMail.m in Sources */,
				D1DDA9391B91BAF600002A2F /* VirgilGui.m in Sources */,
				D1CBA84F1B7BC55300217919 /* VirgilMenu.m in Sources */,
				49D0C2ED1BB9B8ED00131ACB /* VirgilHeaderViewController.m in Sources */,
				D13F602F1B6A1A9600508C79 /* JRLPSwizzle.m in Sources */,
				499D24E11BCEC67500AFA42B /* VirgilEmailSendConfigureViewContainer.m in Sources */,
				49E32F9A1BC24D6600A37F42 /* VirgilDecryptedMailContainer.m in Sources */,
				D1DDA9011B91A34100002A2F /* VirgilKeyManager.m in Sources */,
				D1FA26261B98E6E2003335BB /* VirgilKeychainWrapper.m in Sources */,
				D1DDA9151B91B21700002A2F /* VirgilEmailConfirmViewController.m in Sources */,
			);
			runOnlyForDeploymentPostprocessing = 0;
		};
		D14D64701BA3A41000B47D22 /* Sources */ = {
			isa = PBXSourcesBuildPhase;
			buildActionMask = 2147483647;
			files = (
				D14D647C1BA3A41000B47D22 /* main.m in Sources */,
				D14D647A1BA3A41000B47D22 /* AppDelegate.m in Sources */,
			);
			runOnlyForDeploymentPostprocessing = 0;
		};
/* End PBXSourcesBuildPhase section */

/* Begin PBXTargetDependency section */
		D14D64951BA3A42700B47D22 /* PBXTargetDependency */ = {
			isa = PBXTargetDependency;
			target = D14D64731BA3A41000B47D22 /* VirgilUpdate */;
			targetProxy = D14D64941BA3A42700B47D22 /* PBXContainerItemProxy */;
		};
/* End PBXTargetDependency section */

/* Begin PBXVariantGroup section */
		4904354A1BC67D2B00083D16 /* Main.storyboard */ = {
			isa = PBXVariantGroup;
			children = (
				4904354B1BC67D2B00083D16 /* en */,
			);
			name = Main.storyboard;
			sourceTree = "<group>";
		};
		D111743B1B67FBEE00DD9A39 /* InfoPlist.strings */ = {
			isa = PBXVariantGroup;
			children = (
				D111743C1B67FBEE00DD9A39 /* en */,
			);
			name = InfoPlist.strings;
			sourceTree = "<group>";
		};
		D122634E1BA6E85D0053B132 /* VirgilPreferences.xib */ = {
			isa = PBXVariantGroup;
			children = (
				49C821F01BBC6F2A0031ED7F /* en */,
			);
			name = VirgilPreferences.xib;
			path = VirgilSecurityMail/src/Gui;
			sourceTree = "<group>";
		};
		D14D647F1BA3A41000B47D22 /* MainMenu.xib */ = {
			isa = PBXVariantGroup;
			children = (
				D10400B11BA85578003FC484 /* Base */,
			);
			name = MainMenu.xib;
			sourceTree = "<group>";
		};
/* End PBXVariantGroup section */

/* Begin XCBuildConfiguration section */
		D111743F1B67FBEE00DD9A39 /* Debug */ = {
			isa = XCBuildConfiguration;
			buildSettings = {
				ALWAYS_SEARCH_USER_PATHS = NO;
				CLANG_CXX_LANGUAGE_STANDARD = "c++0x";
				CLANG_CXX_LIBRARY = "libc++";
				CLANG_ENABLE_OBJC_ARC = YES;
				CLANG_WARN_BOOL_CONVERSION = YES;
				CLANG_WARN_CONSTANT_CONVERSION = YES;
				CLANG_WARN_DIRECT_OBJC_ISA_USAGE = YES_ERROR;
				CLANG_WARN_EMPTY_BODY = YES;
				CLANG_WARN_ENUM_CONVERSION = YES;
				CLANG_WARN_INT_CONVERSION = YES;
				CLANG_WARN_OBJC_ROOT_CLASS = YES_ERROR;
				CLANG_WARN__DUPLICATE_METHOD_MATCH = YES;
				CODE_SIGN_IDENTITY = "";
				COPY_PHASE_STRIP = NO;
				GCC_C_LANGUAGE_STANDARD = gnu99;
				GCC_DYNAMIC_NO_PIC = NO;
				GCC_ENABLE_OBJC_EXCEPTIONS = YES;
				GCC_OPTIMIZATION_LEVEL = 0;
				GCC_PREPROCESSOR_DEFINITIONS = (
					"DEBUG=1",
					"$(inherited)",
				);
				GCC_SYMBOLS_PRIVATE_EXTERN = NO;
				GCC_WARN_64_TO_32_BIT_CONVERSION = YES;
				GCC_WARN_ABOUT_RETURN_TYPE = YES_ERROR;
				GCC_WARN_UNDECLARED_SELECTOR = YES;
				GCC_WARN_UNINITIALIZED_AUTOS = YES;
				GCC_WARN_UNUSED_FUNCTION = YES;
				GCC_WARN_UNUSED_VARIABLE = YES;
				MACOSX_DEPLOYMENT_TARGET = 10.10;
				ONLY_ACTIVE_ARCH = YES;
				"OTHER_LDFLAGS[arch=*]" = "";
				SDKROOT = macosx10.10;
			};
			name = Debug;
		};
		D11174401B67FBEE00DD9A39 /* Release */ = {
			isa = XCBuildConfiguration;
			buildSettings = {
				ALWAYS_SEARCH_USER_PATHS = NO;
				CLANG_CXX_LANGUAGE_STANDARD = "c++0x";
				CLANG_CXX_LIBRARY = "libc++";
				CLANG_ENABLE_OBJC_ARC = YES;
				CLANG_WARN_BOOL_CONVERSION = YES;
				CLANG_WARN_CONSTANT_CONVERSION = YES;
				CLANG_WARN_DIRECT_OBJC_ISA_USAGE = YES_ERROR;
				CLANG_WARN_EMPTY_BODY = YES;
				CLANG_WARN_ENUM_CONVERSION = YES;
				CLANG_WARN_INT_CONVERSION = YES;
				CLANG_WARN_OBJC_ROOT_CLASS = YES_ERROR;
				CLANG_WARN__DUPLICATE_METHOD_MATCH = YES;
				CODE_SIGN_IDENTITY = "";
				COPY_PHASE_STRIP = YES;
				DEBUG_INFORMATION_FORMAT = "dwarf-with-dsym";
				ENABLE_NS_ASSERTIONS = NO;
				GCC_C_LANGUAGE_STANDARD = gnu99;
				GCC_ENABLE_OBJC_EXCEPTIONS = YES;
				GCC_WARN_64_TO_32_BIT_CONVERSION = YES;
				GCC_WARN_ABOUT_RETURN_TYPE = YES_ERROR;
				GCC_WARN_UNDECLARED_SELECTOR = YES;
				GCC_WARN_UNINITIALIZED_AUTOS = YES;
				GCC_WARN_UNUSED_FUNCTION = YES;
				GCC_WARN_UNUSED_VARIABLE = YES;
				MACOSX_DEPLOYMENT_TARGET = 10.10;
				ONLY_ACTIVE_ARCH = YES;
				"OTHER_LDFLAGS[arch=*]" = "";
				SDKROOT = macosx10.10;
			};
			name = Release;
		};
		D11174421B67FBEE00DD9A39 /* Debug */ = {
			isa = XCBuildConfiguration;
			baseConfigurationReference = 980CF8AA6C5FFEEEEA692550 /* Pods.debug.xcconfig */;
			buildSettings = {
				ALWAYS_SEARCH_USER_PATHS = YES;
				CLANG_MODULES_AUTOLINK = YES;
				CODE_SIGN_IDENTITY = "Developer ID Application: Virgil Security, Inc. (JWNLQ3HC5A)";
				COMBINE_HIDPI_IMAGES = YES;
				CURRENT_PROJECT_VERSION = 1.0.0;
				FRAMEWORK_SEARCH_PATHS = (
					"\"$(SYSTEM_LIBRARY_DIR)/PrivateFrameworks\"",
					"$(PROJECT_DIR)",
					"$(PROJECT_DIR)/VirgilSecurityMail",
					"$(PROJECT_DIR)/VirgilUpdate",
				);
				GCC_PRECOMPILE_PREFIX_HEADER = YES;
				GCC_PREFIX_HEADER = "VirgilSecurityMail/VirgilSecurityMail-Prefix.pch";
				HEADER_SEARCH_PATHS = (
					"$(inherited)",
					/Applications/Xcode.app/Contents/Developer/Toolchains/XcodeDefault.xctoolchain/usr/include,
					"VirgilSecurityMail/src/MailHeaders/**",
					/usr/include/libxml2,
					"${PODS_ROOT}/Headers/Public",
					"${PODS_ROOT}/Headers/Public/VirgilFoundation",
					"${PODS_ROOT}/Headers/Private/VirgilSDK",
					"${PODS_ROOT}/Headers/Private/VirgilFoundation",
					"${PODS_ROOT}/Headers/Private",
				);
				INFOPLIST_FILE = "VirgilSecurityMail/VirgilSecurityMail-Info.plist";
				INSTALL_PATH = "$(HOME)/Library/Mail/Bundles";
				LIBRARY_SEARCH_PATHS = "";
				MACOSX_DEPLOYMENT_TARGET = 10.11;
				OTHER_CODE_SIGN_FLAGS = "--deep";
				"OTHER_LDFLAGS[arch=*]" = (
					"-lcurl",
					"-lxml2",
					"-lssl",
					"-lcrypto",
					"-lldap",
					"-lz",
					"-Wl,-rpath,@loader_path/../Frameworks",
				);
				PRODUCT_NAME = "$(TARGET_NAME)";
				SDKROOT = macosx10.11;
				VALID_ARCHS = x86_64;
				VERSIONING_SYSTEM = "";
				WRAPPER_EXTENSION = mailbundle;
			};
			name = Debug;
		};
		D11174431B67FBEE00DD9A39 /* Release */ = {
			isa = XCBuildConfiguration;
			baseConfigurationReference = EB7897BBA56D055A5DD81BF4 /* Pods.release.xcconfig */;
			buildSettings = {
				ALWAYS_SEARCH_USER_PATHS = YES;
				CLANG_MODULES_AUTOLINK = YES;
				CODE_SIGN_IDENTITY = "Developer ID Application: Virgil Security, Inc. (JWNLQ3HC5A)";
				COMBINE_HIDPI_IMAGES = YES;
				CURRENT_PROJECT_VERSION = 1.0.0;
				FRAMEWORK_SEARCH_PATHS = (
					"\"$(SYSTEM_LIBRARY_DIR)/PrivateFrameworks\"",
					"$(PROJECT_DIR)",
					"$(PROJECT_DIR)/VirgilSecurityMail",
					"$(PROJECT_DIR)/VirgilUpdate",
				);
				GCC_PRECOMPILE_PREFIX_HEADER = YES;
				GCC_PREFIX_HEADER = "VirgilSecurityMail/VirgilSecurityMail-Prefix.pch";
				HEADER_SEARCH_PATHS = (
					"$(inherited)",
					/Applications/Xcode.app/Contents/Developer/Toolchains/XcodeDefault.xctoolchain/usr/include,
					"VirgilSecurityMail/src/MailHeaders/**",
					/usr/include/libxml2,
					"${PODS_ROOT}/Headers/Public",
					"${PODS_ROOT}/Headers/Public/VirgilFoundation",
					"${PODS_ROOT}/Headers/Private/VirgilSDK",
					"${PODS_ROOT}/Headers/Private/VirgilFoundation",
					"${PODS_ROOT}/Headers/Private",
				);
				INFOPLIST_FILE = "VirgilSecurityMail/VirgilSecurityMail-Info.plist";
				INSTALL_PATH = "$(HOME)/Library/Mail/Bundles";
				LIBRARY_SEARCH_PATHS = "";
				MACOSX_DEPLOYMENT_TARGET = 10.11;
				OTHER_CODE_SIGN_FLAGS = "--deep";
				"OTHER_LDFLAGS[arch=*]" = (
					"-lcurl",
					"-lxml2",
					"-lssl",
					"-lcrypto",
					"-lldap",
					"-lz",
					"-Wl,-rpath,@loader_path/../Frameworks",
				);
				PRODUCT_NAME = "$(TARGET_NAME)";
				SDKROOT = macosx10.11;
				VALID_ARCHS = x86_64;
				VERSIONING_SYSTEM = "";
				WRAPPER_EXTENSION = mailbundle;
			};
			name = Release;
		};
		D14D648F1BA3A41100B47D22 /* Debug */ = {
			isa = XCBuildConfiguration;
			buildSettings = {
				ASSETCATALOG_COMPILER_APPICON_NAME = AppIcon;
				CLANG_CXX_LANGUAGE_STANDARD = "gnu++0x";
				CLANG_ENABLE_MODULES = YES;
				CLANG_WARN_UNREACHABLE_CODE = YES;
				CODE_SIGN_IDENTITY = "";
				COMBINE_HIDPI_IMAGES = YES;
				DEBUG_INFORMATION_FORMAT = dwarf;
				ENABLE_STRICT_OBJC_MSGSEND = YES;
				FRAMEWORK_SEARCH_PATHS = (
					"$(inherited)",
					"$(PROJECT_DIR)/VirgilUpdate",
				);
				GCC_NO_COMMON_BLOCKS = YES;
				GCC_PREPROCESSOR_DEFINITIONS = (
					"DEBUG=1",
					"$(inherited)",
				);
				GCC_WARN_UNINITIALIZED_AUTOS = YES_AGGRESSIVE;
				INFOPLIST_FILE = VirgilUpdate/Info.plist;
				LD_RUNPATH_SEARCH_PATHS = "$(inherited) @executable_path/../Frameworks";
				MTL_ENABLE_DEBUG_INFO = YES;
				OTHER_CODE_SIGN_FLAGS = "--deep";
				"OTHER_LDFLAGS[arch=*]" = "";
				PRODUCT_NAME = "$(TARGET_NAME)";
				SDKROOT = macosx;
			};
			name = Debug;
		};
		D14D64901BA3A41100B47D22 /* Release */ = {
			isa = XCBuildConfiguration;
			buildSettings = {
				ASSETCATALOG_COMPILER_APPICON_NAME = AppIcon;
				CLANG_CXX_LANGUAGE_STANDARD = "gnu++0x";
				CLANG_ENABLE_MODULES = YES;
				CLANG_WARN_UNREACHABLE_CODE = YES;
				CODE_SIGN_IDENTITY = "";
				COMBINE_HIDPI_IMAGES = YES;
				COPY_PHASE_STRIP = NO;
				ENABLE_STRICT_OBJC_MSGSEND = YES;
				FRAMEWORK_SEARCH_PATHS = (
					"$(inherited)",
					"$(PROJECT_DIR)/VirgilUpdate",
				);
				GCC_NO_COMMON_BLOCKS = YES;
				GCC_WARN_UNINITIALIZED_AUTOS = YES_AGGRESSIVE;
				INFOPLIST_FILE = VirgilUpdate/Info.plist;
				LD_RUNPATH_SEARCH_PATHS = "$(inherited) @executable_path/../Frameworks";
				MTL_ENABLE_DEBUG_INFO = NO;
				OTHER_CODE_SIGN_FLAGS = "--deep";
				"OTHER_LDFLAGS[arch=*]" = "";
				PRODUCT_NAME = "$(TARGET_NAME)";
				SDKROOT = macosx;
			};
			name = Release;
		};
/* End XCBuildConfiguration section */

/* Begin XCConfigurationList section */
		D111742E1B67FBEE00DD9A39 /* Build configuration list for PBXProject "VirgilSecurityMail" */ = {
			isa = XCConfigurationList;
			buildConfigurations = (
				D111743F1B67FBEE00DD9A39 /* Debug */,
				D11174401B67FBEE00DD9A39 /* Release */,
			);
			defaultConfigurationIsVisible = 0;
			defaultConfigurationName = Release;
		};
		D11174411B67FBEE00DD9A39 /* Build configuration list for PBXNativeTarget "VirgilSecurityMail" */ = {
			isa = XCConfigurationList;
			buildConfigurations = (
				D11174421B67FBEE00DD9A39 /* Debug */,
				D11174431B67FBEE00DD9A39 /* Release */,
			);
			defaultConfigurationIsVisible = 0;
			defaultConfigurationName = Release;
		};
		D14D648E1BA3A41100B47D22 /* Build configuration list for PBXNativeTarget "VirgilUpdate" */ = {
			isa = XCConfigurationList;
			buildConfigurations = (
				D14D648F1BA3A41100B47D22 /* Debug */,
				D14D64901BA3A41100B47D22 /* Release */,
			);
			defaultConfigurationIsVisible = 0;
			defaultConfigurationName = Release;
		};
/* End XCConfigurationList section */
	};
	rootObject = D111742B1B67FBEE00DD9A39 /* Project object */;
}
