// !$*UTF8*$!
{
	archiveVersion = 1;
	classes = {
	};
	objectVersion = 46;
	objects = {

/* Begin PBXBuildFile section */
		D11174371B67FBEE00DD9A39 /* CoreFoundation.framework in Frameworks */ = {isa = PBXBuildFile; fileRef = D11174361B67FBEE00DD9A39 /* CoreFoundation.framework */; };
		D11174461B6805D400DD9A39 /* VirgilMain.m in Sources */ = {isa = PBXBuildFile; fileRef = D11174451B6805D400DD9A39 /* VirgilMain.m */; };
		D111744C1B68078D00DD9A39 /* VirgilSecurityMail.mailbundle in CopyFiles */ = {isa = PBXBuildFile; fileRef = D11174331B67FBEE00DD9A39 /* VirgilSecurityMail.mailbundle */; };
		D13F602F1B6A1A9600508C79 /* JRLPSwizzle.m in Sources */ = {isa = PBXBuildFile; fileRef = D13F602C1B6A1A9600508C79 /* JRLPSwizzle.m */; };
		D13F603D1B6A1C9A00508C79 /* VirgilMessageContentController.m in Sources */ = {isa = PBXBuildFile; fileRef = D13F603C1B6A1C9A00508C79 /* VirgilMessageContentController.m */; };
		D13F60401B6A1D0600508C79 /* VirgilMessageRouter.m in Sources */ = {isa = PBXBuildFile; fileRef = D13F603F1B6A1D0600508C79 /* VirgilMessageRouter.m */; };
		D13F60431B6A1D1300508C79 /* VirgilHandlersInstaller.m in Sources */ = {isa = PBXBuildFile; fileRef = D13F60421B6A1D1300508C79 /* VirgilHandlersInstaller.m */; };
		D13F60461B6A33AC00508C79 /* MailHeaders in Resources */ = {isa = PBXBuildFile; fileRef = D13F60451B6A33AC00508C79 /* MailHeaders */; };
		D13F60481B6A3ADD00508C79 /* AppKit.framework in Frameworks */ = {isa = PBXBuildFile; fileRef = D13F60471B6A3ADD00508C79 /* AppKit.framework */; };
		D13F604C1B6AB38200508C79 /* VirgilMimeBody.m in Sources */ = {isa = PBXBuildFile; fileRef = D13F604B1B6AB38200508C79 /* VirgilMimeBody.m */; };
		D13F604F1B6ABC4B00508C79 /* VirgilMessageCriterion.m in Sources */ = {isa = PBXBuildFile; fileRef = D13F604E1B6ABC4B00508C79 /* VirgilMessageCriterion.m */; };
		D13F60521B6B50F300508C79 /* VirgilMimePart.m in Sources */ = {isa = PBXBuildFile; fileRef = D13F60511B6B50F300508C79 /* VirgilMimePart.m */; };
		D13F605C1B6B6D6200508C79 /* VirgilProcessingManager.m in Sources */ = {isa = PBXBuildFile; fileRef = D13F605B1B6B6D6200508C79 /* VirgilProcessingManager.m */; };
		D15362B41B6C0335000215F9 /* HTMLNode.m in Sources */ = {isa = PBXBuildFile; fileRef = D15362B11B6C0335000215F9 /* HTMLNode.m */; };
		D15362B51B6C0335000215F9 /* HTMLParser.m in Sources */ = {isa = PBXBuildFile; fileRef = D15362B31B6C0335000215F9 /* HTMLParser.m */; };
		D15362BA1B6C48EB000215F9 /* VirgilEncryptedContent.m in Sources */ = {isa = PBXBuildFile; fileRef = D15362B91B6C48EB000215F9 /* VirgilEncryptedContent.m */; };
		D15362C11B6F3555000215F9 /* VirgilCryptoLibWrapper.mm in Sources */ = {isa = PBXBuildFile; fileRef = D15362C01B6F3555000215F9 /* VirgilCryptoLibWrapper.mm */; };
		D15362C51B6F62E4000215F9 /* NSData+Base64.m in Sources */ = {isa = PBXBuildFile; fileRef = D15362C41B6F62E4000215F9 /* NSData+Base64.m */; };
		D1CBA84C1B7BC43900217919 /* VirgilDocumentEditor.m in Sources */ = {isa = PBXBuildFile; fileRef = D1CBA84B1B7BC43900217919 /* VirgilDocumentEditor.m */; };
		D1CBA84F1B7BC55300217919 /* VirgilMenu.m in Sources */ = {isa = PBXBuildFile; fileRef = D1CBA84E1B7BC55300217919 /* VirgilMenu.m */; };
		D1CBA8521B7BD8B900217919 /* VirgilNSWindow.m in Sources */ = {isa = PBXBuildFile; fileRef = D1CBA8511B7BD8B900217919 /* VirgilNSWindow.m */; };
		D1CBA85F1B7D45C200217919 /* VirgilComposeBackEnd.m in Sources */ = {isa = PBXBuildFile; fileRef = D1CBA85E1B7D45C200217919 /* VirgilComposeBackEnd.m */; };
		D1DDA9001B91A34100002A2F /* VirgilHelpers.mm in Sources */ = {isa = PBXBuildFile; fileRef = D1DDA8F51B91A34100002A2F /* VirgilHelpers.mm */; };
		D1DDA9011B91A34100002A2F /* VirgilKeyManager.mm in Sources */ = {isa = PBXBuildFile; fileRef = D1DDA8F71B91A34100002A2F /* VirgilKeyManager.mm */; };
		D1DDA9021B91A34100002A2F /* VirgilPrivateKey.m in Sources */ = {isa = PBXBuildFile; fileRef = D1DDA8F91B91A34100002A2F /* VirgilPrivateKey.m */; };
		D1DDA9031B91A34100002A2F /* VirgilPrivateKeyEndpoints.m in Sources */ = {isa = PBXBuildFile; fileRef = D1DDA8FB1B91A34100002A2F /* VirgilPrivateKeyEndpoints.m */; };
		D1DDA9041B91A34100002A2F /* VirgilPrivateKeyManager.mm in Sources */ = {isa = PBXBuildFile; fileRef = D1DDA8FD1B91A34100002A2F /* VirgilPrivateKeyManager.mm */; };
		D1DDA9051B91A34100002A2F /* VirgilPublicKey.m in Sources */ = {isa = PBXBuildFile; fileRef = D1DDA8FF1B91A34100002A2F /* VirgilPublicKey.m */; };
		D1DDA9081B91B05300002A2F /* VirgilErrorCodesParser.m in Sources */ = {isa = PBXBuildFile; fileRef = D1DDA9071B91B05300002A2F /* VirgilErrorCodesParser.m */; };
		D1DDA90B1B91B1EA00002A2F /* VirgilValidator.m in Sources */ = {isa = PBXBuildFile; fileRef = D1DDA90A1B91B1EA00002A2F /* VirgilValidator.m */; };
		D1DDA9151B91B21700002A2F /* VirgilEmailConfirmViewController.m in Sources */ = {isa = PBXBuildFile; fileRef = D1DDA90E1B91B21700002A2F /* VirgilEmailConfirmViewController.m */; };
		D1DDA9161B91B21700002A2F /* VirgilErrorViewController.m in Sources */ = {isa = PBXBuildFile; fileRef = D1DDA9101B91B21700002A2F /* VirgilErrorViewController.m */; };
		D1DDA9171B91B21700002A2F /* VirgilRegisterViewController.m in Sources */ = {isa = PBXBuildFile; fileRef = D1DDA9121B91B21700002A2F /* VirgilRegisterViewController.m */; };
		D1DDA9181B91B21700002A2F /* VirgilSignInViewController.m in Sources */ = {isa = PBXBuildFile; fileRef = D1DDA9141B91B21700002A2F /* VirgilSignInViewController.m */; };
		D1DDA9241B91B22F00002A2F /* NSBezierPath_KBAdditions.m in Sources */ = {isa = PBXBuildFile; fileRef = D1DDA91C1B91B22F00002A2F /* NSBezierPath_KBAdditions.m */; };
		D1DDA9251B91B22F00002A2F /* NSBezierPath+StrokeExtensions.m in Sources */ = {isa = PBXBuildFile; fileRef = D1DDA91E1B91B22F00002A2F /* NSBezierPath+StrokeExtensions.m */; };
		D1DDA9261B91B22F00002A2F /* VirgilReplaceAnimator.m in Sources */ = {isa = PBXBuildFile; fileRef = D1DDA9201B91B22F00002A2F /* VirgilReplaceAnimator.m */; };
		D1DDA9271B91B22F00002A2F /* VirgilReplaceSegue.m in Sources */ = {isa = PBXBuildFile; fileRef = D1DDA9221B91B22F00002A2F /* VirgilReplaceSegue.m */; };
		D1DDA92A1B91B2B000002A2F /* NSViewController+VirgilView.m in Sources */ = {isa = PBXBuildFile; fileRef = D1DDA9291B91B2B000002A2F /* NSViewController+VirgilView.m */; };
		D1DDA92D1B91B32600002A2F /* VirgilNetRequest.m in Sources */ = {isa = PBXBuildFile; fileRef = D1DDA92C1B91B32600002A2F /* VirgilNetRequest.m */; };
		D1DDA9361B91B4B300002A2F /* Main.storyboard in Resources */ = {isa = PBXBuildFile; fileRef = D1DDA9351B91B4B300002A2F /* Main.storyboard */; };
		D1DDA9391B91BAF600002A2F /* VirgilKeysGui.m in Sources */ = {isa = PBXBuildFile; fileRef = D1DDA9381B91BAF600002A2F /* VirgilKeysGui.m */; };
		D1E7CAC11B73FC9E00F4EC4F /* VirgilClassNameResolver.m in Sources */ = {isa = PBXBuildFile; fileRef = D1E7CAC01B73FC9E00F4EC4F /* VirgilClassNameResolver.m */; };
		D1E7CAC71B7688D400F4EC4F /* VirgilDecryptedContent.m in Sources */ = {isa = PBXBuildFile; fileRef = D1E7CAC61B7688D400F4EC4F /* VirgilDecryptedContent.m */; };
		D1F720811B73E892007C8955 /* VirgilDecryptedMail.m in Sources */ = {isa = PBXBuildFile; fileRef = D1F720801B73E892007C8955 /* VirgilDecryptedMail.m */; };
/* End PBXBuildFile section */

/* Begin PBXCopyFilesBuildPhase section */
		D111744B1B68076400DD9A39 /* CopyFiles */ = {
			isa = PBXCopyFilesBuildPhase;
			buildActionMask = 8;
			dstPath = "~/Library/Mail/Bundles";
			dstSubfolderSpec = 0;
			files = (
				D111744C1B68078D00DD9A39 /* VirgilSecurityMail.mailbundle in CopyFiles */,
			);
			runOnlyForDeploymentPostprocessing = 1;
		};
/* End PBXCopyFilesBuildPhase section */

/* Begin PBXFileReference section */
		D11174331B67FBEE00DD9A39 /* VirgilSecurityMail.mailbundle */ = {isa = PBXFileReference; explicitFileType = wrapper.cfbundle; includeInIndex = 0; path = VirgilSecurityMail.mailbundle; sourceTree = BUILT_PRODUCTS_DIR; };
		D11174361B67FBEE00DD9A39 /* CoreFoundation.framework */ = {isa = PBXFileReference; lastKnownFileType = wrapper.framework; name = CoreFoundation.framework; path = System/Library/Frameworks/CoreFoundation.framework; sourceTree = SDKROOT; };
		D111743A1B67FBEE00DD9A39 /* VirgilSecurityMail-Info.plist */ = {isa = PBXFileReference; lastKnownFileType = text.plist.xml; path = "VirgilSecurityMail-Info.plist"; sourceTree = "<group>"; };
		D111743C1B67FBEE00DD9A39 /* en */ = {isa = PBXFileReference; lastKnownFileType = text.plist.strings; name = en; path = en.lproj/InfoPlist.strings; sourceTree = "<group>"; };
		D111743E1B67FBEE00DD9A39 /* VirgilSecurityMail-Prefix.pch */ = {isa = PBXFileReference; lastKnownFileType = sourcecode.c.h; path = "VirgilSecurityMail-Prefix.pch"; sourceTree = "<group>"; };
		D11174441B6805D400DD9A39 /* VirgilMain.h */ = {isa = PBXFileReference; fileEncoding = 4; lastKnownFileType = sourcecode.c.h; name = VirgilMain.h; path = VirgilSecurityMail/src/VirgilMain.h; sourceTree = "<group>"; };
		D11174451B6805D400DD9A39 /* VirgilMain.m */ = {isa = PBXFileReference; fileEncoding = 4; lastKnownFileType = sourcecode.c.objc; name = VirgilMain.m; path = VirgilSecurityMail/src/VirgilMain.m; sourceTree = "<group>"; };
		D13F602B1B6A1A9600508C79 /* JRLPSwizzle.h */ = {isa = PBXFileReference; fileEncoding = 4; lastKnownFileType = sourcecode.c.h; name = JRLPSwizzle.h; path = VirgilSecurityMail/src/Helpers/JRLPSwizzle.h; sourceTree = "<group>"; };
		D13F602C1B6A1A9600508C79 /* JRLPSwizzle.m */ = {isa = PBXFileReference; fileEncoding = 4; lastKnownFileType = sourcecode.c.objc; name = JRLPSwizzle.m; path = VirgilSecurityMail/src/Helpers/JRLPSwizzle.m; sourceTree = "<group>"; };
		D13F603B1B6A1C9A00508C79 /* VirgilMessageContentController.h */ = {isa = PBXFileReference; fileEncoding = 4; lastKnownFileType = sourcecode.c.h; name = VirgilMessageContentController.h; path = VirgilSecurityMail/src/IncommingMes/VirgilMessageContentController.h; sourceTree = "<group>"; };
		D13F603C1B6A1C9A00508C79 /* VirgilMessageContentController.m */ = {isa = PBXFileReference; fileEncoding = 4; lastKnownFileType = sourcecode.c.objc; name = VirgilMessageContentController.m; path = VirgilSecurityMail/src/IncommingMes/VirgilMessageContentController.m; sourceTree = "<group>"; };
		D13F603E1B6A1D0600508C79 /* VirgilMessageRouter.h */ = {isa = PBXFileReference; fileEncoding = 4; lastKnownFileType = sourcecode.c.h; name = VirgilMessageRouter.h; path = VirgilSecurityMail/src/IncommingMes/VirgilMessageRouter.h; sourceTree = "<group>"; };
		D13F603F1B6A1D0600508C79 /* VirgilMessageRouter.m */ = {isa = PBXFileReference; fileEncoding = 4; lastKnownFileType = sourcecode.c.objc; name = VirgilMessageRouter.m; path = VirgilSecurityMail/src/IncommingMes/VirgilMessageRouter.m; sourceTree = "<group>"; };
		D13F60411B6A1D1300508C79 /* VirgilHandlersInstaller.h */ = {isa = PBXFileReference; fileEncoding = 4; lastKnownFileType = sourcecode.c.h; name = VirgilHandlersInstaller.h; path = VirgilSecurityMail/src/VirgilHandlersInstaller.h; sourceTree = "<group>"; };
		D13F60421B6A1D1300508C79 /* VirgilHandlersInstaller.m */ = {isa = PBXFileReference; fileEncoding = 4; lastKnownFileType = sourcecode.c.objc; name = VirgilHandlersInstaller.m; path = VirgilSecurityMail/src/VirgilHandlersInstaller.m; sourceTree = "<group>"; };
		D13F60451B6A33AC00508C79 /* MailHeaders */ = {isa = PBXFileReference; lastKnownFileType = folder; name = MailHeaders; path = VirgilSecurityMail/src/MailHeaders; sourceTree = "<group>"; };
		D13F60471B6A3ADD00508C79 /* AppKit.framework */ = {isa = PBXFileReference; lastKnownFileType = wrapper.framework; name = AppKit.framework; path = System/Library/Frameworks/AppKit.framework; sourceTree = SDKROOT; };
		D13F604A1B6AB38200508C79 /* VirgilMimeBody.h */ = {isa = PBXFileReference; fileEncoding = 4; lastKnownFileType = sourcecode.c.h; name = VirgilMimeBody.h; path = VirgilSecurityMail/src/CommonMes/VirgilMimeBody.h; sourceTree = "<group>"; };
		D13F604B1B6AB38200508C79 /* VirgilMimeBody.m */ = {isa = PBXFileReference; fileEncoding = 4; lastKnownFileType = sourcecode.c.objc; name = VirgilMimeBody.m; path = VirgilSecurityMail/src/CommonMes/VirgilMimeBody.m; sourceTree = "<group>"; };
		D13F604D1B6ABC4B00508C79 /* VirgilMessageCriterion.h */ = {isa = PBXFileReference; fileEncoding = 4; lastKnownFileType = sourcecode.c.h; name = VirgilMessageCriterion.h; path = VirgilSecurityMail/src/CommonMes/VirgilMessageCriterion.h; sourceTree = "<group>"; };
		D13F604E1B6ABC4B00508C79 /* VirgilMessageCriterion.m */ = {isa = PBXFileReference; fileEncoding = 4; lastKnownFileType = sourcecode.c.objc; name = VirgilMessageCriterion.m; path = VirgilSecurityMail/src/CommonMes/VirgilMessageCriterion.m; sourceTree = "<group>"; };
		D13F60501B6B50F300508C79 /* VirgilMimePart.h */ = {isa = PBXFileReference; fileEncoding = 4; lastKnownFileType = sourcecode.c.h; name = VirgilMimePart.h; path = VirgilSecurityMail/src/CommonMes/VirgilMimePart.h; sourceTree = "<group>"; };
		D13F60511B6B50F300508C79 /* VirgilMimePart.m */ = {isa = PBXFileReference; fileEncoding = 4; lastKnownFileType = sourcecode.c.objc; name = VirgilMimePart.m; path = VirgilSecurityMail/src/CommonMes/VirgilMimePart.m; sourceTree = "<group>"; };
		D13F605A1B6B6D6200508C79 /* VirgilProcessingManager.h */ = {isa = PBXFileReference; fileEncoding = 4; lastKnownFileType = sourcecode.c.h; name = VirgilProcessingManager.h; path = VirgilSecurityMail/src/VirgilProcessing/VirgilProcessingManager.h; sourceTree = "<group>"; };
		D13F605B1B6B6D6200508C79 /* VirgilProcessingManager.m */ = {isa = PBXFileReference; fileEncoding = 4; lastKnownFileType = sourcecode.c.objc; name = VirgilProcessingManager.m; path = VirgilSecurityMail/src/VirgilProcessing/VirgilProcessingManager.m; sourceTree = "<group>"; };
		D15362B01B6C0335000215F9 /* HTMLNode.h */ = {isa = PBXFileReference; fileEncoding = 4; lastKnownFileType = sourcecode.c.h; name = HTMLNode.h; path = VirgilSecurityMail/src/Helpers/HTMLParser/HTMLNode.h; sourceTree = "<group>"; };
		D15362B11B6C0335000215F9 /* HTMLNode.m */ = {isa = PBXFileReference; fileEncoding = 4; lastKnownFileType = sourcecode.c.objc; name = HTMLNode.m; path = VirgilSecurityMail/src/Helpers/HTMLParser/HTMLNode.m; sourceTree = "<group>"; };
		D15362B21B6C0335000215F9 /* HTMLParser.h */ = {isa = PBXFileReference; fileEncoding = 4; lastKnownFileType = sourcecode.c.h; name = HTMLParser.h; path = VirgilSecurityMail/src/Helpers/HTMLParser/HTMLParser.h; sourceTree = "<group>"; };
		D15362B31B6C0335000215F9 /* HTMLParser.m */ = {isa = PBXFileReference; fileEncoding = 4; lastKnownFileType = sourcecode.c.objc; name = HTMLParser.m; path = VirgilSecurityMail/src/Helpers/HTMLParser/HTMLParser.m; sourceTree = "<group>"; };
		D15362B61B6C43AD000215F9 /* VirgilEncryptedContent.h */ = {isa = PBXFileReference; fileEncoding = 4; lastKnownFileType = sourcecode.c.h; name = VirgilEncryptedContent.h; path = VirgilSecurityMail/src/VirgilProcessing/VirgilEncryptedContent.h; sourceTree = "<group>"; };
		D15362B91B6C48EB000215F9 /* VirgilEncryptedContent.m */ = {isa = PBXFileReference; fileEncoding = 4; lastKnownFileType = sourcecode.c.objc; name = VirgilEncryptedContent.m; path = VirgilSecurityMail/src/VirgilProcessing/VirgilEncryptedContent.m; sourceTree = "<group>"; };
		D15362BF1B6F3555000215F9 /* VirgilCryptoLibWrapper.h */ = {isa = PBXFileReference; fileEncoding = 4; lastKnownFileType = sourcecode.c.h; name = VirgilCryptoLibWrapper.h; path = VirgilSecurityMail/src/VirgilProcessing/VirgilCryptoLibWrapper.h; sourceTree = "<group>"; };
		D15362C01B6F3555000215F9 /* VirgilCryptoLibWrapper.mm */ = {isa = PBXFileReference; fileEncoding = 4; lastKnownFileType = sourcecode.cpp.objcpp; name = VirgilCryptoLibWrapper.mm; path = VirgilSecurityMail/src/VirgilProcessing/VirgilCryptoLibWrapper.mm; sourceTree = "<group>"; };
		D15362C31B6F62E4000215F9 /* NSData+Base64.h */ = {isa = PBXFileReference; fileEncoding = 4; lastKnownFileType = sourcecode.c.h; name = "NSData+Base64.h"; path = "VirgilSecurityMail/src/Helpers/Base64/NSData+Base64.h"; sourceTree = "<group>"; };
		D15362C41B6F62E4000215F9 /* NSData+Base64.m */ = {isa = PBXFileReference; fileEncoding = 4; lastKnownFileType = sourcecode.c.objc; name = "NSData+Base64.m"; path = "VirgilSecurityMail/src/Helpers/Base64/NSData+Base64.m"; sourceTree = "<group>"; };
		D1CBA84A1B7BC43900217919 /* VirgilDocumentEditor.h */ = {isa = PBXFileReference; fileEncoding = 4; lastKnownFileType = sourcecode.c.h; name = VirgilDocumentEditor.h; path = VirgilSecurityMail/src/OutgoingMes/VirgilDocumentEditor.h; sourceTree = "<group>"; };
		D1CBA84B1B7BC43900217919 /* VirgilDocumentEditor.m */ = {isa = PBXFileReference; fileEncoding = 4; lastKnownFileType = sourcecode.c.objc; name = VirgilDocumentEditor.m; path = VirgilSecurityMail/src/OutgoingMes/VirgilDocumentEditor.m; sourceTree = "<group>"; };
		D1CBA84D1B7BC55300217919 /* VirgilMenu.h */ = {isa = PBXFileReference; fileEncoding = 4; lastKnownFileType = sourcecode.c.h; name = VirgilMenu.h; path = VirgilSecurityMail/src/OutgoingMes/VirgilMenu.h; sourceTree = "<group>"; };
		D1CBA84E1B7BC55300217919 /* VirgilMenu.m */ = {isa = PBXFileReference; fileEncoding = 4; lastKnownFileType = sourcecode.c.objc; name = VirgilMenu.m; path = VirgilSecurityMail/src/OutgoingMes/VirgilMenu.m; sourceTree = "<group>"; };
		D1CBA8501B7BD8B900217919 /* VirgilNSWindow.h */ = {isa = PBXFileReference; fileEncoding = 4; lastKnownFileType = sourcecode.c.h; name = VirgilNSWindow.h; path = VirgilSecurityMail/src/OutgoingMes/VirgilNSWindow.h; sourceTree = "<group>"; };
		D1CBA8511B7BD8B900217919 /* VirgilNSWindow.m */ = {isa = PBXFileReference; fileEncoding = 4; lastKnownFileType = sourcecode.c.objc; name = VirgilNSWindow.m; path = VirgilSecurityMail/src/OutgoingMes/VirgilNSWindow.m; sourceTree = "<group>"; };
		D1CBA85D1B7D45C200217919 /* VirgilComposeBackEnd.h */ = {isa = PBXFileReference; fileEncoding = 4; lastKnownFileType = sourcecode.c.h; name = VirgilComposeBackEnd.h; path = VirgilSecurityMail/src/OutgoingMes/VirgilComposeBackEnd.h; sourceTree = "<group>"; };
		D1CBA85E1B7D45C200217919 /* VirgilComposeBackEnd.m */ = {isa = PBXFileReference; fileEncoding = 4; lastKnownFileType = sourcecode.c.objc; name = VirgilComposeBackEnd.m; path = VirgilSecurityMail/src/OutgoingMes/VirgilComposeBackEnd.m; sourceTree = "<group>"; };
		D1DDA8F41B91A34000002A2F /* VirgilHelpers.h */ = {isa = PBXFileReference; fileEncoding = 4; lastKnownFileType = sourcecode.c.h; name = VirgilHelpers.h; path = VirgilSecurityMail/src/VirgilProcessing/Keys/VirgilHelpers.h; sourceTree = "<group>"; };
		D1DDA8F51B91A34100002A2F /* VirgilHelpers.mm */ = {isa = PBXFileReference; fileEncoding = 4; lastKnownFileType = sourcecode.cpp.objcpp; name = VirgilHelpers.mm; path = VirgilSecurityMail/src/VirgilProcessing/Keys/VirgilHelpers.mm; sourceTree = "<group>"; };
		D1DDA8F61B91A34100002A2F /* VirgilKeyManager.h */ = {isa = PBXFileReference; fileEncoding = 4; lastKnownFileType = sourcecode.c.h; name = VirgilKeyManager.h; path = VirgilSecurityMail/src/VirgilProcessing/Keys/VirgilKeyManager.h; sourceTree = "<group>"; };
		D1DDA8F71B91A34100002A2F /* VirgilKeyManager.mm */ = {isa = PBXFileReference; fileEncoding = 4; lastKnownFileType = sourcecode.cpp.objcpp; name = VirgilKeyManager.mm; path = VirgilSecurityMail/src/VirgilProcessing/Keys/VirgilKeyManager.mm; sourceTree = "<group>"; };
		D1DDA8F81B91A34100002A2F /* VirgilPrivateKey.h */ = {isa = PBXFileReference; fileEncoding = 4; lastKnownFileType = sourcecode.c.h; name = VirgilPrivateKey.h; path = VirgilSecurityMail/src/VirgilProcessing/Keys/VirgilPrivateKey.h; sourceTree = "<group>"; };
		D1DDA8F91B91A34100002A2F /* VirgilPrivateKey.m */ = {isa = PBXFileReference; fileEncoding = 4; lastKnownFileType = sourcecode.c.objc; name = VirgilPrivateKey.m; path = VirgilSecurityMail/src/VirgilProcessing/Keys/VirgilPrivateKey.m; sourceTree = "<group>"; };
		D1DDA8FA1B91A34100002A2F /* VirgilPrivateKeyEndpoints.h */ = {isa = PBXFileReference; fileEncoding = 4; lastKnownFileType = sourcecode.c.h; name = VirgilPrivateKeyEndpoints.h; path = VirgilSecurityMail/src/VirgilProcessing/Keys/VirgilPrivateKeyEndpoints.h; sourceTree = "<group>"; };
		D1DDA8FB1B91A34100002A2F /* VirgilPrivateKeyEndpoints.m */ = {isa = PBXFileReference; fileEncoding = 4; lastKnownFileType = sourcecode.c.objc; name = VirgilPrivateKeyEndpoints.m; path = VirgilSecurityMail/src/VirgilProcessing/Keys/VirgilPrivateKeyEndpoints.m; sourceTree = "<group>"; };
		D1DDA8FC1B91A34100002A2F /* VirgilPrivateKeyManager.h */ = {isa = PBXFileReference; fileEncoding = 4; lastKnownFileType = sourcecode.c.h; name = VirgilPrivateKeyManager.h; path = VirgilSecurityMail/src/VirgilProcessing/Keys/VirgilPrivateKeyManager.h; sourceTree = "<group>"; };
		D1DDA8FD1B91A34100002A2F /* VirgilPrivateKeyManager.mm */ = {isa = PBXFileReference; fileEncoding = 4; lastKnownFileType = sourcecode.cpp.objcpp; name = VirgilPrivateKeyManager.mm; path = VirgilSecurityMail/src/VirgilProcessing/Keys/VirgilPrivateKeyManager.mm; sourceTree = "<group>"; };
		D1DDA8FE1B91A34100002A2F /* VirgilPublicKey.h */ = {isa = PBXFileReference; fileEncoding = 4; lastKnownFileType = sourcecode.c.h; name = VirgilPublicKey.h; path = VirgilSecurityMail/src/VirgilProcessing/Keys/VirgilPublicKey.h; sourceTree = "<group>"; };
		D1DDA8FF1B91A34100002A2F /* VirgilPublicKey.m */ = {isa = PBXFileReference; fileEncoding = 4; lastKnownFileType = sourcecode.c.objc; name = VirgilPublicKey.m; path = VirgilSecurityMail/src/VirgilProcessing/Keys/VirgilPublicKey.m; sourceTree = "<group>"; };
		D1DDA9061B91B05300002A2F /* VirgilErrorCodesParser.h */ = {isa = PBXFileReference; fileEncoding = 4; lastKnownFileType = sourcecode.c.h; name = VirgilErrorCodesParser.h; path = VirgilSecurityMail/src/VirgilProcessing/Keys/VirgilErrorCodesParser.h; sourceTree = "<group>"; };
		D1DDA9071B91B05300002A2F /* VirgilErrorCodesParser.m */ = {isa = PBXFileReference; fileEncoding = 4; lastKnownFileType = sourcecode.c.objc; name = VirgilErrorCodesParser.m; path = VirgilSecurityMail/src/VirgilProcessing/Keys/VirgilErrorCodesParser.m; sourceTree = "<group>"; };
		D1DDA9091B91B1EA00002A2F /* VirgilValidator.h */ = {isa = PBXFileReference; fileEncoding = 4; lastKnownFileType = sourcecode.c.h; name = VirgilValidator.h; path = VirgilSecurityMail/src/Helpers/VirgilValidator.h; sourceTree = "<group>"; };
		D1DDA90A1B91B1EA00002A2F /* VirgilValidator.m */ = {isa = PBXFileReference; fileEncoding = 4; lastKnownFileType = sourcecode.c.objc; name = VirgilValidator.m; path = VirgilSecurityMail/src/Helpers/VirgilValidator.m; sourceTree = "<group>"; };
		D1DDA90D1B91B21700002A2F /* VirgilEmailConfirmViewController.h */ = {isa = PBXFileReference; fileEncoding = 4; lastKnownFileType = sourcecode.c.h; name = VirgilEmailConfirmViewController.h; path = VirgilSecurityMail/src/Gui/VirgilEmailConfirmViewController.h; sourceTree = "<group>"; };
		D1DDA90E1B91B21700002A2F /* VirgilEmailConfirmViewController.m */ = {isa = PBXFileReference; fileEncoding = 4; lastKnownFileType = sourcecode.c.objc; name = VirgilEmailConfirmViewController.m; path = VirgilSecurityMail/src/Gui/VirgilEmailConfirmViewController.m; sourceTree = "<group>"; };
		D1DDA90F1B91B21700002A2F /* VirgilErrorViewController.h */ = {isa = PBXFileReference; fileEncoding = 4; lastKnownFileType = sourcecode.c.h; name = VirgilErrorViewController.h; path = VirgilSecurityMail/src/Gui/VirgilErrorViewController.h; sourceTree = "<group>"; };
		D1DDA9101B91B21700002A2F /* VirgilErrorViewController.m */ = {isa = PBXFileReference; fileEncoding = 4; lastKnownFileType = sourcecode.c.objc; name = VirgilErrorViewController.m; path = VirgilSecurityMail/src/Gui/VirgilErrorViewController.m; sourceTree = "<group>"; };
		D1DDA9111B91B21700002A2F /* VirgilRegisterViewController.h */ = {isa = PBXFileReference; fileEncoding = 4; lastKnownFileType = sourcecode.c.h; name = VirgilRegisterViewController.h; path = VirgilSecurityMail/src/Gui/VirgilRegisterViewController.h; sourceTree = "<group>"; };
		D1DDA9121B91B21700002A2F /* VirgilRegisterViewController.m */ = {isa = PBXFileReference; fileEncoding = 4; lastKnownFileType = sourcecode.c.objc; name = VirgilRegisterViewController.m; path = VirgilSecurityMail/src/Gui/VirgilRegisterViewController.m; sourceTree = "<group>"; };
		D1DDA9131B91B21700002A2F /* VirgilSignInViewController.h */ = {isa = PBXFileReference; fileEncoding = 4; lastKnownFileType = sourcecode.c.h; name = VirgilSignInViewController.h; path = VirgilSecurityMail/src/Gui/VirgilSignInViewController.h; sourceTree = "<group>"; };
		D1DDA9141B91B21700002A2F /* VirgilSignInViewController.m */ = {isa = PBXFileReference; fileEncoding = 4; lastKnownFileType = sourcecode.c.objc; name = VirgilSignInViewController.m; path = VirgilSecurityMail/src/Gui/VirgilSignInViewController.m; sourceTree = "<group>"; };
		D1DDA91B1B91B22F00002A2F /* NSBezierPath_KBAdditions.h */ = {isa = PBXFileReference; fileEncoding = 4; lastKnownFileType = sourcecode.c.h; name = NSBezierPath_KBAdditions.h; path = VirgilSecurityMail/src/Gui/Helpers/NSBezierPath_KBAdditions.h; sourceTree = "<group>"; };
		D1DDA91C1B91B22F00002A2F /* NSBezierPath_KBAdditions.m */ = {isa = PBXFileReference; fileEncoding = 4; lastKnownFileType = sourcecode.c.objc; name = NSBezierPath_KBAdditions.m; path = VirgilSecurityMail/src/Gui/Helpers/NSBezierPath_KBAdditions.m; sourceTree = "<group>"; };
		D1DDA91D1B91B22F00002A2F /* NSBezierPath+StrokeExtensions.h */ = {isa = PBXFileReference; fileEncoding = 4; lastKnownFileType = sourcecode.c.h; name = "NSBezierPath+StrokeExtensions.h"; path = "VirgilSecurityMail/src/Gui/Helpers/NSBezierPath+StrokeExtensions.h"; sourceTree = "<group>"; };
		D1DDA91E1B91B22F00002A2F /* NSBezierPath+StrokeExtensions.m */ = {isa = PBXFileReference; fileEncoding = 4; lastKnownFileType = sourcecode.c.objc; name = "NSBezierPath+StrokeExtensions.m"; path = "VirgilSecurityMail/src/Gui/Helpers/NSBezierPath+StrokeExtensions.m"; sourceTree = "<group>"; };
		D1DDA91F1B91B22F00002A2F /* VirgilReplaceAnimator.h */ = {isa = PBXFileReference; fileEncoding = 4; lastKnownFileType = sourcecode.c.h; name = VirgilReplaceAnimator.h; path = VirgilSecurityMail/src/Gui/Helpers/VirgilReplaceAnimator.h; sourceTree = "<group>"; };
		D1DDA9201B91B22F00002A2F /* VirgilReplaceAnimator.m */ = {isa = PBXFileReference; fileEncoding = 4; lastKnownFileType = sourcecode.c.objc; name = VirgilReplaceAnimator.m; path = VirgilSecurityMail/src/Gui/Helpers/VirgilReplaceAnimator.m; sourceTree = "<group>"; };
		D1DDA9211B91B22F00002A2F /* VirgilReplaceSegue.h */ = {isa = PBXFileReference; fileEncoding = 4; lastKnownFileType = sourcecode.c.h; name = VirgilReplaceSegue.h; path = VirgilSecurityMail/src/Gui/Helpers/VirgilReplaceSegue.h; sourceTree = "<group>"; };
		D1DDA9221B91B22F00002A2F /* VirgilReplaceSegue.m */ = {isa = PBXFileReference; fileEncoding = 4; lastKnownFileType = sourcecode.c.objc; name = VirgilReplaceSegue.m; path = VirgilSecurityMail/src/Gui/Helpers/VirgilReplaceSegue.m; sourceTree = "<group>"; };
		D1DDA9281B91B2B000002A2F /* NSViewController+VirgilView.h */ = {isa = PBXFileReference; fileEncoding = 4; lastKnownFileType = sourcecode.c.h; name = "NSViewController+VirgilView.h"; path = "VirgilSecurityMail/src/Gui/Helpers/NSViewController+VirgilView.h"; sourceTree = "<group>"; };
		D1DDA9291B91B2B000002A2F /* NSViewController+VirgilView.m */ = {isa = PBXFileReference; fileEncoding = 4; lastKnownFileType = sourcecode.c.objc; name = "NSViewController+VirgilView.m"; path = "VirgilSecurityMail/src/Gui/Helpers/NSViewController+VirgilView.m"; sourceTree = "<group>"; };
		D1DDA92B1B91B32600002A2F /* VirgilNetRequest.h */ = {isa = PBXFileReference; fileEncoding = 4; lastKnownFileType = sourcecode.c.h; name = VirgilNetRequest.h; path = VirgilSecurityMail/src/Helpers/VirgilNetRequest.h; sourceTree = "<group>"; };
		D1DDA92C1B91B32600002A2F /* VirgilNetRequest.m */ = {isa = PBXFileReference; fileEncoding = 4; lastKnownFileType = sourcecode.c.objc; name = VirgilNetRequest.m; path = VirgilSecurityMail/src/Helpers/VirgilNetRequest.m; sourceTree = "<group>"; };
		D1DDA9351B91B4B300002A2F /* Main.storyboard */ = {isa = PBXFileReference; fileEncoding = 4; lastKnownFileType = file.storyboard; name = Main.storyboard; path = VirgilSecurityMail/src/Gui/Main.storyboard; sourceTree = "<group>"; };
		D1DDA9371B91BAF600002A2F /* VirgilKeysGui.h */ = {isa = PBXFileReference; fileEncoding = 4; lastKnownFileType = sourcecode.c.h; name = VirgilKeysGui.h; path = VirgilSecurityMail/src/Gui/VirgilKeysGui.h; sourceTree = "<group>"; };
		D1DDA9381B91BAF600002A2F /* VirgilKeysGui.m */ = {isa = PBXFileReference; fileEncoding = 4; lastKnownFileType = sourcecode.c.objc; name = VirgilKeysGui.m; path = VirgilSecurityMail/src/Gui/VirgilKeysGui.m; sourceTree = "<group>"; };
		D1E7CABF1B73FC9E00F4EC4F /* VirgilClassNameResolver.h */ = {isa = PBXFileReference; fileEncoding = 4; lastKnownFileType = sourcecode.c.h; name = VirgilClassNameResolver.h; path = VirgilSecurityMail/src/Helpers/VirgilClassNameResolver.h; sourceTree = "<group>"; };
		D1E7CAC01B73FC9E00F4EC4F /* VirgilClassNameResolver.m */ = {isa = PBXFileReference; fileEncoding = 4; lastKnownFileType = sourcecode.c.objc; name = VirgilClassNameResolver.m; path = VirgilSecurityMail/src/Helpers/VirgilClassNameResolver.m; sourceTree = "<group>"; };
		D1E7CAC51B7688D400F4EC4F /* VirgilDecryptedContent.h */ = {isa = PBXFileReference; fileEncoding = 4; lastKnownFileType = sourcecode.c.h; name = VirgilDecryptedContent.h; path = VirgilSecurityMail/src/VirgilProcessing/VirgilDecryptedContent.h; sourceTree = "<group>"; };
		D1E7CAC61B7688D400F4EC4F /* VirgilDecryptedContent.m */ = {isa = PBXFileReference; fileEncoding = 4; lastKnownFileType = sourcecode.c.objc; name = VirgilDecryptedContent.m; path = VirgilSecurityMail/src/VirgilProcessing/VirgilDecryptedContent.m; sourceTree = "<group>"; };
		D1F7207F1B73E892007C8955 /* VirgilDecryptedMail.h */ = {isa = PBXFileReference; fileEncoding = 4; lastKnownFileType = sourcecode.c.h; name = VirgilDecryptedMail.h; path = VirgilSecurityMail/src/VirgilProcessing/VirgilDecryptedMail.h; sourceTree = "<group>"; };
		D1F720801B73E892007C8955 /* VirgilDecryptedMail.m */ = {isa = PBXFileReference; fileEncoding = 4; lastKnownFileType = sourcecode.c.objc; name = VirgilDecryptedMail.m; path = VirgilSecurityMail/src/VirgilProcessing/VirgilDecryptedMail.m; sourceTree = "<group>"; };
/* End PBXFileReference section */

/* Begin PBXFrameworksBuildPhase section */
		D11174301B67FBEE00DD9A39 /* Frameworks */ = {
			isa = PBXFrameworksBuildPhase;
			buildActionMask = 2147483647;
			files = (
				D13F60481B6A3ADD00508C79 /* AppKit.framework in Frameworks */,
				D11174371B67FBEE00DD9A39 /* CoreFoundation.framework in Frameworks */,
			);
			runOnlyForDeploymentPostprocessing = 0;
		};
/* End PBXFrameworksBuildPhase section */

/* Begin PBXGroup section */
		D111742A1B67FBEE00DD9A39 = {
			isa = PBXGroup;
			children = (
				D11174381B67FBEE00DD9A39 /* VirgilSecurityMail */,
				D11174351B67FBEE00DD9A39 /* Frameworks */,
				D11174341B67FBEE00DD9A39 /* Products */,
			);
			sourceTree = "<group>";
		};
		D11174341B67FBEE00DD9A39 /* Products */ = {
			isa = PBXGroup;
			children = (
				D11174331B67FBEE00DD9A39 /* VirgilSecurityMail.mailbundle */,
			);
			name = Products;
			sourceTree = "<group>";
		};
		D11174351B67FBEE00DD9A39 /* Frameworks */ = {
			isa = PBXGroup;
			children = (
				D13F60471B6A3ADD00508C79 /* AppKit.framework */,
				D11174361B67FBEE00DD9A39 /* CoreFoundation.framework */,
			);
			name = Frameworks;
			sourceTree = "<group>";
		};
		D11174381B67FBEE00DD9A39 /* VirgilSecurityMail */ = {
			isa = PBXGroup;
			children = (
				D11174471B6805DD00DD9A39 /* src */,
				D11174391B67FBEE00DD9A39 /* Supporting Files */,
			);
			path = VirgilSecurityMail;
			sourceTree = "<group>";
		};
		D11174391B67FBEE00DD9A39 /* Supporting Files */ = {
			isa = PBXGroup;
			children = (
				D111743A1B67FBEE00DD9A39 /* VirgilSecurityMail-Info.plist */,
				D111743B1B67FBEE00DD9A39 /* InfoPlist.strings */,
				D111743E1B67FBEE00DD9A39 /* VirgilSecurityMail-Prefix.pch */,
			);
			name = "Supporting Files";
			sourceTree = "<group>";
		};
		D11174471B6805DD00DD9A39 /* src */ = {
			isa = PBXGroup;
			children = (
				D1DDA90C1B91B1FF00002A2F /* Gui */,
				D1CBA8491B7BC3F300217919 /* OutgoingMes */,
				D13F60531B6B6CB600508C79 /* VirgilProcessing */,
				D13F60491B6AB36400508C79 /* CommonMes */,
				D13F60451B6A33AC00508C79 /* MailHeaders */,
				D13F60311B6A1AD700508C79 /* IncommingMes */,
				D13F602A1B6A1A5E00508C79 /* Helpers */,
				D11174441B6805D400DD9A39 /* VirgilMain.h */,
				D11174451B6805D400DD9A39 /* VirgilMain.m */,
				D13F60411B6A1D1300508C79 /* VirgilHandlersInstaller.h */,
				D13F60421B6A1D1300508C79 /* VirgilHandlersInstaller.m */,
			);
			name = src;
			path = ..;
			sourceTree = "<group>";
		};
		D13F602A1B6A1A5E00508C79 /* Helpers */ = {
			isa = PBXGroup;
			children = (
				D15362C21B6F62CC000215F9 /* Base64 */,
				D15362AF1B6C02D2000215F9 /* HTMLParser */,
				D13F602B1B6A1A9600508C79 /* JRLPSwizzle.h */,
				D13F602C1B6A1A9600508C79 /* JRLPSwizzle.m */,
				D1E7CABF1B73FC9E00F4EC4F /* VirgilClassNameResolver.h */,
				D1E7CAC01B73FC9E00F4EC4F /* VirgilClassNameResolver.m */,
				D1DDA9091B91B1EA00002A2F /* VirgilValidator.h */,
				D1DDA90A1B91B1EA00002A2F /* VirgilValidator.m */,
				D1DDA92B1B91B32600002A2F /* VirgilNetRequest.h */,
				D1DDA92C1B91B32600002A2F /* VirgilNetRequest.m */,
			);
			name = Helpers;
			sourceTree = "<group>";
		};
		D13F60311B6A1AD700508C79 /* IncommingMes */ = {
			isa = PBXGroup;
			children = (
				D13F603E1B6A1D0600508C79 /* VirgilMessageRouter.h */,
				D13F603F1B6A1D0600508C79 /* VirgilMessageRouter.m */,
				D13F603B1B6A1C9A00508C79 /* VirgilMessageContentController.h */,
				D13F603C1B6A1C9A00508C79 /* VirgilMessageContentController.m */,
			);
			name = IncommingMes;
			sourceTree = "<group>";
		};
		D13F60491B6AB36400508C79 /* CommonMes */ = {
			isa = PBXGroup;
			children = (
				D13F604A1B6AB38200508C79 /* VirgilMimeBody.h */,
				D13F604B1B6AB38200508C79 /* VirgilMimeBody.m */,
				D13F604D1B6ABC4B00508C79 /* VirgilMessageCriterion.h */,
				D13F604E1B6ABC4B00508C79 /* VirgilMessageCriterion.m */,
				D13F60501B6B50F300508C79 /* VirgilMimePart.h */,
				D13F60511B6B50F300508C79 /* VirgilMimePart.m */,
			);
			name = CommonMes;
			sourceTree = "<group>";
		};
		D13F60531B6B6CB600508C79 /* VirgilProcessing */ = {
			isa = PBXGroup;
			children = (
				D15362BB1B6C52BE000215F9 /* Keys */,
				D13F605A1B6B6D6200508C79 /* VirgilProcessingManager.h */,
				D13F605B1B6B6D6200508C79 /* VirgilProcessingManager.m */,
				D15362B61B6C43AD000215F9 /* VirgilEncryptedContent.h */,
				D15362B91B6C48EB000215F9 /* VirgilEncryptedContent.m */,
				D15362BF1B6F3555000215F9 /* VirgilCryptoLibWrapper.h */,
				D15362C01B6F3555000215F9 /* VirgilCryptoLibWrapper.mm */,
				D1F7207F1B73E892007C8955 /* VirgilDecryptedMail.h */,
				D1F720801B73E892007C8955 /* VirgilDecryptedMail.m */,
				D1E7CAC51B7688D400F4EC4F /* VirgilDecryptedContent.h */,
				D1E7CAC61B7688D400F4EC4F /* VirgilDecryptedContent.m */,
			);
			name = VirgilProcessing;
			sourceTree = "<group>";
		};
		D15362AF1B6C02D2000215F9 /* HTMLParser */ = {
			isa = PBXGroup;
			children = (
				D15362B01B6C0335000215F9 /* HTMLNode.h */,
				D15362B11B6C0335000215F9 /* HTMLNode.m */,
				D15362B21B6C0335000215F9 /* HTMLParser.h */,
				D15362B31B6C0335000215F9 /* HTMLParser.m */,
			);
			name = HTMLParser;
			sourceTree = "<group>";
		};
		D15362BB1B6C52BE000215F9 /* Keys */ = {
			isa = PBXGroup;
			children = (
				D1DDA9061B91B05300002A2F /* VirgilErrorCodesParser.h */,
				D1DDA9071B91B05300002A2F /* VirgilErrorCodesParser.m */,
				D1DDA8F41B91A34000002A2F /* VirgilHelpers.h */,
				D1DDA8F51B91A34100002A2F /* VirgilHelpers.mm */,
				D1DDA8F61B91A34100002A2F /* VirgilKeyManager.h */,
				D1DDA8F71B91A34100002A2F /* VirgilKeyManager.mm */,
				D1DDA8F81B91A34100002A2F /* VirgilPrivateKey.h */,
				D1DDA8F91B91A34100002A2F /* VirgilPrivateKey.m */,
				D1DDA8FA1B91A34100002A2F /* VirgilPrivateKeyEndpoints.h */,
				D1DDA8FB1B91A34100002A2F /* VirgilPrivateKeyEndpoints.m */,
				D1DDA8FC1B91A34100002A2F /* VirgilPrivateKeyManager.h */,
				D1DDA8FD1B91A34100002A2F /* VirgilPrivateKeyManager.mm */,
				D1DDA8FE1B91A34100002A2F /* VirgilPublicKey.h */,
				D1DDA8FF1B91A34100002A2F /* VirgilPublicKey.m */,
			);
			name = Keys;
			sourceTree = "<group>";
		};
		D15362C21B6F62CC000215F9 /* Base64 */ = {
			isa = PBXGroup;
			children = (
				D15362C31B6F62E4000215F9 /* NSData+Base64.h */,
				D15362C41B6F62E4000215F9 /* NSData+Base64.m */,
			);
			name = Base64;
			sourceTree = "<group>";
		};
		D1CBA8491B7BC3F300217919 /* OutgoingMes */ = {
			isa = PBXGroup;
			children = (
				D1CBA84A1B7BC43900217919 /* VirgilDocumentEditor.h */,
				D1CBA84B1B7BC43900217919 /* VirgilDocumentEditor.m */,
				D1CBA84D1B7BC55300217919 /* VirgilMenu.h */,
				D1CBA84E1B7BC55300217919 /* VirgilMenu.m */,
				D1CBA8501B7BD8B900217919 /* VirgilNSWindow.h */,
				D1CBA8511B7BD8B900217919 /* VirgilNSWindow.m */,
				D1CBA85D1B7D45C200217919 /* VirgilComposeBackEnd.h */,
				D1CBA85E1B7D45C200217919 /* VirgilComposeBackEnd.m */,
			);
			name = OutgoingMes;
			sourceTree = "<group>";
		};
		D1DDA90C1B91B1FF00002A2F /* Gui */ = {
			isa = PBXGroup;
			children = (
				D1DDA9351B91B4B300002A2F /* Main.storyboard */,
				D1DDA9191B91B21E00002A2F /* Helpers */,
				D1DDA90D1B91B21700002A2F /* VirgilEmailConfirmViewController.h */,
				D1DDA90E1B91B21700002A2F /* VirgilEmailConfirmViewController.m */,
				D1DDA90F1B91B21700002A2F /* VirgilErrorViewController.h */,
				D1DDA9101B91B21700002A2F /* VirgilErrorViewController.m */,
				D1DDA9111B91B21700002A2F /* VirgilRegisterViewController.h */,
				D1DDA9121B91B21700002A2F /* VirgilRegisterViewController.m */,
				D1DDA9131B91B21700002A2F /* VirgilSignInViewController.h */,
				D1DDA9141B91B21700002A2F /* VirgilSignInViewController.m */,
				D1DDA9371B91BAF600002A2F /* VirgilKeysGui.h */,
				D1DDA9381B91BAF600002A2F /* VirgilKeysGui.m */,
			);
			name = Gui;
			sourceTree = "<group>";
		};
		D1DDA9191B91B21E00002A2F /* Helpers */ = {
			isa = PBXGroup;
			children = (
				D1DDA9281B91B2B000002A2F /* NSViewController+VirgilView.h */,
				D1DDA9291B91B2B000002A2F /* NSViewController+VirgilView.m */,
				D1DDA91B1B91B22F00002A2F /* NSBezierPath_KBAdditions.h */,
				D1DDA91C1B91B22F00002A2F /* NSBezierPath_KBAdditions.m */,
				D1DDA91D1B91B22F00002A2F /* NSBezierPath+StrokeExtensions.h */,
				D1DDA91E1B91B22F00002A2F /* NSBezierPath+StrokeExtensions.m */,
				D1DDA91F1B91B22F00002A2F /* VirgilReplaceAnimator.h */,
				D1DDA9201B91B22F00002A2F /* VirgilReplaceAnimator.m */,
				D1DDA9211B91B22F00002A2F /* VirgilReplaceSegue.h */,
				D1DDA9221B91B22F00002A2F /* VirgilReplaceSegue.m */,
			);
			name = Helpers;
			sourceTree = "<group>";
		};
/* End PBXGroup section */

/* Begin PBXNativeTarget section */
		D11174321B67FBEE00DD9A39 /* VirgilSecurityMail */ = {
			isa = PBXNativeTarget;
			buildConfigurationList = D11174411B67FBEE00DD9A39 /* Build configuration list for PBXNativeTarget "VirgilSecurityMail" */;
			buildPhases = (
				D111742F1B67FBEE00DD9A39 /* Sources */,
				D11174301B67FBEE00DD9A39 /* Frameworks */,
				D11174311B67FBEE00DD9A39 /* Resources */,
				D111744B1B68076400DD9A39 /* CopyFiles */,
				D13F60441B6A2C9E00508C79 /* ShellScript */,
			);
			buildRules = (
			);
			dependencies = (
			);
			name = VirgilSecurityMail;
			productName = VirgilSecurityMail;
			productReference = D11174331B67FBEE00DD9A39 /* VirgilSecurityMail.mailbundle */;
			productType = "com.apple.product-type.bundle";
		};
/* End PBXNativeTarget section */

/* Begin PBXProject section */
		D111742B1B67FBEE00DD9A39 /* Project object */ = {
			isa = PBXProject;
			attributes = {
				CLASSPREFIX = Virgil;
				LastUpgradeCheck = 0640;
				ORGANIZATIONNAME = "Virgil Security";
			};
			buildConfigurationList = D111742E1B67FBEE00DD9A39 /* Build configuration list for PBXProject "VirgilSecurityMail" */;
			compatibilityVersion = "Xcode 3.2";
			developmentRegion = English;
			hasScannedForEncodings = 0;
			knownRegions = (
				en,
			);
			mainGroup = D111742A1B67FBEE00DD9A39;
			productRefGroup = D11174341B67FBEE00DD9A39 /* Products */;
			projectDirPath = "";
			projectRoot = "";
			targets = (
				D11174321B67FBEE00DD9A39 /* VirgilSecurityMail */,
			);
		};
/* End PBXProject section */

/* Begin PBXResourcesBuildPhase section */
		D11174311B67FBEE00DD9A39 /* Resources */ = {
			isa = PBXResourcesBuildPhase;
			buildActionMask = 2147483647;
			files = (
				D13F60461B6A33AC00508C79 /* MailHeaders in Resources */,
				D1DDA9361B91B4B300002A2F /* Main.storyboard in Resources */,
			);
			runOnlyForDeploymentPostprocessing = 0;
		};
/* End PBXResourcesBuildPhase section */

/* Begin PBXShellScriptBuildPhase section */
		D13F60441B6A2C9E00508C79 /* ShellScript */ = {
			isa = PBXShellScriptBuildPhase;
			buildActionMask = 2147483647;
			files = (
			);
			inputPaths = (
			);
			outputPaths = (
			);
			runOnlyForDeploymentPostprocessing = 0;
			shellPath = /bin/sh;
			shellScript = "################################################\n# Install the bundle in ~/Library/Mail/bundles #\n################################################\n\nrm -fr \"$HOME/Library/Mail/Bundles/$FULL_PRODUCT_NAME\"\n\n# Copy the Bundle\nmkdir -p ~/Library/Mail/Bundles/\ncp -RH \"$TARGET_BUILD_DIR/$FULL_PRODUCT_NAME\" \"$HOME/Library/Mail/Bundles/\"";
		};
/* End PBXShellScriptBuildPhase section */

/* Begin PBXSourcesBuildPhase section */
		D111742F1B67FBEE00DD9A39 /* Sources */ = {
			isa = PBXSourcesBuildPhase;
			buildActionMask = 2147483647;
			files = (
				D11174461B6805D400DD9A39 /* VirgilMain.m in Sources */,
				D13F60401B6A1D0600508C79 /* VirgilMessageRouter.m in Sources */,
				D1DDA90B1B91B1EA00002A2F /* VirgilValidator.m in Sources */,
				D1DDA9041B91A34100002A2F /* VirgilPrivateKeyManager.mm in Sources */,
				D1E7CAC11B73FC9E00F4EC4F /* VirgilClassNameResolver.m in Sources */,
				D1DDA9241B91B22F00002A2F /* NSBezierPath_KBAdditions.m in Sources */,
				D13F60431B6A1D1300508C79 /* VirgilHandlersInstaller.m in Sources */,
				D1DDA92D1B91B32600002A2F /* VirgilNetRequest.m in Sources */,
				D15362C11B6F3555000215F9 /* VirgilCryptoLibWrapper.mm in Sources */,
				D15362C51B6F62E4000215F9 /* NSData+Base64.m in Sources */,
				D13F605C1B6B6D6200508C79 /* VirgilProcessingManager.m in Sources */,
				D1DDA9261B91B22F00002A2F /* VirgilReplaceAnimator.m in Sources */,
				D1DDA9021B91A34100002A2F /* VirgilPrivateKey.m in Sources */,
				D1DDA9171B91B21700002A2F /* VirgilRegisterViewController.m in Sources */,
				D1DDA9001B91A34100002A2F /* VirgilHelpers.mm in Sources */,
				D15362BA1B6C48EB000215F9 /* VirgilEncryptedContent.m in Sources */,
				D15362B51B6C0335000215F9 /* HTMLParser.m in Sources */,
				D13F603D1B6A1C9A00508C79 /* VirgilMessageContentController.m in Sources */,
				D1DDA9181B91B21700002A2F /* VirgilSignInViewController.m in Sources */,
				D1DDA9271B91B22F00002A2F /* VirgilReplaceSegue.m in Sources */,
				D1DDA9251B91B22F00002A2F /* NSBezierPath+StrokeExtensions.m in Sources */,
				D13F604F1B6ABC4B00508C79 /* VirgilMessageCriterion.m in Sources */,
				D1DDA9081B91B05300002A2F /* VirgilErrorCodesParser.m in Sources */,
				D13F604C1B6AB38200508C79 /* VirgilMimeBody.m in Sources */,
				D1DDA92A1B91B2B000002A2F /* NSViewController+VirgilView.m in Sources */,
				D1DDA9161B91B21700002A2F /* VirgilErrorViewController.m in Sources */,
				D13F60521B6B50F300508C79 /* VirgilMimePart.m in Sources */,
				D1CBA8521B7BD8B900217919 /* VirgilNSWindow.m in Sources */,
				D1CBA85F1B7D45C200217919 /* VirgilComposeBackEnd.m in Sources */,
				D1E7CAC71B7688D400F4EC4F /* VirgilDecryptedContent.m in Sources */,
				D1CBA84C1B7BC43900217919 /* VirgilDocumentEditor.m in Sources */,
				D15362B41B6C0335000215F9 /* HTMLNode.m in Sources */,
				D1DDA9051B91A34100002A2F /* VirgilPublicKey.m in Sources */,
				D1F720811B73E892007C8955 /* VirgilDecryptedMail.m in Sources */,
				D1DDA9031B91A34100002A2F /* VirgilPrivateKeyEndpoints.m in Sources */,
				D1DDA9391B91BAF600002A2F /* VirgilKeysGui.m in Sources */,
				D1CBA84F1B7BC55300217919 /* VirgilMenu.m in Sources */,
				D13F602F1B6A1A9600508C79 /* JRLPSwizzle.m in Sources */,
				D1DDA9011B91A34100002A2F /* VirgilKeyManager.mm in Sources */,
				D1DDA9151B91B21700002A2F /* VirgilEmailConfirmViewController.m in Sources */,
			);
			runOnlyForDeploymentPostprocessing = 0;
		};
/* End PBXSourcesBuildPhase section */

/* Begin PBXVariantGroup section */
		D111743B1B67FBEE00DD9A39 /* InfoPlist.strings */ = {
			isa = PBXVariantGroup;
			children = (
				D111743C1B67FBEE00DD9A39 /* en */,
			);
			name = InfoPlist.strings;
			sourceTree = "<group>";
		};
/* End PBXVariantGroup section */

/* Begin XCBuildConfiguration section */
		D111743F1B67FBEE00DD9A39 /* Debug */ = {
			isa = XCBuildConfiguration;
			buildSettings = {
				ALWAYS_SEARCH_USER_PATHS = NO;
				CLANG_CXX_LANGUAGE_STANDARD = "c++0x";
				CLANG_CXX_LIBRARY = "libc++";
				CLANG_ENABLE_OBJC_ARC = YES;
				CLANG_WARN_BOOL_CONVERSION = YES;
				CLANG_WARN_CONSTANT_CONVERSION = YES;
				CLANG_WARN_DIRECT_OBJC_ISA_USAGE = YES_ERROR;
				CLANG_WARN_EMPTY_BODY = YES;
				CLANG_WARN_ENUM_CONVERSION = YES;
				CLANG_WARN_INT_CONVERSION = YES;
				CLANG_WARN_OBJC_ROOT_CLASS = YES_ERROR;
				CLANG_WARN__DUPLICATE_METHOD_MATCH = YES;
				COPY_PHASE_STRIP = NO;
				GCC_C_LANGUAGE_STANDARD = gnu99;
				GCC_DYNAMIC_NO_PIC = NO;
				GCC_ENABLE_OBJC_EXCEPTIONS = YES;
				GCC_OPTIMIZATION_LEVEL = 0;
				GCC_PREPROCESSOR_DEFINITIONS = (
					"DEBUG=1",
					"$(inherited)",
				);
				GCC_SYMBOLS_PRIVATE_EXTERN = NO;
				GCC_WARN_64_TO_32_BIT_CONVERSION = YES;
				GCC_WARN_ABOUT_RETURN_TYPE = YES_ERROR;
				GCC_WARN_UNDECLARED_SELECTOR = YES;
				GCC_WARN_UNINITIALIZED_AUTOS = YES;
				GCC_WARN_UNUSED_FUNCTION = YES;
				GCC_WARN_UNUSED_VARIABLE = YES;
				MACOSX_DEPLOYMENT_TARGET = 10.8;
				ONLY_ACTIVE_ARCH = YES;
				"OTHER_LDFLAGS[arch=*]" = (
					"-lxml2",
					"-lvirgil",
					"-lrestless",
					"-lmbedtls",
				);
				SDKROOT = macosx10.10;
			};
			name = Debug;
		};
		D11174401B67FBEE00DD9A39 /* Release */ = {
			isa = XCBuildConfiguration;
			buildSettings = {
				ALWAYS_SEARCH_USER_PATHS = NO;
				CLANG_CXX_LANGUAGE_STANDARD = "c++0x";
				CLANG_CXX_LIBRARY = "libc++";
				CLANG_ENABLE_OBJC_ARC = YES;
				CLANG_WARN_BOOL_CONVERSION = YES;
				CLANG_WARN_CONSTANT_CONVERSION = YES;
				CLANG_WARN_DIRECT_OBJC_ISA_USAGE = YES_ERROR;
				CLANG_WARN_EMPTY_BODY = YES;
				CLANG_WARN_ENUM_CONVERSION = YES;
				CLANG_WARN_INT_CONVERSION = YES;
				CLANG_WARN_OBJC_ROOT_CLASS = YES_ERROR;
				CLANG_WARN__DUPLICATE_METHOD_MATCH = YES;
				COPY_PHASE_STRIP = YES;
				DEBUG_INFORMATION_FORMAT = "dwarf-with-dsym";
				ENABLE_NS_ASSERTIONS = NO;
				GCC_C_LANGUAGE_STANDARD = gnu99;
				GCC_ENABLE_OBJC_EXCEPTIONS = YES;
				GCC_WARN_64_TO_32_BIT_CONVERSION = YES;
				GCC_WARN_ABOUT_RETURN_TYPE = YES_ERROR;
				GCC_WARN_UNDECLARED_SELECTOR = YES;
				GCC_WARN_UNINITIALIZED_AUTOS = YES;
				GCC_WARN_UNUSED_FUNCTION = YES;
				GCC_WARN_UNUSED_VARIABLE = YES;
				MACOSX_DEPLOYMENT_TARGET = 10.8;
				ONLY_ACTIVE_ARCH = YES;
				"OTHER_LDFLAGS[arch=*]" = (
					"-lcurl",
					"-lxml2",
					"-lvirgil",
					"-lvirgil_sdk_keys",
					"-lrestless",
					"-lmbedtls",
					"-lssl",
					"-lcrypto",
					"-lldap",
					"-lz",
				);
				SDKROOT = macosx10.10;
			};
			name = Release;
		};
		D11174421B67FBEE00DD9A39 /* Debug */ = {
			isa = XCBuildConfiguration;
			buildSettings = {
				ALWAYS_SEARCH_USER_PATHS = YES;
				CLANG_MODULES_AUTOLINK = YES;
				COMBINE_HIDPI_IMAGES = YES;
				CURRENT_PROJECT_VERSION = 1.0.0;
				FRAMEWORK_SEARCH_PATHS = "\"$(SYSTEM_LIBRARY_DIR)/PrivateFrameworks\"";
				GCC_PRECOMPILE_PREFIX_HEADER = YES;
				GCC_PREFIX_HEADER = "VirgilSecurityMail/VirgilSecurityMail-Prefix.pch";
				HEADER_SEARCH_PATHS = (
					"$(inherited)",
					/Applications/Xcode.app/Contents/Developer/Toolchains/XcodeDefault.xctoolchain/usr/include,
					"VirgilSecurityMail/src/MailHeaders/**",
					/usr/include/libxml2,
					"virgil-libs/include",
				);
				INFOPLIST_FILE = "VirgilSecurityMail/VirgilSecurityMail-Info.plist";
				INSTALL_PATH = "$(HOME)/Library/Mail/Bundles";
				LIBRARY_SEARCH_PATHS = (
					/usr/local/lib/,
					/Volumes/Macintosh,
					HD,
					2/usr/local/lib,
				);
				MACOSX_DEPLOYMENT_TARGET = 10.10;
				"OTHER_LDFLAGS[arch=*]" = (
					"-Lvirgil-libs/lib",
					"-lcurl",
					"-lxml2",
					"-lvirgil",
					"-lvirgil_sdk_keys",
					"-lrestless",
					"-lmbedtls",
					"-lssl",
					"-lcrypto",
					"-lldap",
					"-lz",
				);
				PRODUCT_NAME = "$(TARGET_NAME)";
				SDKROOT = macosx10.10;
				VALID_ARCHS = x86_64;
				VERSIONING_SYSTEM = "";
				WRAPPER_EXTENSION = mailbundle;
			};
			name = Debug;
		};
		D11174431B67FBEE00DD9A39 /* Release */ = {
			isa = XCBuildConfiguration;
			buildSettings = {
				ALWAYS_SEARCH_USER_PATHS = YES;
				CLANG_MODULES_AUTOLINK = YES;
				COMBINE_HIDPI_IMAGES = YES;
				CURRENT_PROJECT_VERSION = 1.0.0;
				FRAMEWORK_SEARCH_PATHS = "\"$(SYSTEM_LIBRARY_DIR)/PrivateFrameworks\"";
				GCC_PRECOMPILE_PREFIX_HEADER = YES;
				GCC_PREFIX_HEADER = "VirgilSecurityMail/VirgilSecurityMail-Prefix.pch";
				HEADER_SEARCH_PATHS = (
					"$(inherited)",
					/Applications/Xcode.app/Contents/Developer/Toolchains/XcodeDefault.xctoolchain/usr/include,
					"VirgilSecurityMail/src/MailHeaders/**",
					/usr/include/libxml2,
					"virgil-libs/include",
				);
				INFOPLIST_FILE = "VirgilSecurityMail/VirgilSecurityMail-Info.plist";
				INSTALL_PATH = "$(HOME)/Library/Mail/Bundles";
				LIBRARY_SEARCH_PATHS = (
					/usr/local/lib/,
					/Volumes/Macintosh,
					HD,
					2/usr/local/lib,
				);
				MACOSX_DEPLOYMENT_TARGET = 10.10;
				"OTHER_LDFLAGS[arch=*]" = (
					"-Lvirgil-libs/lib",
					"-lcurl",
					"-lxml2",
					"-lvirgil",
					"-lvirgil_sdk_keys",
					"-lrestless",
					"-lmbedtls",
					"-lssl",
					"-lcrypto",
					"-lldap",
					"-lz",
				);
				PRODUCT_NAME = "$(TARGET_NAME)";
				SDKROOT = macosx10.10;
				VALID_ARCHS = x86_64;
				VERSIONING_SYSTEM = "";
				WRAPPER_EXTENSION = mailbundle;
			};
			name = Release;
		};
/* End XCBuildConfiguration section */

/* Begin XCConfigurationList section */
		D111742E1B67FBEE00DD9A39 /* Build configuration list for PBXProject "VirgilSecurityMail" */ = {
			isa = XCConfigurationList;
			buildConfigurations = (
				D111743F1B67FBEE00DD9A39 /* Debug */,
				D11174401B67FBEE00DD9A39 /* Release */,
			);
			defaultConfigurationIsVisible = 0;
			defaultConfigurationName = Release;
		};
		D11174411B67FBEE00DD9A39 /* Build configuration list for PBXNativeTarget "VirgilSecurityMail" */ = {
			isa = XCConfigurationList;
			buildConfigurations = (
				D11174421B67FBEE00DD9A39 /* Debug */,
				D11174431B67FBEE00DD9A39 /* Release */,
			);
			defaultConfigurationIsVisible = 0;
			defaultConfigurationName = Release;
		};
/* End XCConfigurationList section */
	};
	rootObject = D111742B1B67FBEE00DD9A39 /* Project object */;
}
